// !$*UTF8*$!
{
	archiveVersion = 1;
	classes = {
	};
	objectVersion = 46;
	objects = {

/* Begin PBXBuildFile section */
		A41D523014DEB75E008B50E8 /* ghl_ref_counter.h in Headers */ = {isa = PBXBuildFile; fileRef = A41D522F14DEB75E008B50E8 /* ghl_ref_counter.h */; };
		A41D523314DEB90B008B50E8 /* ghl_ref_counter_impl.h in Headers */ = {isa = PBXBuildFile; fileRef = A41D523214DEB90B008B50E8 /* ghl_ref_counter_impl.h */; };
		A429008A1413948E00429C47 /* ghl_api.h in Headers */ = {isa = PBXBuildFile; fileRef = A429007B1413948E00429C47 /* ghl_api.h */; };
		A429008B1413948E00429C47 /* ghl_application.h in Headers */ = {isa = PBXBuildFile; fileRef = A429007C1413948E00429C47 /* ghl_application.h */; };
		A429008C1413948E00429C47 /* ghl_data_stream.h in Headers */ = {isa = PBXBuildFile; fileRef = A429007D1413948E00429C47 /* ghl_data_stream.h */; };
		A429008D1413948E00429C47 /* ghl_image.h in Headers */ = {isa = PBXBuildFile; fileRef = A429007E1413948E00429C47 /* ghl_image.h */; };
		A429008E1413948E00429C47 /* ghl_image_decoder.h in Headers */ = {isa = PBXBuildFile; fileRef = A429007F1413948E00429C47 /* ghl_image_decoder.h */; };
		A429008F1413948E00429C47 /* ghl_keys.h in Headers */ = {isa = PBXBuildFile; fileRef = A42900801413948E00429C47 /* ghl_keys.h */; };
		A42900901413948E00429C47 /* ghl_render.h in Headers */ = {isa = PBXBuildFile; fileRef = A42900811413948E00429C47 /* ghl_render.h */; };
		A42900911413948E00429C47 /* ghl_render_target.h in Headers */ = {isa = PBXBuildFile; fileRef = A42900821413948E00429C47 /* ghl_render_target.h */; };
		A42900921413948E00429C47 /* ghl_settings.h in Headers */ = {isa = PBXBuildFile; fileRef = A42900831413948E00429C47 /* ghl_settings.h */; };
		A42900931413948E00429C47 /* ghl_shader.h in Headers */ = {isa = PBXBuildFile; fileRef = A42900841413948E00429C47 /* ghl_shader.h */; };
		A42900941413948E00429C47 /* ghl_sound.h in Headers */ = {isa = PBXBuildFile; fileRef = A42900851413948E00429C47 /* ghl_sound.h */; };
		A42900951413948E00429C47 /* ghl_system.h in Headers */ = {isa = PBXBuildFile; fileRef = A42900861413948E00429C47 /* ghl_system.h */; };
		A42900961413948E00429C47 /* ghl_texture.h in Headers */ = {isa = PBXBuildFile; fileRef = A42900871413948E00429C47 /* ghl_texture.h */; };
		A42900971413948E00429C47 /* ghl_types.h in Headers */ = {isa = PBXBuildFile; fileRef = A42900881413948E00429C47 /* ghl_types.h */; };
		A42900981413948E00429C47 /* ghl_vfs.h in Headers */ = {isa = PBXBuildFile; fileRef = A42900891413948E00429C47 /* ghl_vfs.h */; };
		A42900DC1413949B00429C47 /* image_decoders.cpp in Sources */ = {isa = PBXBuildFile; fileRef = A429009C1413949B00429C47 /* image_decoders.cpp */; };
		A42900DD1413949B00429C47 /* image_decoders.h in Headers */ = {isa = PBXBuildFile; fileRef = A429009D1413949B00429C47 /* image_decoders.h */; };
		A42900DE1413949B00429C47 /* image_file_decoder.h in Headers */ = {isa = PBXBuildFile; fileRef = A429009E1413949B00429C47 /* image_file_decoder.h */; };
		A42900DF1413949B00429C47 /* image_impl.cpp in Sources */ = {isa = PBXBuildFile; fileRef = A429009F1413949B00429C47 /* image_impl.cpp */; };
		A42900E01413949B00429C47 /* image_impl.h in Headers */ = {isa = PBXBuildFile; fileRef = A42900A01413949B00429C47 /* image_impl.h */; };
		A42900E11413949B00429C47 /* tga_image_decoder.cpp in Sources */ = {isa = PBXBuildFile; fileRef = A42900A11413949B00429C47 /* tga_image_decoder.cpp */; };
		A42900E21413949B00429C47 /* tga_image_decoder.h in Headers */ = {isa = PBXBuildFile; fileRef = A42900A21413949B00429C47 /* tga_image_decoder.h */; };
		A42900E31413949B00429C47 /* lucida_console_regular_8.cpp in Sources */ = {isa = PBXBuildFile; fileRef = A42900A41413949B00429C47 /* lucida_console_regular_8.cpp */; };
		A42900E41413949B00429C47 /* lucida_console_regular_8.h in Headers */ = {isa = PBXBuildFile; fileRef = A42900A51413949B00429C47 /* lucida_console_regular_8.h */; };
		A42900EC1413949B00429C47 /* render_opengl_base.cpp in Sources */ = {isa = PBXBuildFile; fileRef = A42900AF1413949B00429C47 /* render_opengl_base.cpp */; };
		A42900ED1413949B00429C47 /* render_opengl_base.h in Headers */ = {isa = PBXBuildFile; fileRef = A42900B01413949B00429C47 /* render_opengl_base.h */; };
		A42900EE1413949B00429C47 /* rendertarget_opengl.cpp in Sources */ = {isa = PBXBuildFile; fileRef = A42900B11413949B00429C47 /* rendertarget_opengl.cpp */; };
		A42900EF1413949B00429C47 /* rendertarget_opengl.h in Headers */ = {isa = PBXBuildFile; fileRef = A42900B21413949B00429C47 /* rendertarget_opengl.h */; };
		A42900F01413949B00429C47 /* shader_glsl.cpp in Sources */ = {isa = PBXBuildFile; fileRef = A42900B31413949B00429C47 /* shader_glsl.cpp */; };
		A42900F11413949B00429C47 /* shader_glsl.h in Headers */ = {isa = PBXBuildFile; fileRef = A42900B41413949B00429C47 /* shader_glsl.h */; };
		A42900F21413949B00429C47 /* texture_opengl.cpp in Sources */ = {isa = PBXBuildFile; fileRef = A42900B51413949B00429C47 /* texture_opengl.cpp */; };
		A42900F31413949B00429C47 /* texture_opengl.h in Headers */ = {isa = PBXBuildFile; fileRef = A42900B61413949B00429C47 /* texture_opengl.h */; };
		A42900F41413949B00429C47 /* render_impl.cpp in Sources */ = {isa = PBXBuildFile; fileRef = A42900B71413949B00429C47 /* render_impl.cpp */; };
		A42900F51413949B00429C47 /* render_impl.h in Headers */ = {isa = PBXBuildFile; fileRef = A42900B81413949B00429C47 /* render_impl.h */; };
		A42900F61413949B00429C47 /* rendertarget_impl.h in Headers */ = {isa = PBXBuildFile; fileRef = A42900B91413949B00429C47 /* rendertarget_impl.h */; };
		A42900FC1413949B00429C47 /* ghl_sound_decoder.h in Headers */ = {isa = PBXBuildFile; fileRef = A42900C11413949B00429C47 /* ghl_sound_decoder.h */; };
		A42900FE1413949B00429C47 /* ghl_sound_impl.h in Headers */ = {isa = PBXBuildFile; fileRef = A42900C31413949B00429C47 /* ghl_sound_impl.h */; };
		A42900FF1413949B00429C47 /* ghl_openal.h in Headers */ = {isa = PBXBuildFile; fileRef = A42900C51413949B00429C47 /* ghl_openal.h */; };
		A42901001413949B00429C47 /* ghl_sound_openal.cpp in Sources */ = {isa = PBXBuildFile; fileRef = A42900C61413949B00429C47 /* ghl_sound_openal.cpp */; };
		A42901011413949B00429C47 /* ghl_sound_openal.h in Headers */ = {isa = PBXBuildFile; fileRef = A42900C71413949B00429C47 /* ghl_sound_openal.h */; };
		A42901021413949B00429C47 /* sound_decoders.cpp in Sources */ = {isa = PBXBuildFile; fileRef = A42900C81413949B00429C47 /* sound_decoders.cpp */; };
		A42901031413949B00429C47 /* wav_decoder.cpp in Sources */ = {isa = PBXBuildFile; fileRef = A42900C91413949B00429C47 /* wav_decoder.cpp */; };
		A42901041413949B00429C47 /* wav_decoder.h in Headers */ = {isa = PBXBuildFile; fileRef = A42900CA1413949B00429C47 /* wav_decoder.h */; };
		A42901051413949B00429C47 /* ghl_vfs_factory.cpp in Sources */ = {isa = PBXBuildFile; fileRef = A42900CC1413949B00429C47 /* ghl_vfs_factory.cpp */; };
		A42901061413949B00429C47 /* memory_stream.cpp in Sources */ = {isa = PBXBuildFile; fileRef = A42900CD1413949B00429C47 /* memory_stream.cpp */; };
		A42901071413949B00429C47 /* memory_stream.h in Headers */ = {isa = PBXBuildFile; fileRef = A42900CE1413949B00429C47 /* memory_stream.h */; };
		A42901081413949B00429C47 /* vfs_cocoa.h in Headers */ = {isa = PBXBuildFile; fileRef = A42900CF1413949B00429C47 /* vfs_cocoa.h */; };
		A42901091413949B00429C47 /* vfs_cocoa.mm in Sources */ = {isa = PBXBuildFile; fileRef = A42900D01413949B00429C47 /* vfs_cocoa.mm */; };
		A42901101413949B00429C47 /* winlib_cocoatouch.mm in Sources */ = {isa = PBXBuildFile; fileRef = A42900D81413949B00429C47 /* winlib_cocoatouch.mm */; };
		A436FC5314AE6D2800D53CE4 /* ghl_log.h in Headers */ = {isa = PBXBuildFile; fileRef = A436FC5214AE6D2800D53CE4 /* ghl_log.h */; };
		A436FC5714AE6D3800D53CE4 /* ghl_log_impl.cpp in Sources */ = {isa = PBXBuildFile; fileRef = A436FC5514AE6D3800D53CE4 /* ghl_log_impl.cpp */; };
		A436FC5814AE6D3800D53CE4 /* ghl_log_impl.h in Headers */ = {isa = PBXBuildFile; fileRef = A436FC5614AE6D3800D53CE4 /* ghl_log_impl.h */; };
		A4772A4514169A8B006A9887 /* adler32.c in Sources */ = {isa = PBXBuildFile; fileRef = A4772A3214169A8B006A9887 /* adler32.c */; };
		A4772A4614169A8B006A9887 /* crc32.c in Sources */ = {isa = PBXBuildFile; fileRef = A4772A3314169A8B006A9887 /* crc32.c */; };
		A4772A4714169A8B006A9887 /* crc32.h in Headers */ = {isa = PBXBuildFile; fileRef = A4772A3414169A8B006A9887 /* crc32.h */; };
		A4772A4814169A8B006A9887 /* crypt.h in Headers */ = {isa = PBXBuildFile; fileRef = A4772A3514169A8B006A9887 /* crypt.h */; };
		A4772A4914169A8B006A9887 /* deflate.c in Sources */ = {isa = PBXBuildFile; fileRef = A4772A3614169A8B006A9887 /* deflate.c */; };
		A4772A4A14169A8B006A9887 /* deflate.h in Headers */ = {isa = PBXBuildFile; fileRef = A4772A3714169A8B006A9887 /* deflate.h */; };
		A4772A4B14169A8B006A9887 /* inffast.c in Sources */ = {isa = PBXBuildFile; fileRef = A4772A3814169A8B006A9887 /* inffast.c */; };
		A4772A4C14169A8B006A9887 /* inffast.h in Headers */ = {isa = PBXBuildFile; fileRef = A4772A3914169A8B006A9887 /* inffast.h */; };
		A4772A4D14169A8B006A9887 /* inflate.c in Sources */ = {isa = PBXBuildFile; fileRef = A4772A3A14169A8B006A9887 /* inflate.c */; };
		A4772A4E14169A8B006A9887 /* inflate.h in Headers */ = {isa = PBXBuildFile; fileRef = A4772A3B14169A8B006A9887 /* inflate.h */; };
		A4772A5014169A8B006A9887 /* ioapi.h in Headers */ = {isa = PBXBuildFile; fileRef = A4772A3D14169A8B006A9887 /* ioapi.h */; };
		A4772A5214169A8B006A9887 /* zconf.h in Headers */ = {isa = PBXBuildFile; fileRef = A4772A3F14169A8B006A9887 /* zconf.h */; };
		A4772A5314169A8B006A9887 /* zip.c in Sources */ = {isa = PBXBuildFile; fileRef = A4772A4014169A8B006A9887 /* zip.c */; };
		A4772A5414169A8B006A9887 /* zip.h in Headers */ = {isa = PBXBuildFile; fileRef = A4772A4114169A8B006A9887 /* zip.h */; };
		A4772A5514169A8B006A9887 /* zlib.h in Headers */ = {isa = PBXBuildFile; fileRef = A4772A4214169A8B006A9887 /* zlib.h */; };
		A4772A5614169A8B006A9887 /* zutil.c in Sources */ = {isa = PBXBuildFile; fileRef = A4772A4314169A8B006A9887 /* zutil.c */; };
		A4772A5714169A8B006A9887 /* zutil.h in Headers */ = {isa = PBXBuildFile; fileRef = A4772A4414169A8B006A9887 /* zutil.h */; };
		A4772A6614169B23006A9887 /* inffixed.h in Headers */ = {isa = PBXBuildFile; fileRef = A4772A6314169B23006A9887 /* inffixed.h */; };
		A4772A6714169B23006A9887 /* inftrees.c in Sources */ = {isa = PBXBuildFile; fileRef = A4772A6414169B23006A9887 /* inftrees.c */; };
		A4772A6814169B23006A9887 /* inftrees.h in Headers */ = {isa = PBXBuildFile; fileRef = A4772A6514169B23006A9887 /* inftrees.h */; };
		A4772A7914169C19006A9887 /* pnglibconf.h in Headers */ = {isa = PBXBuildFile; fileRef = A4772A6C14169C19006A9887 /* pnglibconf.h */; };
		A4772A7A14169C19006A9887 /* png.c in Sources */ = {isa = PBXBuildFile; fileRef = A4772A6E14169C19006A9887 /* png.c */; };
		A4772A7B14169C19006A9887 /* png.h in Headers */ = {isa = PBXBuildFile; fileRef = A4772A6F14169C19006A9887 /* png.h */; };
		A4772A7C14169C19006A9887 /* pngconf.h in Headers */ = {isa = PBXBuildFile; fileRef = A4772A7014169C19006A9887 /* pngconf.h */; };
		A4772A7D14169C19006A9887 /* pngdebug.h in Headers */ = {isa = PBXBuildFile; fileRef = A4772A7114169C19006A9887 /* pngdebug.h */; };
		A4772A7E14169C19006A9887 /* pngerror.c in Sources */ = {isa = PBXBuildFile; fileRef = A4772A7214169C19006A9887 /* pngerror.c */; };
		A4772A7F14169C19006A9887 /* pnginfo.h in Headers */ = {isa = PBXBuildFile; fileRef = A4772A7314169C19006A9887 /* pnginfo.h */; };
		A4772A8114169C19006A9887 /* pngpriv.h in Headers */ = {isa = PBXBuildFile; fileRef = A4772A7514169C19006A9887 /* pngpriv.h */; };
		A4772A8214169C19006A9887 /* pngrutil.c in Sources */ = {isa = PBXBuildFile; fileRef = A4772A7614169C19006A9887 /* pngrutil.c */; };
		A4772A8314169C19006A9887 /* pngstruct.h in Headers */ = {isa = PBXBuildFile; fileRef = A4772A7714169C19006A9887 /* pngstruct.h */; };
		A48E3C4E16E67CF4009E2EED /* WinLibCocoaTouchContext.h in Headers */ = {isa = PBXBuildFile; fileRef = A48E3C4C16E67CF4009E2EED /* WinLibCocoaTouchContext.h */; };
		A48E3C4F16E67CF4009E2EED /* WinLibCocoaTouchContext.m in Sources */ = {isa = PBXBuildFile; fileRef = A48E3C4D16E67CF4009E2EED /* WinLibCocoaTouchContext.m */; };
		A48E3C5216E67F27009E2EED /* WinLibCocoaTouchContext2.h in Headers */ = {isa = PBXBuildFile; fileRef = A48E3C5016E67F27009E2EED /* WinLibCocoaTouchContext2.h */; };
		A48E3C5316E67F27009E2EED /* WinLibCocoaTouchContext2.m in Sources */ = {isa = PBXBuildFile; fileRef = A48E3C5116E67F27009E2EED /* WinLibCocoaTouchContext2.m */; };
		A48E3C8816E6A280009E2EED /* render_opengles.cpp in Sources */ = {isa = PBXBuildFile; fileRef = A48E3C8616E6A27F009E2EED /* render_opengles.cpp */; };
		A48E3C8916E6A280009E2EED /* render_opengles.h in Headers */ = {isa = PBXBuildFile; fileRef = A48E3C8716E6A27F009E2EED /* render_opengles.h */; };
		A48E3C8C16E6A35A009E2EED /* gles1_api.cpp in Sources */ = {isa = PBXBuildFile; fileRef = A48E3C8A16E6A358009E2EED /* gles1_api.cpp */; };
		A48E3C8D16E6A35A009E2EED /* gles1_api.h in Headers */ = {isa = PBXBuildFile; fileRef = A48E3C8B16E6A359009E2EED /* gles1_api.h */; };
		A49E9A6815EA3CE90089568B /* ghl_data.h in Headers */ = {isa = PBXBuildFile; fileRef = A49E9A6715EA3CE90089568B /* ghl_data.h */; };
		A49E9A6B15EA3D040089568B /* ghl_data_impl.cpp in Sources */ = {isa = PBXBuildFile; fileRef = A49E9A6915EA3D040089568B /* ghl_data_impl.cpp */; };
		A49E9A6C15EA3D040089568B /* ghl_data_impl.h in Headers */ = {isa = PBXBuildFile; fileRef = A49E9A6A15EA3D040089568B /* ghl_data_impl.h */; };
		A49E9A7315EA3FE20089568B /* pvrtc_image_decoder.cpp in Sources */ = {isa = PBXBuildFile; fileRef = A49E9A7115EA3FE20089568B /* pvrtc_image_decoder.cpp */; };
		A49E9A7415EA3FE20089568B /* pvrtc_image_decoder.h in Headers */ = {isa = PBXBuildFile; fileRef = A49E9A7215EA3FE20089568B /* pvrtc_image_decoder.h */; };
		A4B315B816A49E1C001B6001 /* image_file_decoder.cpp in Sources */ = {isa = PBXBuildFile; fileRef = A4B3157416A49E1C001B6001 /* image_file_decoder.cpp */; };
		A4B315B916A49E1C001B6001 /* ghl_image_config.h in Headers */ = {isa = PBXBuildFile; fileRef = A4B3157516A49E1C001B6001 /* ghl_image_config.h */; };
		A4B315BA16A49E1C001B6001 /* jaricom.c in Sources */ = {isa = PBXBuildFile; fileRef = A4B3157A16A49E1C001B6001 /* jaricom.c */; };
		A4B315BB16A49E1C001B6001 /* jcapimin.c in Sources */ = {isa = PBXBuildFile; fileRef = A4B3157B16A49E1C001B6001 /* jcapimin.c */; };
		A4B315BC16A49E1C001B6001 /* jcapistd.c in Sources */ = {isa = PBXBuildFile; fileRef = A4B3157C16A49E1C001B6001 /* jcapistd.c */; };
		A4B315BD16A49E1C001B6001 /* jcarith.c in Sources */ = {isa = PBXBuildFile; fileRef = A4B3157D16A49E1C001B6001 /* jcarith.c */; };
		A4B315BE16A49E1C001B6001 /* jccoefct.c in Sources */ = {isa = PBXBuildFile; fileRef = A4B3157E16A49E1C001B6001 /* jccoefct.c */; };
		A4B315BF16A49E1C001B6001 /* jccolor.c in Sources */ = {isa = PBXBuildFile; fileRef = A4B3157F16A49E1C001B6001 /* jccolor.c */; };
		A4B315C016A49E1C001B6001 /* jcdctmgr.c in Sources */ = {isa = PBXBuildFile; fileRef = A4B3158016A49E1C001B6001 /* jcdctmgr.c */; };
		A4B315C116A49E1C001B6001 /* jchuff.c in Sources */ = {isa = PBXBuildFile; fileRef = A4B3158116A49E1C001B6001 /* jchuff.c */; };
		A4B315C216A49E1C001B6001 /* jcinit.c in Sources */ = {isa = PBXBuildFile; fileRef = A4B3158216A49E1C001B6001 /* jcinit.c */; };
		A4B315C316A49E1C001B6001 /* jcmainct.c in Sources */ = {isa = PBXBuildFile; fileRef = A4B3158316A49E1C001B6001 /* jcmainct.c */; };
		A4B315C416A49E1C001B6001 /* jcmarker.c in Sources */ = {isa = PBXBuildFile; fileRef = A4B3158416A49E1C001B6001 /* jcmarker.c */; };
		A4B315C516A49E1C001B6001 /* jcmaster.c in Sources */ = {isa = PBXBuildFile; fileRef = A4B3158516A49E1C001B6001 /* jcmaster.c */; };
		A4B315C616A49E1C001B6001 /* jcomapi.c in Sources */ = {isa = PBXBuildFile; fileRef = A4B3158616A49E1C001B6001 /* jcomapi.c */; };
		A4B315C716A49E1C001B6001 /* jconfig.h in Headers */ = {isa = PBXBuildFile; fileRef = A4B3158716A49E1C001B6001 /* jconfig.h */; };
		A4B315C816A49E1C001B6001 /* jcparam.c in Sources */ = {isa = PBXBuildFile; fileRef = A4B3158816A49E1C001B6001 /* jcparam.c */; };
		A4B315C916A49E1C001B6001 /* jcprepct.c in Sources */ = {isa = PBXBuildFile; fileRef = A4B3158916A49E1C001B6001 /* jcprepct.c */; };
		A4B315CA16A49E1C001B6001 /* jcsample.c in Sources */ = {isa = PBXBuildFile; fileRef = A4B3158A16A49E1C001B6001 /* jcsample.c */; };
		A4B315CB16A49E1C001B6001 /* jctrans.c in Sources */ = {isa = PBXBuildFile; fileRef = A4B3158B16A49E1C001B6001 /* jctrans.c */; };
		A4B315CC16A49E1C001B6001 /* jdapimin.c in Sources */ = {isa = PBXBuildFile; fileRef = A4B3158C16A49E1C001B6001 /* jdapimin.c */; };
		A4B315CD16A49E1C001B6001 /* jdapistd.c in Sources */ = {isa = PBXBuildFile; fileRef = A4B3158D16A49E1C001B6001 /* jdapistd.c */; };
		A4B315CE16A49E1C001B6001 /* jdarith.c in Sources */ = {isa = PBXBuildFile; fileRef = A4B3158E16A49E1C001B6001 /* jdarith.c */; };
		A4B315CF16A49E1C001B6001 /* jdatadst.c in Sources */ = {isa = PBXBuildFile; fileRef = A4B3158F16A49E1C001B6001 /* jdatadst.c */; };
		A4B315D016A49E1C001B6001 /* jdatasrc.c in Sources */ = {isa = PBXBuildFile; fileRef = A4B3159016A49E1C001B6001 /* jdatasrc.c */; };
		A4B315D116A49E1C001B6001 /* jdcoefct.c in Sources */ = {isa = PBXBuildFile; fileRef = A4B3159116A49E1C001B6001 /* jdcoefct.c */; };
		A4B315D216A49E1C001B6001 /* jdcolor.c in Sources */ = {isa = PBXBuildFile; fileRef = A4B3159216A49E1C001B6001 /* jdcolor.c */; };
		A4B315D316A49E1C001B6001 /* jdct.h in Headers */ = {isa = PBXBuildFile; fileRef = A4B3159316A49E1C001B6001 /* jdct.h */; };
		A4B315D416A49E1C001B6001 /* jddctmgr.c in Sources */ = {isa = PBXBuildFile; fileRef = A4B3159416A49E1C001B6001 /* jddctmgr.c */; };
		A4B315D516A49E1C001B6001 /* jdhuff.c in Sources */ = {isa = PBXBuildFile; fileRef = A4B3159516A49E1C001B6001 /* jdhuff.c */; };
		A4B315D616A49E1C001B6001 /* jdinput.c in Sources */ = {isa = PBXBuildFile; fileRef = A4B3159616A49E1C001B6001 /* jdinput.c */; };
		A4B315D716A49E1C001B6001 /* jdmainct.c in Sources */ = {isa = PBXBuildFile; fileRef = A4B3159716A49E1C001B6001 /* jdmainct.c */; };
		A4B315D816A49E1C001B6001 /* jdmarker.c in Sources */ = {isa = PBXBuildFile; fileRef = A4B3159816A49E1C001B6001 /* jdmarker.c */; };
		A4B315D916A49E1C001B6001 /* jdmaster.c in Sources */ = {isa = PBXBuildFile; fileRef = A4B3159916A49E1C001B6001 /* jdmaster.c */; };
		A4B315DA16A49E1C001B6001 /* jdmerge.c in Sources */ = {isa = PBXBuildFile; fileRef = A4B3159A16A49E1C001B6001 /* jdmerge.c */; };
		A4B315DB16A49E1C001B6001 /* jdpostct.c in Sources */ = {isa = PBXBuildFile; fileRef = A4B3159B16A49E1C001B6001 /* jdpostct.c */; };
		A4B315DC16A49E1C001B6001 /* jdsample.c in Sources */ = {isa = PBXBuildFile; fileRef = A4B3159C16A49E1C001B6001 /* jdsample.c */; };
		A4B315DD16A49E1C001B6001 /* jdtrans.c in Sources */ = {isa = PBXBuildFile; fileRef = A4B3159D16A49E1C001B6001 /* jdtrans.c */; };
		A4B315DE16A49E1C001B6001 /* jerror.c in Sources */ = {isa = PBXBuildFile; fileRef = A4B3159E16A49E1C001B6001 /* jerror.c */; };
		A4B315DF16A49E1C001B6001 /* jerror.h in Headers */ = {isa = PBXBuildFile; fileRef = A4B3159F16A49E1C001B6001 /* jerror.h */; };
		A4B315E016A49E1C001B6001 /* jfdctflt.c in Sources */ = {isa = PBXBuildFile; fileRef = A4B315A016A49E1C001B6001 /* jfdctflt.c */; };
		A4B315E116A49E1C001B6001 /* jfdctfst.c in Sources */ = {isa = PBXBuildFile; fileRef = A4B315A116A49E1C001B6001 /* jfdctfst.c */; };
		A4B315E216A49E1C001B6001 /* jfdctint.c in Sources */ = {isa = PBXBuildFile; fileRef = A4B315A216A49E1C001B6001 /* jfdctint.c */; };
		A4B315E316A49E1C001B6001 /* jidctflt.c in Sources */ = {isa = PBXBuildFile; fileRef = A4B315A316A49E1C001B6001 /* jidctflt.c */; };
		A4B315E416A49E1C001B6001 /* jidctfst.c in Sources */ = {isa = PBXBuildFile; fileRef = A4B315A416A49E1C001B6001 /* jidctfst.c */; };
		A4B315E516A49E1C001B6001 /* jidctint.c in Sources */ = {isa = PBXBuildFile; fileRef = A4B315A516A49E1C001B6001 /* jidctint.c */; };
		A4B315E616A49E1C001B6001 /* jinclude.h in Headers */ = {isa = PBXBuildFile; fileRef = A4B315A616A49E1C001B6001 /* jinclude.h */; };
		A4B315E716A49E1C001B6001 /* jmemmgr.c in Sources */ = {isa = PBXBuildFile; fileRef = A4B315A716A49E1C001B6001 /* jmemmgr.c */; };
		A4B315E816A49E1C001B6001 /* jmemnobs.c in Sources */ = {isa = PBXBuildFile; fileRef = A4B315A816A49E1C001B6001 /* jmemnobs.c */; };
		A4B315E916A49E1C001B6001 /* jmemsys.h in Headers */ = {isa = PBXBuildFile; fileRef = A4B315A916A49E1C001B6001 /* jmemsys.h */; };
		A4B315EA16A49E1C001B6001 /* jmorecfg.h in Headers */ = {isa = PBXBuildFile; fileRef = A4B315AA16A49E1C001B6001 /* jmorecfg.h */; };
		A4B315EB16A49E1C001B6001 /* jpegint.h in Headers */ = {isa = PBXBuildFile; fileRef = A4B315AB16A49E1C001B6001 /* jpegint.h */; };
		A4B315EC16A49E1C001B6001 /* jpeglib.h in Headers */ = {isa = PBXBuildFile; fileRef = A4B315AC16A49E1C001B6001 /* jpeglib.h */; };
		A4B315ED16A49E1C001B6001 /* jquant1.c in Sources */ = {isa = PBXBuildFile; fileRef = A4B315AD16A49E1C001B6001 /* jquant1.c */; };
		A4B315EE16A49E1C001B6001 /* jquant2.c in Sources */ = {isa = PBXBuildFile; fileRef = A4B315AE16A49E1C001B6001 /* jquant2.c */; };
		A4B315EF16A49E1C001B6001 /* jutils.c in Sources */ = {isa = PBXBuildFile; fileRef = A4B315AF16A49E1C001B6001 /* jutils.c */; };
		A4B315F016A49E1C001B6001 /* jversion.h in Headers */ = {isa = PBXBuildFile; fileRef = A4B315B016A49E1C001B6001 /* jversion.h */; };
		A4B315F116A49E1C001B6001 /* transupp.c in Sources */ = {isa = PBXBuildFile; fileRef = A4B315B416A49E1C001B6001 /* transupp.c */; };
		A4B315F216A49E1C001B6001 /* transupp.h in Headers */ = {isa = PBXBuildFile; fileRef = A4B315B516A49E1C001B6001 /* transupp.h */; };
		A4B315F316A49E1C001B6001 /* jpeg_image_decoder.cpp in Sources */ = {isa = PBXBuildFile; fileRef = A4B315B616A49E1C001B6001 /* jpeg_image_decoder.cpp */; };
		A4B315F416A49E1C001B6001 /* jpeg_image_decoder.h in Headers */ = {isa = PBXBuildFile; fileRef = A4B315B716A49E1C001B6001 /* jpeg_image_decoder.h */; };
		A4B3160516A49F8A001B6001 /* buffer_impl.cpp in Sources */ = {isa = PBXBuildFile; fileRef = A4B315FE16A49F8A001B6001 /* buffer_impl.cpp */; };
		A4B3160616A49F8A001B6001 /* buffer_impl.h in Headers */ = {isa = PBXBuildFile; fileRef = A4B315FF16A49F8A001B6001 /* buffer_impl.h */; };
		A4B3160716A49F8A001B6001 /* texture_impl.h in Headers */ = {isa = PBXBuildFile; fileRef = A4B3160016A49F8A001B6001 /* texture_impl.h */; };
		A4B3160816A49F8A001B6001 /* rendertarget_impl.cpp in Sources */ = {isa = PBXBuildFile; fileRef = A4B3160116A49F8A001B6001 /* rendertarget_impl.cpp */; };
		A4B3160916A49F8A001B6001 /* shader_impl.cpp in Sources */ = {isa = PBXBuildFile; fileRef = A4B3160216A49F8A001B6001 /* shader_impl.cpp */; };
		A4B3160A16A49F8A001B6001 /* shader_impl.h in Headers */ = {isa = PBXBuildFile; fileRef = A4B3160316A49F8A001B6001 /* shader_impl.h */; };
		A4B3160B16A49F8A001B6001 /* texture_impl.cpp in Sources */ = {isa = PBXBuildFile; fileRef = A4B3160416A49F8A001B6001 /* texture_impl.cpp */; };
		A4B3161116A49FAB001B6001 /* buffers_opengl.cpp in Sources */ = {isa = PBXBuildFile; fileRef = A4B3160C16A49FAB001B6001 /* buffers_opengl.cpp */; };
		A4B3161216A49FAB001B6001 /* buffers_opengl.h in Headers */ = {isa = PBXBuildFile; fileRef = A4B3160D16A49FAB001B6001 /* buffers_opengl.h */; };
		A4B3161316A49FAB001B6001 /* glsl_generator.cpp in Sources */ = {isa = PBXBuildFile; fileRef = A4B3160E16A49FAB001B6001 /* glsl_generator.cpp */; };
		A4B3161416A49FAB001B6001 /* glsl_generator.h in Headers */ = {isa = PBXBuildFile; fileRef = A4B3160F16A49FAB001B6001 /* glsl_generator.h */; };
		A4B3161D16A4A00C001B6001 /* pfpl_cache.cpp in Sources */ = {isa = PBXBuildFile; fileRef = A4B3161716A4A00C001B6001 /* pfpl_cache.cpp */; };
		A4B3161E16A4A00C001B6001 /* pfpl_cache.h in Headers */ = {isa = PBXBuildFile; fileRef = A4B3161816A4A00C001B6001 /* pfpl_cache.h */; };
		A4B3161F16A4A00C001B6001 /* pfpl_render.cpp in Sources */ = {isa = PBXBuildFile; fileRef = A4B3161916A4A00C001B6001 /* pfpl_render.cpp */; };
		A4B3162016A4A00C001B6001 /* pfpl_render.h in Headers */ = {isa = PBXBuildFile; fileRef = A4B3161A16A4A00C001B6001 /* pfpl_render.h */; };
		A4B3162116A4A00C001B6001 /* pfpl_state.cpp in Sources */ = {isa = PBXBuildFile; fileRef = A4B3161B16A4A00C001B6001 /* pfpl_state.cpp */; };
		A4B3162216A4A00C001B6001 /* pfpl_state.h in Headers */ = {isa = PBXBuildFile; fileRef = A4B3161C16A4A00C001B6001 /* pfpl_state.h */; };
		A4EDFDC714169DCD00ED0DC0 /* png_image_decoder.cpp in Sources */ = {isa = PBXBuildFile; fileRef = A4EDFDC514169DCD00ED0DC0 /* png_image_decoder.cpp */; };
		A4EDFDC814169DCD00ED0DC0 /* png_image_decoder.h in Headers */ = {isa = PBXBuildFile; fileRef = A4EDFDC614169DCD00ED0DC0 /* png_image_decoder.h */; };
		A4EDFEC91416B14B00ED0DC0 /* pngread.c in Sources */ = {isa = PBXBuildFile; fileRef = A4EDFEC81416B14B00ED0DC0 /* pngread.c */; };
		A4EDFECF1416B1C300ED0DC0 /* pngset.c in Sources */ = {isa = PBXBuildFile; fileRef = A4EDFECE1416B1C300ED0DC0 /* pngset.c */; };
		A4EDFED51416B20700ED0DC0 /* pngmem.c in Sources */ = {isa = PBXBuildFile; fileRef = A4EDFED41416B20700ED0DC0 /* pngmem.c */; };
		A4EDFEDB1416B24900ED0DC0 /* pngtrans.c in Sources */ = {isa = PBXBuildFile; fileRef = A4EDFEDA1416B24900ED0DC0 /* pngtrans.c */; };
		A4EDFEE21416B28300ED0DC0 /* pngrio.c in Sources */ = {isa = PBXBuildFile; fileRef = A4EDFEE01416B28300ED0DC0 /* pngrio.c */; };
		A4EDFEF21416B32C00ED0DC0 /* pngwio.c in Sources */ = {isa = PBXBuildFile; fileRef = A4EDFEEE1416B32C00ED0DC0 /* pngwio.c */; };
		A4EDFEF31416B32C00ED0DC0 /* pngwrite.c in Sources */ = {isa = PBXBuildFile; fileRef = A4EDFEEF1416B32C00ED0DC0 /* pngwrite.c */; };
		A4EDFEF41416B32C00ED0DC0 /* pngwtran.c in Sources */ = {isa = PBXBuildFile; fileRef = A4EDFEF01416B32C00ED0DC0 /* pngwtran.c */; };
		A4EDFEF51416B32C00ED0DC0 /* pngwutil.c in Sources */ = {isa = PBXBuildFile; fileRef = A4EDFEF11416B32C00ED0DC0 /* pngwutil.c */; };
		A4EDFF011416B3EE00ED0DC0 /* pngget.c in Sources */ = {isa = PBXBuildFile; fileRef = A4EDFF001416B3EE00ED0DC0 /* pngget.c */; };
		A4EDFF071416B45400ED0DC0 /* pngrtran.c in Sources */ = {isa = PBXBuildFile; fileRef = A4EDFF061416B45400ED0DC0 /* pngrtran.c */; };
		A4EDFF111416B4E100ED0DC0 /* pngpread.c in Sources */ = {isa = PBXBuildFile; fileRef = A4EDFF101416B4E100ED0DC0 /* pngpread.c */; };
		A4FAE273161347ED00D7E055 /* ghl_sound_cocoa.cpp in Sources */ = {isa = PBXBuildFile; fileRef = A4FAE271161347ED00D7E055 /* ghl_sound_cocoa.cpp */; };
		A4FAE274161347ED00D7E055 /* ghl_sound_cocoa.h in Headers */ = {isa = PBXBuildFile; fileRef = A4FAE272161347ED00D7E055 /* ghl_sound_cocoa.h */; };
		AACBBE4A0F95108600F1A2B1 /* Foundation.framework in Frameworks */ = {isa = PBXBuildFile; fileRef = AACBBE490F95108600F1A2B1 /* Foundation.framework */; };
/* End PBXBuildFile section */

/* Begin PBXFileReference section */
		A41D522F14DEB75E008B50E8 /* ghl_ref_counter.h */ = {isa = PBXFileReference; fileEncoding = 4; lastKnownFileType = sourcecode.c.h; path = ghl_ref_counter.h; sourceTree = "<group>"; };
		A41D523214DEB90B008B50E8 /* ghl_ref_counter_impl.h */ = {isa = PBXFileReference; fileEncoding = 4; lastKnownFileType = sourcecode.c.h; path = ghl_ref_counter_impl.h; sourceTree = "<group>"; };
		A429007B1413948E00429C47 /* ghl_api.h */ = {isa = PBXFileReference; fileEncoding = 4; lastKnownFileType = sourcecode.c.h; path = ghl_api.h; sourceTree = "<group>"; };
		A429007C1413948E00429C47 /* ghl_application.h */ = {isa = PBXFileReference; fileEncoding = 4; lastKnownFileType = sourcecode.c.h; path = ghl_application.h; sourceTree = "<group>"; };
		A429007D1413948E00429C47 /* ghl_data_stream.h */ = {isa = PBXFileReference; fileEncoding = 4; lastKnownFileType = sourcecode.c.h; path = ghl_data_stream.h; sourceTree = "<group>"; };
		A429007E1413948E00429C47 /* ghl_image.h */ = {isa = PBXFileReference; fileEncoding = 4; lastKnownFileType = sourcecode.c.h; path = ghl_image.h; sourceTree = "<group>"; };
		A429007F1413948E00429C47 /* ghl_image_decoder.h */ = {isa = PBXFileReference; fileEncoding = 4; lastKnownFileType = sourcecode.c.h; path = ghl_image_decoder.h; sourceTree = "<group>"; };
		A42900801413948E00429C47 /* ghl_keys.h */ = {isa = PBXFileReference; fileEncoding = 4; lastKnownFileType = sourcecode.c.h; path = ghl_keys.h; sourceTree = "<group>"; };
		A42900811413948E00429C47 /* ghl_render.h */ = {isa = PBXFileReference; fileEncoding = 4; lastKnownFileType = sourcecode.c.h; path = ghl_render.h; sourceTree = "<group>"; };
		A42900821413948E00429C47 /* ghl_render_target.h */ = {isa = PBXFileReference; fileEncoding = 4; lastKnownFileType = sourcecode.c.h; path = ghl_render_target.h; sourceTree = "<group>"; };
		A42900831413948E00429C47 /* ghl_settings.h */ = {isa = PBXFileReference; fileEncoding = 4; lastKnownFileType = sourcecode.c.h; path = ghl_settings.h; sourceTree = "<group>"; };
		A42900841413948E00429C47 /* ghl_shader.h */ = {isa = PBXFileReference; fileEncoding = 4; lastKnownFileType = sourcecode.c.h; path = ghl_shader.h; sourceTree = "<group>"; };
		A42900851413948E00429C47 /* ghl_sound.h */ = {isa = PBXFileReference; fileEncoding = 4; lastKnownFileType = sourcecode.c.h; path = ghl_sound.h; sourceTree = "<group>"; };
		A42900861413948E00429C47 /* ghl_system.h */ = {isa = PBXFileReference; fileEncoding = 4; lastKnownFileType = sourcecode.c.h; path = ghl_system.h; sourceTree = "<group>"; };
		A42900871413948E00429C47 /* ghl_texture.h */ = {isa = PBXFileReference; fileEncoding = 4; lastKnownFileType = sourcecode.c.h; path = ghl_texture.h; sourceTree = "<group>"; };
		A42900881413948E00429C47 /* ghl_types.h */ = {isa = PBXFileReference; fileEncoding = 4; lastKnownFileType = sourcecode.c.h; path = ghl_types.h; sourceTree = "<group>"; };
		A42900891413948E00429C47 /* ghl_vfs.h */ = {isa = PBXFileReference; fileEncoding = 4; lastKnownFileType = sourcecode.c.h; path = ghl_vfs.h; sourceTree = "<group>"; };
		A429009C1413949B00429C47 /* image_decoders.cpp */ = {isa = PBXFileReference; fileEncoding = 4; lastKnownFileType = sourcecode.cpp.cpp; path = image_decoders.cpp; sourceTree = "<group>"; };
		A429009D1413949B00429C47 /* image_decoders.h */ = {isa = PBXFileReference; fileEncoding = 4; lastKnownFileType = sourcecode.c.h; path = image_decoders.h; sourceTree = "<group>"; };
		A429009E1413949B00429C47 /* image_file_decoder.h */ = {isa = PBXFileReference; fileEncoding = 4; lastKnownFileType = sourcecode.c.h; path = image_file_decoder.h; sourceTree = "<group>"; };
		A429009F1413949B00429C47 /* image_impl.cpp */ = {isa = PBXFileReference; fileEncoding = 4; lastKnownFileType = sourcecode.cpp.cpp; path = image_impl.cpp; sourceTree = "<group>"; };
		A42900A01413949B00429C47 /* image_impl.h */ = {isa = PBXFileReference; fileEncoding = 4; lastKnownFileType = sourcecode.c.h; path = image_impl.h; sourceTree = "<group>"; };
		A42900A11413949B00429C47 /* tga_image_decoder.cpp */ = {isa = PBXFileReference; fileEncoding = 4; lastKnownFileType = sourcecode.cpp.cpp; path = tga_image_decoder.cpp; sourceTree = "<group>"; };
		A42900A21413949B00429C47 /* tga_image_decoder.h */ = {isa = PBXFileReference; fileEncoding = 4; lastKnownFileType = sourcecode.c.h; path = tga_image_decoder.h; sourceTree = "<group>"; };
		A42900A41413949B00429C47 /* lucida_console_regular_8.cpp */ = {isa = PBXFileReference; fileEncoding = 4; lastKnownFileType = sourcecode.cpp.cpp; path = lucida_console_regular_8.cpp; sourceTree = "<group>"; };
		A42900A51413949B00429C47 /* lucida_console_regular_8.h */ = {isa = PBXFileReference; fileEncoding = 4; lastKnownFileType = sourcecode.c.h; path = lucida_console_regular_8.h; sourceTree = "<group>"; };
		A42900AF1413949B00429C47 /* render_opengl_base.cpp */ = {isa = PBXFileReference; fileEncoding = 4; lastKnownFileType = sourcecode.cpp.cpp; path = render_opengl_base.cpp; sourceTree = "<group>"; };
		A42900B01413949B00429C47 /* render_opengl_base.h */ = {isa = PBXFileReference; fileEncoding = 4; lastKnownFileType = sourcecode.c.h; path = render_opengl_base.h; sourceTree = "<group>"; };
		A42900B11413949B00429C47 /* rendertarget_opengl.cpp */ = {isa = PBXFileReference; fileEncoding = 4; lastKnownFileType = sourcecode.cpp.cpp; path = rendertarget_opengl.cpp; sourceTree = "<group>"; };
		A42900B21413949B00429C47 /* rendertarget_opengl.h */ = {isa = PBXFileReference; fileEncoding = 4; lastKnownFileType = sourcecode.c.h; path = rendertarget_opengl.h; sourceTree = "<group>"; };
		A42900B31413949B00429C47 /* shader_glsl.cpp */ = {isa = PBXFileReference; fileEncoding = 4; lastKnownFileType = sourcecode.cpp.cpp; path = shader_glsl.cpp; sourceTree = "<group>"; };
		A42900B41413949B00429C47 /* shader_glsl.h */ = {isa = PBXFileReference; fileEncoding = 4; lastKnownFileType = sourcecode.c.h; path = shader_glsl.h; sourceTree = "<group>"; };
		A42900B51413949B00429C47 /* texture_opengl.cpp */ = {isa = PBXFileReference; fileEncoding = 4; lastKnownFileType = sourcecode.cpp.cpp; path = texture_opengl.cpp; sourceTree = "<group>"; };
		A42900B61413949B00429C47 /* texture_opengl.h */ = {isa = PBXFileReference; fileEncoding = 4; lastKnownFileType = sourcecode.c.h; path = texture_opengl.h; sourceTree = "<group>"; };
		A42900B71413949B00429C47 /* render_impl.cpp */ = {isa = PBXFileReference; fileEncoding = 4; lastKnownFileType = sourcecode.cpp.cpp; path = render_impl.cpp; sourceTree = "<group>"; };
		A42900B81413949B00429C47 /* render_impl.h */ = {isa = PBXFileReference; fileEncoding = 4; lastKnownFileType = sourcecode.c.h; path = render_impl.h; sourceTree = "<group>"; };
		A42900B91413949B00429C47 /* rendertarget_impl.h */ = {isa = PBXFileReference; fileEncoding = 4; lastKnownFileType = sourcecode.c.h; path = rendertarget_impl.h; sourceTree = "<group>"; };
		A42900C11413949B00429C47 /* ghl_sound_decoder.h */ = {isa = PBXFileReference; fileEncoding = 4; lastKnownFileType = sourcecode.c.h; path = ghl_sound_decoder.h; sourceTree = "<group>"; };
		A42900C31413949B00429C47 /* ghl_sound_impl.h */ = {isa = PBXFileReference; fileEncoding = 4; lastKnownFileType = sourcecode.c.h; path = ghl_sound_impl.h; sourceTree = "<group>"; };
		A42900C51413949B00429C47 /* ghl_openal.h */ = {isa = PBXFileReference; fileEncoding = 4; lastKnownFileType = sourcecode.c.h; path = ghl_openal.h; sourceTree = "<group>"; };
		A42900C61413949B00429C47 /* ghl_sound_openal.cpp */ = {isa = PBXFileReference; fileEncoding = 4; lastKnownFileType = sourcecode.cpp.cpp; path = ghl_sound_openal.cpp; sourceTree = "<group>"; };
		A42900C71413949B00429C47 /* ghl_sound_openal.h */ = {isa = PBXFileReference; fileEncoding = 4; lastKnownFileType = sourcecode.c.h; path = ghl_sound_openal.h; sourceTree = "<group>"; };
		A42900C81413949B00429C47 /* sound_decoders.cpp */ = {isa = PBXFileReference; fileEncoding = 4; lastKnownFileType = sourcecode.cpp.cpp; path = sound_decoders.cpp; sourceTree = "<group>"; };
		A42900C91413949B00429C47 /* wav_decoder.cpp */ = {isa = PBXFileReference; fileEncoding = 4; lastKnownFileType = sourcecode.cpp.cpp; path = wav_decoder.cpp; sourceTree = "<group>"; };
		A42900CA1413949B00429C47 /* wav_decoder.h */ = {isa = PBXFileReference; fileEncoding = 4; lastKnownFileType = sourcecode.c.h; path = wav_decoder.h; sourceTree = "<group>"; };
		A42900CC1413949B00429C47 /* ghl_vfs_factory.cpp */ = {isa = PBXFileReference; fileEncoding = 4; lastKnownFileType = sourcecode.cpp.cpp; path = ghl_vfs_factory.cpp; sourceTree = "<group>"; };
		A42900CD1413949B00429C47 /* memory_stream.cpp */ = {isa = PBXFileReference; fileEncoding = 4; lastKnownFileType = sourcecode.cpp.cpp; path = memory_stream.cpp; sourceTree = "<group>"; };
		A42900CE1413949B00429C47 /* memory_stream.h */ = {isa = PBXFileReference; fileEncoding = 4; lastKnownFileType = sourcecode.c.h; path = memory_stream.h; sourceTree = "<group>"; };
		A42900CF1413949B00429C47 /* vfs_cocoa.h */ = {isa = PBXFileReference; fileEncoding = 4; lastKnownFileType = sourcecode.c.h; path = vfs_cocoa.h; sourceTree = "<group>"; };
		A42900D01413949B00429C47 /* vfs_cocoa.mm */ = {isa = PBXFileReference; fileEncoding = 4; lastKnownFileType = sourcecode.cpp.objcpp; path = vfs_cocoa.mm; sourceTree = "<group>"; };
		A42900D81413949B00429C47 /* winlib_cocoatouch.mm */ = {isa = PBXFileReference; fileEncoding = 4; lastKnownFileType = sourcecode.cpp.objcpp; path = winlib_cocoatouch.mm; sourceTree = "<group>"; };
		A436FC5214AE6D2800D53CE4 /* ghl_log.h */ = {isa = PBXFileReference; fileEncoding = 4; lastKnownFileType = sourcecode.c.h; path = ghl_log.h; sourceTree = "<group>"; };
		A436FC5514AE6D3800D53CE4 /* ghl_log_impl.cpp */ = {isa = PBXFileReference; fileEncoding = 4; lastKnownFileType = sourcecode.cpp.cpp; path = ghl_log_impl.cpp; sourceTree = "<group>"; };
		A436FC5614AE6D3800D53CE4 /* ghl_log_impl.h */ = {isa = PBXFileReference; fileEncoding = 4; lastKnownFileType = sourcecode.c.h; path = ghl_log_impl.h; sourceTree = "<group>"; };
		A4772A3214169A8B006A9887 /* adler32.c */ = {isa = PBXFileReference; fileEncoding = 4; lastKnownFileType = sourcecode.c.c; path = adler32.c; sourceTree = "<group>"; };
		A4772A3314169A8B006A9887 /* crc32.c */ = {isa = PBXFileReference; fileEncoding = 4; lastKnownFileType = sourcecode.c.c; path = crc32.c; sourceTree = "<group>"; };
		A4772A3414169A8B006A9887 /* crc32.h */ = {isa = PBXFileReference; fileEncoding = 4; lastKnownFileType = sourcecode.c.h; path = crc32.h; sourceTree = "<group>"; };
		A4772A3514169A8B006A9887 /* crypt.h */ = {isa = PBXFileReference; fileEncoding = 4; lastKnownFileType = sourcecode.c.h; path = crypt.h; sourceTree = "<group>"; };
		A4772A3614169A8B006A9887 /* deflate.c */ = {isa = PBXFileReference; fileEncoding = 4; lastKnownFileType = sourcecode.c.c; path = deflate.c; sourceTree = "<group>"; };
		A4772A3714169A8B006A9887 /* deflate.h */ = {isa = PBXFileReference; fileEncoding = 4; lastKnownFileType = sourcecode.c.h; path = deflate.h; sourceTree = "<group>"; };
		A4772A3814169A8B006A9887 /* inffast.c */ = {isa = PBXFileReference; fileEncoding = 4; lastKnownFileType = sourcecode.c.c; path = inffast.c; sourceTree = "<group>"; };
		A4772A3914169A8B006A9887 /* inffast.h */ = {isa = PBXFileReference; fileEncoding = 4; lastKnownFileType = sourcecode.c.h; path = inffast.h; sourceTree = "<group>"; };
		A4772A3A14169A8B006A9887 /* inflate.c */ = {isa = PBXFileReference; fileEncoding = 4; lastKnownFileType = sourcecode.c.c; path = inflate.c; sourceTree = "<group>"; };
		A4772A3B14169A8B006A9887 /* inflate.h */ = {isa = PBXFileReference; fileEncoding = 4; lastKnownFileType = sourcecode.c.h; path = inflate.h; sourceTree = "<group>"; };
		A4772A3D14169A8B006A9887 /* ioapi.h */ = {isa = PBXFileReference; fileEncoding = 4; lastKnownFileType = sourcecode.c.h; path = ioapi.h; sourceTree = "<group>"; };
		A4772A3F14169A8B006A9887 /* zconf.h */ = {isa = PBXFileReference; fileEncoding = 4; lastKnownFileType = sourcecode.c.h; path = zconf.h; sourceTree = "<group>"; };
		A4772A4014169A8B006A9887 /* zip.c */ = {isa = PBXFileReference; fileEncoding = 4; lastKnownFileType = sourcecode.c.c; path = zip.c; sourceTree = "<group>"; };
		A4772A4114169A8B006A9887 /* zip.h */ = {isa = PBXFileReference; fileEncoding = 4; lastKnownFileType = sourcecode.c.h; path = zip.h; sourceTree = "<group>"; };
		A4772A4214169A8B006A9887 /* zlib.h */ = {isa = PBXFileReference; fileEncoding = 4; lastKnownFileType = sourcecode.c.h; path = zlib.h; sourceTree = "<group>"; };
		A4772A4314169A8B006A9887 /* zutil.c */ = {isa = PBXFileReference; fileEncoding = 4; lastKnownFileType = sourcecode.c.c; path = zutil.c; sourceTree = "<group>"; };
		A4772A4414169A8B006A9887 /* zutil.h */ = {isa = PBXFileReference; fileEncoding = 4; lastKnownFileType = sourcecode.c.h; path = zutil.h; sourceTree = "<group>"; };
		A4772A6314169B23006A9887 /* inffixed.h */ = {isa = PBXFileReference; fileEncoding = 4; lastKnownFileType = sourcecode.c.h; path = inffixed.h; sourceTree = "<group>"; };
		A4772A6414169B23006A9887 /* inftrees.c */ = {isa = PBXFileReference; fileEncoding = 4; lastKnownFileType = sourcecode.c.c; path = inftrees.c; sourceTree = "<group>"; };
		A4772A6514169B23006A9887 /* inftrees.h */ = {isa = PBXFileReference; fileEncoding = 4; lastKnownFileType = sourcecode.c.h; path = inftrees.h; sourceTree = "<group>"; };
		A4772A6C14169C19006A9887 /* pnglibconf.h */ = {isa = PBXFileReference; fileEncoding = 4; lastKnownFileType = sourcecode.c.h; path = pnglibconf.h; sourceTree = "<group>"; };
		A4772A6E14169C19006A9887 /* png.c */ = {isa = PBXFileReference; fileEncoding = 4; lastKnownFileType = sourcecode.c.c; path = png.c; sourceTree = "<group>"; };
		A4772A6F14169C19006A9887 /* png.h */ = {isa = PBXFileReference; fileEncoding = 4; lastKnownFileType = sourcecode.c.h; path = png.h; sourceTree = "<group>"; };
		A4772A7014169C19006A9887 /* pngconf.h */ = {isa = PBXFileReference; fileEncoding = 4; lastKnownFileType = sourcecode.c.h; path = pngconf.h; sourceTree = "<group>"; };
		A4772A7114169C19006A9887 /* pngdebug.h */ = {isa = PBXFileReference; fileEncoding = 4; lastKnownFileType = sourcecode.c.h; path = pngdebug.h; sourceTree = "<group>"; };
		A4772A7214169C19006A9887 /* pngerror.c */ = {isa = PBXFileReference; fileEncoding = 4; lastKnownFileType = sourcecode.c.c; path = pngerror.c; sourceTree = "<group>"; };
		A4772A7314169C19006A9887 /* pnginfo.h */ = {isa = PBXFileReference; fileEncoding = 4; lastKnownFileType = sourcecode.c.h; path = pnginfo.h; sourceTree = "<group>"; };
		A4772A7514169C19006A9887 /* pngpriv.h */ = {isa = PBXFileReference; fileEncoding = 4; lastKnownFileType = sourcecode.c.h; path = pngpriv.h; sourceTree = "<group>"; };
		A4772A7614169C19006A9887 /* pngrutil.c */ = {isa = PBXFileReference; fileEncoding = 4; lastKnownFileType = sourcecode.c.c; path = pngrutil.c; sourceTree = "<group>"; };
		A4772A7714169C19006A9887 /* pngstruct.h */ = {isa = PBXFileReference; fileEncoding = 4; lastKnownFileType = sourcecode.c.h; path = pngstruct.h; sourceTree = "<group>"; };
		A48E3C4C16E67CF4009E2EED /* WinLibCocoaTouchContext.h */ = {isa = PBXFileReference; fileEncoding = 4; lastKnownFileType = sourcecode.c.h; path = WinLibCocoaTouchContext.h; sourceTree = "<group>"; };
		A48E3C4D16E67CF4009E2EED /* WinLibCocoaTouchContext.m */ = {isa = PBXFileReference; fileEncoding = 4; lastKnownFileType = sourcecode.c.objc; path = WinLibCocoaTouchContext.m; sourceTree = "<group>"; };
		A48E3C5016E67F27009E2EED /* WinLibCocoaTouchContext2.h */ = {isa = PBXFileReference; fileEncoding = 4; lastKnownFileType = sourcecode.c.h; path = WinLibCocoaTouchContext2.h; sourceTree = "<group>"; };
		A48E3C5116E67F27009E2EED /* WinLibCocoaTouchContext2.m */ = {isa = PBXFileReference; fileEncoding = 4; lastKnownFileType = sourcecode.c.objc; path = WinLibCocoaTouchContext2.m; sourceTree = "<group>"; };
		A48E3C8516E6A174009E2EED /* render_opengl_api.h */ = {isa = PBXFileReference; lastKnownFileType = sourcecode.c.h; path = render_opengl_api.h; sourceTree = "<group>"; };
		A48E3C8616E6A27F009E2EED /* render_opengles.cpp */ = {isa = PBXFileReference; fileEncoding = 4; lastKnownFileType = sourcecode.cpp.cpp; path = render_opengles.cpp; sourceTree = "<group>"; };
		A48E3C8716E6A27F009E2EED /* render_opengles.h */ = {isa = PBXFileReference; fileEncoding = 4; lastKnownFileType = sourcecode.c.h; path = render_opengles.h; sourceTree = "<group>"; };
		A48E3C8A16E6A358009E2EED /* gles1_api.cpp */ = {isa = PBXFileReference; fileEncoding = 4; lastKnownFileType = sourcecode.cpp.cpp; path = gles1_api.cpp; sourceTree = "<group>"; };
		A48E3C8B16E6A359009E2EED /* gles1_api.h */ = {isa = PBXFileReference; fileEncoding = 4; lastKnownFileType = sourcecode.c.h; path = gles1_api.h; sourceTree = "<group>"; };
		A49E9A6715EA3CE90089568B /* ghl_data.h */ = {isa = PBXFileReference; fileEncoding = 4; lastKnownFileType = sourcecode.c.h; path = ghl_data.h; sourceTree = "<group>"; };
		A49E9A6915EA3D040089568B /* ghl_data_impl.cpp */ = {isa = PBXFileReference; fileEncoding = 4; lastKnownFileType = sourcecode.cpp.cpp; path = ghl_data_impl.cpp; sourceTree = "<group>"; };
		A49E9A6A15EA3D040089568B /* ghl_data_impl.h */ = {isa = PBXFileReference; fileEncoding = 4; lastKnownFileType = sourcecode.c.h; path = ghl_data_impl.h; sourceTree = "<group>"; };
		A49E9A7115EA3FE20089568B /* pvrtc_image_decoder.cpp */ = {isa = PBXFileReference; fileEncoding = 4; lastKnownFileType = sourcecode.cpp.cpp; path = pvrtc_image_decoder.cpp; sourceTree = "<group>"; };
		A49E9A7215EA3FE20089568B /* pvrtc_image_decoder.h */ = {isa = PBXFileReference; fileEncoding = 4; lastKnownFileType = sourcecode.c.h; path = pvrtc_image_decoder.h; sourceTree = "<group>"; };
		A4B3157416A49E1C001B6001 /* image_file_decoder.cpp */ = {isa = PBXFileReference; fileEncoding = 4; lastKnownFileType = sourcecode.cpp.cpp; path = image_file_decoder.cpp; sourceTree = "<group>"; };
		A4B3157516A49E1C001B6001 /* ghl_image_config.h */ = {isa = PBXFileReference; fileEncoding = 4; lastKnownFileType = sourcecode.c.h; path = ghl_image_config.h; sourceTree = "<group>"; };
		A4B3157A16A49E1C001B6001 /* jaricom.c */ = {isa = PBXFileReference; fileEncoding = 4; lastKnownFileType = sourcecode.c.c; path = jaricom.c; sourceTree = "<group>"; };
		A4B3157B16A49E1C001B6001 /* jcapimin.c */ = {isa = PBXFileReference; fileEncoding = 4; lastKnownFileType = sourcecode.c.c; path = jcapimin.c; sourceTree = "<group>"; };
		A4B3157C16A49E1C001B6001 /* jcapistd.c */ = {isa = PBXFileReference; fileEncoding = 4; lastKnownFileType = sourcecode.c.c; path = jcapistd.c; sourceTree = "<group>"; };
		A4B3157D16A49E1C001B6001 /* jcarith.c */ = {isa = PBXFileReference; fileEncoding = 4; lastKnownFileType = sourcecode.c.c; path = jcarith.c; sourceTree = "<group>"; };
		A4B3157E16A49E1C001B6001 /* jccoefct.c */ = {isa = PBXFileReference; fileEncoding = 4; lastKnownFileType = sourcecode.c.c; path = jccoefct.c; sourceTree = "<group>"; };
		A4B3157F16A49E1C001B6001 /* jccolor.c */ = {isa = PBXFileReference; fileEncoding = 4; lastKnownFileType = sourcecode.c.c; path = jccolor.c; sourceTree = "<group>"; };
		A4B3158016A49E1C001B6001 /* jcdctmgr.c */ = {isa = PBXFileReference; fileEncoding = 4; lastKnownFileType = sourcecode.c.c; path = jcdctmgr.c; sourceTree = "<group>"; };
		A4B3158116A49E1C001B6001 /* jchuff.c */ = {isa = PBXFileReference; fileEncoding = 4; lastKnownFileType = sourcecode.c.c; path = jchuff.c; sourceTree = "<group>"; };
		A4B3158216A49E1C001B6001 /* jcinit.c */ = {isa = PBXFileReference; fileEncoding = 4; lastKnownFileType = sourcecode.c.c; path = jcinit.c; sourceTree = "<group>"; };
		A4B3158316A49E1C001B6001 /* jcmainct.c */ = {isa = PBXFileReference; fileEncoding = 4; lastKnownFileType = sourcecode.c.c; path = jcmainct.c; sourceTree = "<group>"; };
		A4B3158416A49E1C001B6001 /* jcmarker.c */ = {isa = PBXFileReference; fileEncoding = 4; lastKnownFileType = sourcecode.c.c; path = jcmarker.c; sourceTree = "<group>"; };
		A4B3158516A49E1C001B6001 /* jcmaster.c */ = {isa = PBXFileReference; fileEncoding = 4; lastKnownFileType = sourcecode.c.c; path = jcmaster.c; sourceTree = "<group>"; };
		A4B3158616A49E1C001B6001 /* jcomapi.c */ = {isa = PBXFileReference; fileEncoding = 4; lastKnownFileType = sourcecode.c.c; path = jcomapi.c; sourceTree = "<group>"; };
		A4B3158716A49E1C001B6001 /* jconfig.h */ = {isa = PBXFileReference; fileEncoding = 4; lastKnownFileType = sourcecode.c.h; path = jconfig.h; sourceTree = "<group>"; };
		A4B3158816A49E1C001B6001 /* jcparam.c */ = {isa = PBXFileReference; fileEncoding = 4; lastKnownFileType = sourcecode.c.c; path = jcparam.c; sourceTree = "<group>"; };
		A4B3158916A49E1C001B6001 /* jcprepct.c */ = {isa = PBXFileReference; fileEncoding = 4; lastKnownFileType = sourcecode.c.c; path = jcprepct.c; sourceTree = "<group>"; };
		A4B3158A16A49E1C001B6001 /* jcsample.c */ = {isa = PBXFileReference; fileEncoding = 4; lastKnownFileType = sourcecode.c.c; path = jcsample.c; sourceTree = "<group>"; };
		A4B3158B16A49E1C001B6001 /* jctrans.c */ = {isa = PBXFileReference; fileEncoding = 4; lastKnownFileType = sourcecode.c.c; path = jctrans.c; sourceTree = "<group>"; };
		A4B3158C16A49E1C001B6001 /* jdapimin.c */ = {isa = PBXFileReference; fileEncoding = 4; lastKnownFileType = sourcecode.c.c; path = jdapimin.c; sourceTree = "<group>"; };
		A4B3158D16A49E1C001B6001 /* jdapistd.c */ = {isa = PBXFileReference; fileEncoding = 4; lastKnownFileType = sourcecode.c.c; path = jdapistd.c; sourceTree = "<group>"; };
		A4B3158E16A49E1C001B6001 /* jdarith.c */ = {isa = PBXFileReference; fileEncoding = 4; lastKnownFileType = sourcecode.c.c; path = jdarith.c; sourceTree = "<group>"; };
		A4B3158F16A49E1C001B6001 /* jdatadst.c */ = {isa = PBXFileReference; fileEncoding = 4; lastKnownFileType = sourcecode.c.c; path = jdatadst.c; sourceTree = "<group>"; };
		A4B3159016A49E1C001B6001 /* jdatasrc.c */ = {isa = PBXFileReference; fileEncoding = 4; lastKnownFileType = sourcecode.c.c; path = jdatasrc.c; sourceTree = "<group>"; };
		A4B3159116A49E1C001B6001 /* jdcoefct.c */ = {isa = PBXFileReference; fileEncoding = 4; lastKnownFileType = sourcecode.c.c; path = jdcoefct.c; sourceTree = "<group>"; };
		A4B3159216A49E1C001B6001 /* jdcolor.c */ = {isa = PBXFileReference; fileEncoding = 4; lastKnownFileType = sourcecode.c.c; path = jdcolor.c; sourceTree = "<group>"; };
		A4B3159316A49E1C001B6001 /* jdct.h */ = {isa = PBXFileReference; fileEncoding = 4; lastKnownFileType = sourcecode.c.h; path = jdct.h; sourceTree = "<group>"; };
		A4B3159416A49E1C001B6001 /* jddctmgr.c */ = {isa = PBXFileReference; fileEncoding = 4; lastKnownFileType = sourcecode.c.c; path = jddctmgr.c; sourceTree = "<group>"; };
		A4B3159516A49E1C001B6001 /* jdhuff.c */ = {isa = PBXFileReference; fileEncoding = 4; lastKnownFileType = sourcecode.c.c; path = jdhuff.c; sourceTree = "<group>"; };
		A4B3159616A49E1C001B6001 /* jdinput.c */ = {isa = PBXFileReference; fileEncoding = 4; lastKnownFileType = sourcecode.c.c; path = jdinput.c; sourceTree = "<group>"; };
		A4B3159716A49E1C001B6001 /* jdmainct.c */ = {isa = PBXFileReference; fileEncoding = 4; lastKnownFileType = sourcecode.c.c; path = jdmainct.c; sourceTree = "<group>"; };
		A4B3159816A49E1C001B6001 /* jdmarker.c */ = {isa = PBXFileReference; fileEncoding = 4; lastKnownFileType = sourcecode.c.c; path = jdmarker.c; sourceTree = "<group>"; };
		A4B3159916A49E1C001B6001 /* jdmaster.c */ = {isa = PBXFileReference; fileEncoding = 4; lastKnownFileType = sourcecode.c.c; path = jdmaster.c; sourceTree = "<group>"; };
		A4B3159A16A49E1C001B6001 /* jdmerge.c */ = {isa = PBXFileReference; fileEncoding = 4; lastKnownFileType = sourcecode.c.c; path = jdmerge.c; sourceTree = "<group>"; };
		A4B3159B16A49E1C001B6001 /* jdpostct.c */ = {isa = PBXFileReference; fileEncoding = 4; lastKnownFileType = sourcecode.c.c; path = jdpostct.c; sourceTree = "<group>"; };
		A4B3159C16A49E1C001B6001 /* jdsample.c */ = {isa = PBXFileReference; fileEncoding = 4; lastKnownFileType = sourcecode.c.c; path = jdsample.c; sourceTree = "<group>"; };
		A4B3159D16A49E1C001B6001 /* jdtrans.c */ = {isa = PBXFileReference; fileEncoding = 4; lastKnownFileType = sourcecode.c.c; path = jdtrans.c; sourceTree = "<group>"; };
		A4B3159E16A49E1C001B6001 /* jerror.c */ = {isa = PBXFileReference; fileEncoding = 4; lastKnownFileType = sourcecode.c.c; path = jerror.c; sourceTree = "<group>"; };
		A4B3159F16A49E1C001B6001 /* jerror.h */ = {isa = PBXFileReference; fileEncoding = 4; lastKnownFileType = sourcecode.c.h; path = jerror.h; sourceTree = "<group>"; };
		A4B315A016A49E1C001B6001 /* jfdctflt.c */ = {isa = PBXFileReference; fileEncoding = 4; lastKnownFileType = sourcecode.c.c; path = jfdctflt.c; sourceTree = "<group>"; };
		A4B315A116A49E1C001B6001 /* jfdctfst.c */ = {isa = PBXFileReference; fileEncoding = 4; lastKnownFileType = sourcecode.c.c; path = jfdctfst.c; sourceTree = "<group>"; };
		A4B315A216A49E1C001B6001 /* jfdctint.c */ = {isa = PBXFileReference; fileEncoding = 4; lastKnownFileType = sourcecode.c.c; path = jfdctint.c; sourceTree = "<group>"; };
		A4B315A316A49E1C001B6001 /* jidctflt.c */ = {isa = PBXFileReference; fileEncoding = 4; lastKnownFileType = sourcecode.c.c; path = jidctflt.c; sourceTree = "<group>"; };
		A4B315A416A49E1C001B6001 /* jidctfst.c */ = {isa = PBXFileReference; fileEncoding = 4; lastKnownFileType = sourcecode.c.c; path = jidctfst.c; sourceTree = "<group>"; };
		A4B315A516A49E1C001B6001 /* jidctint.c */ = {isa = PBXFileReference; fileEncoding = 4; lastKnownFileType = sourcecode.c.c; path = jidctint.c; sourceTree = "<group>"; };
		A4B315A616A49E1C001B6001 /* jinclude.h */ = {isa = PBXFileReference; fileEncoding = 4; lastKnownFileType = sourcecode.c.h; path = jinclude.h; sourceTree = "<group>"; };
		A4B315A716A49E1C001B6001 /* jmemmgr.c */ = {isa = PBXFileReference; fileEncoding = 4; lastKnownFileType = sourcecode.c.c; path = jmemmgr.c; sourceTree = "<group>"; };
		A4B315A816A49E1C001B6001 /* jmemnobs.c */ = {isa = PBXFileReference; fileEncoding = 4; lastKnownFileType = sourcecode.c.c; path = jmemnobs.c; sourceTree = "<group>"; };
		A4B315A916A49E1C001B6001 /* jmemsys.h */ = {isa = PBXFileReference; fileEncoding = 4; lastKnownFileType = sourcecode.c.h; path = jmemsys.h; sourceTree = "<group>"; };
		A4B315AA16A49E1C001B6001 /* jmorecfg.h */ = {isa = PBXFileReference; fileEncoding = 4; lastKnownFileType = sourcecode.c.h; path = jmorecfg.h; sourceTree = "<group>"; };
		A4B315AB16A49E1C001B6001 /* jpegint.h */ = {isa = PBXFileReference; fileEncoding = 4; lastKnownFileType = sourcecode.c.h; path = jpegint.h; sourceTree = "<group>"; };
		A4B315AC16A49E1C001B6001 /* jpeglib.h */ = {isa = PBXFileReference; fileEncoding = 4; lastKnownFileType = sourcecode.c.h; path = jpeglib.h; sourceTree = "<group>"; };
		A4B315AD16A49E1C001B6001 /* jquant1.c */ = {isa = PBXFileReference; fileEncoding = 4; lastKnownFileType = sourcecode.c.c; path = jquant1.c; sourceTree = "<group>"; };
		A4B315AE16A49E1C001B6001 /* jquant2.c */ = {isa = PBXFileReference; fileEncoding = 4; lastKnownFileType = sourcecode.c.c; path = jquant2.c; sourceTree = "<group>"; };
		A4B315AF16A49E1C001B6001 /* jutils.c */ = {isa = PBXFileReference; fileEncoding = 4; lastKnownFileType = sourcecode.c.c; path = jutils.c; sourceTree = "<group>"; };
		A4B315B016A49E1C001B6001 /* jversion.h */ = {isa = PBXFileReference; fileEncoding = 4; lastKnownFileType = sourcecode.c.h; path = jversion.h; sourceTree = "<group>"; };
		A4B315B416A49E1C001B6001 /* transupp.c */ = {isa = PBXFileReference; fileEncoding = 4; lastKnownFileType = sourcecode.c.c; path = transupp.c; sourceTree = "<group>"; };
		A4B315B516A49E1C001B6001 /* transupp.h */ = {isa = PBXFileReference; fileEncoding = 4; lastKnownFileType = sourcecode.c.h; path = transupp.h; sourceTree = "<group>"; };
		A4B315B616A49E1C001B6001 /* jpeg_image_decoder.cpp */ = {isa = PBXFileReference; fileEncoding = 4; lastKnownFileType = sourcecode.cpp.cpp; path = jpeg_image_decoder.cpp; sourceTree = "<group>"; };
		A4B315B716A49E1C001B6001 /* jpeg_image_decoder.h */ = {isa = PBXFileReference; fileEncoding = 4; lastKnownFileType = sourcecode.c.h; path = jpeg_image_decoder.h; sourceTree = "<group>"; };
		A4B315FE16A49F8A001B6001 /* buffer_impl.cpp */ = {isa = PBXFileReference; fileEncoding = 4; lastKnownFileType = sourcecode.cpp.cpp; path = buffer_impl.cpp; sourceTree = "<group>"; };
		A4B315FF16A49F8A001B6001 /* buffer_impl.h */ = {isa = PBXFileReference; fileEncoding = 4; lastKnownFileType = sourcecode.c.h; path = buffer_impl.h; sourceTree = "<group>"; };
		A4B3160016A49F8A001B6001 /* texture_impl.h */ = {isa = PBXFileReference; fileEncoding = 4; lastKnownFileType = sourcecode.c.h; path = texture_impl.h; sourceTree = "<group>"; };
		A4B3160116A49F8A001B6001 /* rendertarget_impl.cpp */ = {isa = PBXFileReference; fileEncoding = 4; lastKnownFileType = sourcecode.cpp.cpp; path = rendertarget_impl.cpp; sourceTree = "<group>"; };
		A4B3160216A49F8A001B6001 /* shader_impl.cpp */ = {isa = PBXFileReference; fileEncoding = 4; lastKnownFileType = sourcecode.cpp.cpp; path = shader_impl.cpp; sourceTree = "<group>"; };
		A4B3160316A49F8A001B6001 /* shader_impl.h */ = {isa = PBXFileReference; fileEncoding = 4; lastKnownFileType = sourcecode.c.h; path = shader_impl.h; sourceTree = "<group>"; };
		A4B3160416A49F8A001B6001 /* texture_impl.cpp */ = {isa = PBXFileReference; fileEncoding = 4; lastKnownFileType = sourcecode.cpp.cpp; path = texture_impl.cpp; sourceTree = "<group>"; };
		A4B3160C16A49FAB001B6001 /* buffers_opengl.cpp */ = {isa = PBXFileReference; fileEncoding = 4; lastKnownFileType = sourcecode.cpp.cpp; path = buffers_opengl.cpp; sourceTree = "<group>"; };
		A4B3160D16A49FAB001B6001 /* buffers_opengl.h */ = {isa = PBXFileReference; fileEncoding = 4; lastKnownFileType = sourcecode.c.h; path = buffers_opengl.h; sourceTree = "<group>"; };
		A4B3160E16A49FAB001B6001 /* glsl_generator.cpp */ = {isa = PBXFileReference; fileEncoding = 4; lastKnownFileType = sourcecode.cpp.cpp; path = glsl_generator.cpp; sourceTree = "<group>"; };
		A4B3160F16A49FAB001B6001 /* glsl_generator.h */ = {isa = PBXFileReference; fileEncoding = 4; lastKnownFileType = sourcecode.c.h; path = glsl_generator.h; sourceTree = "<group>"; };
		A4B3161716A4A00C001B6001 /* pfpl_cache.cpp */ = {isa = PBXFileReference; fileEncoding = 4; lastKnownFileType = sourcecode.cpp.cpp; path = pfpl_cache.cpp; sourceTree = "<group>"; };
		A4B3161816A4A00C001B6001 /* pfpl_cache.h */ = {isa = PBXFileReference; fileEncoding = 4; lastKnownFileType = sourcecode.c.h; path = pfpl_cache.h; sourceTree = "<group>"; };
		A4B3161916A4A00C001B6001 /* pfpl_render.cpp */ = {isa = PBXFileReference; fileEncoding = 4; lastKnownFileType = sourcecode.cpp.cpp; path = pfpl_render.cpp; sourceTree = "<group>"; };
		A4B3161A16A4A00C001B6001 /* pfpl_render.h */ = {isa = PBXFileReference; fileEncoding = 4; lastKnownFileType = sourcecode.c.h; path = pfpl_render.h; sourceTree = "<group>"; };
		A4B3161B16A4A00C001B6001 /* pfpl_state.cpp */ = {isa = PBXFileReference; fileEncoding = 4; lastKnownFileType = sourcecode.cpp.cpp; path = pfpl_state.cpp; sourceTree = "<group>"; };
		A4B3161C16A4A00C001B6001 /* pfpl_state.h */ = {isa = PBXFileReference; fileEncoding = 4; lastKnownFileType = sourcecode.c.h; path = pfpl_state.h; sourceTree = "<group>"; };
		A4EDFDC514169DCD00ED0DC0 /* png_image_decoder.cpp */ = {isa = PBXFileReference; fileEncoding = 4; lastKnownFileType = sourcecode.cpp.cpp; path = png_image_decoder.cpp; sourceTree = "<group>"; };
		A4EDFDC614169DCD00ED0DC0 /* png_image_decoder.h */ = {isa = PBXFileReference; fileEncoding = 4; lastKnownFileType = sourcecode.c.h; path = png_image_decoder.h; sourceTree = "<group>"; };
		A4EDFEC81416B14B00ED0DC0 /* pngread.c */ = {isa = PBXFileReference; fileEncoding = 4; lastKnownFileType = sourcecode.c.c; path = pngread.c; sourceTree = "<group>"; };
		A4EDFECE1416B1C300ED0DC0 /* pngset.c */ = {isa = PBXFileReference; fileEncoding = 4; lastKnownFileType = sourcecode.c.c; path = pngset.c; sourceTree = "<group>"; };
		A4EDFED41416B20700ED0DC0 /* pngmem.c */ = {isa = PBXFileReference; fileEncoding = 4; lastKnownFileType = sourcecode.c.c; path = pngmem.c; sourceTree = "<group>"; };
		A4EDFEDA1416B24900ED0DC0 /* pngtrans.c */ = {isa = PBXFileReference; fileEncoding = 4; lastKnownFileType = sourcecode.c.c; path = pngtrans.c; sourceTree = "<group>"; };
		A4EDFEE01416B28300ED0DC0 /* pngrio.c */ = {isa = PBXFileReference; fileEncoding = 4; lastKnownFileType = sourcecode.c.c; path = pngrio.c; sourceTree = "<group>"; };
		A4EDFEEE1416B32C00ED0DC0 /* pngwio.c */ = {isa = PBXFileReference; fileEncoding = 4; lastKnownFileType = sourcecode.c.c; path = pngwio.c; sourceTree = "<group>"; };
		A4EDFEEF1416B32C00ED0DC0 /* pngwrite.c */ = {isa = PBXFileReference; fileEncoding = 4; lastKnownFileType = sourcecode.c.c; path = pngwrite.c; sourceTree = "<group>"; };
		A4EDFEF01416B32C00ED0DC0 /* pngwtran.c */ = {isa = PBXFileReference; fileEncoding = 4; lastKnownFileType = sourcecode.c.c; path = pngwtran.c; sourceTree = "<group>"; };
		A4EDFEF11416B32C00ED0DC0 /* pngwutil.c */ = {isa = PBXFileReference; fileEncoding = 4; lastKnownFileType = sourcecode.c.c; path = pngwutil.c; sourceTree = "<group>"; };
		A4EDFF001416B3EE00ED0DC0 /* pngget.c */ = {isa = PBXFileReference; fileEncoding = 4; lastKnownFileType = sourcecode.c.c; path = pngget.c; sourceTree = "<group>"; };
		A4EDFF061416B45400ED0DC0 /* pngrtran.c */ = {isa = PBXFileReference; fileEncoding = 4; lastKnownFileType = sourcecode.c.c; path = pngrtran.c; sourceTree = "<group>"; };
		A4EDFF101416B4E100ED0DC0 /* pngpread.c */ = {isa = PBXFileReference; fileEncoding = 4; lastKnownFileType = sourcecode.c.c; path = pngpread.c; sourceTree = "<group>"; };
		A4FAE271161347ED00D7E055 /* ghl_sound_cocoa.cpp */ = {isa = PBXFileReference; fileEncoding = 4; lastKnownFileType = sourcecode.cpp.cpp; path = ghl_sound_cocoa.cpp; sourceTree = "<group>"; };
		A4FAE272161347ED00D7E055 /* ghl_sound_cocoa.h */ = {isa = PBXFileReference; fileEncoding = 4; lastKnownFileType = sourcecode.c.h; path = ghl_sound_cocoa.h; sourceTree = "<group>"; };
		AACBBE490F95108600F1A2B1 /* Foundation.framework */ = {isa = PBXFileReference; lastKnownFileType = wrapper.framework; name = Foundation.framework; path = System/Library/Frameworks/Foundation.framework; sourceTree = SDKROOT; };
		D2AAC07E0554694100DB518D /* libGHL-Debug-iphonesimulator.a */ = {isa = PBXFileReference; explicitFileType = archive.ar; includeInIndex = 0; name = "libGHL-Debug-iphonesimulator.a"; path = "libGHL-Debug-iphoneos.a"; sourceTree = BUILT_PRODUCTS_DIR; };
/* End PBXFileReference section */

/* Begin PBXFrameworksBuildPhase section */
		D2AAC07C0554694100DB518D /* Frameworks */ = {
			isa = PBXFrameworksBuildPhase;
			buildActionMask = 2147483647;
			files = (
				AACBBE4A0F95108600F1A2B1 /* Foundation.framework in Frameworks */,
			);
			runOnlyForDeploymentPostprocessing = 0;
		};
/* End PBXFrameworksBuildPhase section */

/* Begin PBXGroup section */
		034768DFFF38A50411DB9C8B /* Products */ = {
			isa = PBXGroup;
			children = (
				D2AAC07E0554694100DB518D /* libGHL-Debug-iphonesimulator.a */,
			);
			name = Products;
			sourceTree = "<group>";
		};
		0867D691FE84028FC02AAC07 /* GHL */ = {
			isa = PBXGroup;
			children = (
				A42900991413949B00429C47 /* src */,
				A429007A1413948E00429C47 /* include */,
				0867D69AFE84028FC02AAC07 /* Frameworks */,
				034768DFFF38A50411DB9C8B /* Products */,
			);
			name = GHL;
			sourceTree = "<group>";
		};
		0867D69AFE84028FC02AAC07 /* Frameworks */ = {
			isa = PBXGroup;
			children = (
				AACBBE490F95108600F1A2B1 /* Foundation.framework */,
			);
			name = Frameworks;
			sourceTree = "<group>";
		};
		A429007A1413948E00429C47 /* include */ = {
			isa = PBXGroup;
			children = (
				A49E9A6715EA3CE90089568B /* ghl_data.h */,
				A436FC5214AE6D2800D53CE4 /* ghl_log.h */,
				A429007B1413948E00429C47 /* ghl_api.h */,
				A429007C1413948E00429C47 /* ghl_application.h */,
				A429007D1413948E00429C47 /* ghl_data_stream.h */,
				A429007E1413948E00429C47 /* ghl_image.h */,
				A429007F1413948E00429C47 /* ghl_image_decoder.h */,
				A42900801413948E00429C47 /* ghl_keys.h */,
				A42900811413948E00429C47 /* ghl_render.h */,
				A42900821413948E00429C47 /* ghl_render_target.h */,
				A42900831413948E00429C47 /* ghl_settings.h */,
				A42900841413948E00429C47 /* ghl_shader.h */,
				A42900851413948E00429C47 /* ghl_sound.h */,
				A42900861413948E00429C47 /* ghl_system.h */,
				A42900871413948E00429C47 /* ghl_texture.h */,
				A42900881413948E00429C47 /* ghl_types.h */,
				A42900891413948E00429C47 /* ghl_vfs.h */,
				A41D522F14DEB75E008B50E8 /* ghl_ref_counter.h */,
			);
			name = include;
			path = ../../include;
			sourceTree = SOURCE_ROOT;
		};
		A42900991413949B00429C47 /* src */ = {
			isa = PBXGroup;
			children = (
				A49E9A6915EA3D040089568B /* ghl_data_impl.cpp */,
				A49E9A6A15EA3D040089568B /* ghl_data_impl.h */,
				A436FC5514AE6D3800D53CE4 /* ghl_log_impl.cpp */,
				A436FC5614AE6D3800D53CE4 /* ghl_log_impl.h */,
				A41D523214DEB90B008B50E8 /* ghl_ref_counter_impl.h */,
				A4772A3114169A8B006A9887 /* zlib */,
				A429009A1413949B00429C47 /* image */,
				A42900A31413949B00429C47 /* render */,
				A42900BA1413949B00429C47 /* sound */,
				A42900CB1413949B00429C47 /* vfs */,
				A42900D51413949B00429C47 /* winlib */,
			);
			name = src;
			path = ../../src;
			sourceTree = SOURCE_ROOT;
		};
		A429009A1413949B00429C47 /* image */ = {
			isa = PBXGroup;
			children = (
				A4B3157416A49E1C001B6001 /* image_file_decoder.cpp */,
				A4B3157516A49E1C001B6001 /* ghl_image_config.h */,
				A4B3157616A49E1C001B6001 /* jpeg */,
				A4B315B616A49E1C001B6001 /* jpeg_image_decoder.cpp */,
				A4B315B716A49E1C001B6001 /* jpeg_image_decoder.h */,
				A49E9A7115EA3FE20089568B /* pvrtc_image_decoder.cpp */,
				A49E9A7215EA3FE20089568B /* pvrtc_image_decoder.h */,
				A4EDFDC514169DCD00ED0DC0 /* png_image_decoder.cpp */,
				A4EDFDC614169DCD00ED0DC0 /* png_image_decoder.h */,
				A4772A6B14169C19006A9887 /* libpng */,
				A429009C1413949B00429C47 /* image_decoders.cpp */,
				A429009D1413949B00429C47 /* image_decoders.h */,
				A429009E1413949B00429C47 /* image_file_decoder.h */,
				A429009F1413949B00429C47 /* image_impl.cpp */,
				A42900A01413949B00429C47 /* image_impl.h */,
				A42900A11413949B00429C47 /* tga_image_decoder.cpp */,
				A42900A21413949B00429C47 /* tga_image_decoder.h */,
			);
			path = image;
			sourceTree = "<group>";
		};
		A42900A31413949B00429C47 /* render */ = {
			isa = PBXGroup;
			children = (
				A4B3161616A4A00C001B6001 /* pfpl */,
				A4B315FE16A49F8A001B6001 /* buffer_impl.cpp */,
				A4B315FF16A49F8A001B6001 /* buffer_impl.h */,
				A4B3160016A49F8A001B6001 /* texture_impl.h */,
				A4B3160116A49F8A001B6001 /* rendertarget_impl.cpp */,
				A4B3160216A49F8A001B6001 /* shader_impl.cpp */,
				A4B3160316A49F8A001B6001 /* shader_impl.h */,
				A4B3160416A49F8A001B6001 /* texture_impl.cpp */,
				A42900A41413949B00429C47 /* lucida_console_regular_8.cpp */,
				A42900A51413949B00429C47 /* lucida_console_regular_8.h */,
				A42900A61413949B00429C47 /* opengl */,
				A42900B71413949B00429C47 /* render_impl.cpp */,
				A42900B81413949B00429C47 /* render_impl.h */,
				A42900B91413949B00429C47 /* rendertarget_impl.h */,
			);
			path = render;
			sourceTree = "<group>";
		};
		A42900A61413949B00429C47 /* opengl */ = {
			isa = PBXGroup;
			children = (
				A4B3160C16A49FAB001B6001 /* buffers_opengl.cpp */,
				A4B3160D16A49FAB001B6001 /* buffers_opengl.h */,
				A4B3160E16A49FAB001B6001 /* glsl_generator.cpp */,
				A4B3160F16A49FAB001B6001 /* glsl_generator.h */,
				A42900AF1413949B00429C47 /* render_opengl_base.cpp */,
				A42900B01413949B00429C47 /* render_opengl_base.h */,
				A42900B11413949B00429C47 /* rendertarget_opengl.cpp */,
				A42900B21413949B00429C47 /* rendertarget_opengl.h */,
				A42900B31413949B00429C47 /* shader_glsl.cpp */,
				A42900B41413949B00429C47 /* shader_glsl.h */,
				A42900B51413949B00429C47 /* texture_opengl.cpp */,
				A42900B61413949B00429C47 /* texture_opengl.h */,
				A48E3C8516E6A174009E2EED /* render_opengl_api.h */,
				A48E3C8616E6A27F009E2EED /* render_opengles.cpp */,
				A48E3C8716E6A27F009E2EED /* render_opengles.h */,
				A48E3C8A16E6A358009E2EED /* gles1_api.cpp */,
				A48E3C8B16E6A359009E2EED /* gles1_api.h */,
			);
			path = opengl;
			sourceTree = "<group>";
		};
		A42900BA1413949B00429C47 /* sound */ = {
			isa = PBXGroup;
			children = (
				A4FAE270161347ED00D7E055 /* cocoa */,
				A42900C11413949B00429C47 /* ghl_sound_decoder.h */,
				A42900C31413949B00429C47 /* ghl_sound_impl.h */,
				A42900C41413949B00429C47 /* openal */,
				A42900C81413949B00429C47 /* sound_decoders.cpp */,
				A42900C91413949B00429C47 /* wav_decoder.cpp */,
				A42900CA1413949B00429C47 /* wav_decoder.h */,
			);
			path = sound;
			sourceTree = "<group>";
		};
		A42900C41413949B00429C47 /* openal */ = {
			isa = PBXGroup;
			children = (
				A42900C51413949B00429C47 /* ghl_openal.h */,
				A42900C61413949B00429C47 /* ghl_sound_openal.cpp */,
				A42900C71413949B00429C47 /* ghl_sound_openal.h */,
			);
			path = openal;
			sourceTree = "<group>";
		};
		A42900CB1413949B00429C47 /* vfs */ = {
			isa = PBXGroup;
			children = (
				A42900CC1413949B00429C47 /* ghl_vfs_factory.cpp */,
				A42900CD1413949B00429C47 /* memory_stream.cpp */,
				A42900CE1413949B00429C47 /* memory_stream.h */,
				A42900CF1413949B00429C47 /* vfs_cocoa.h */,
				A42900D01413949B00429C47 /* vfs_cocoa.mm */,
			);
			path = vfs;
			sourceTree = "<group>";
		};
		A42900D51413949B00429C47 /* winlib */ = {
			isa = PBXGroup;
			children = (
				A42900D81413949B00429C47 /* winlib_cocoatouch.mm */,
				A48E3C4C16E67CF4009E2EED /* WinLibCocoaTouchContext.h */,
				A48E3C4D16E67CF4009E2EED /* WinLibCocoaTouchContext.m */,
				A48E3C5016E67F27009E2EED /* WinLibCocoaTouchContext2.h */,
				A48E3C5116E67F27009E2EED /* WinLibCocoaTouchContext2.m */,
			);
			path = winlib;
			sourceTree = "<group>";
		};
		A4772A3114169A8B006A9887 /* zlib */ = {
			isa = PBXGroup;
			children = (
				A4772A6314169B23006A9887 /* inffixed.h */,
				A4772A6414169B23006A9887 /* inftrees.c */,
				A4772A6514169B23006A9887 /* inftrees.h */,
				A4772A3214169A8B006A9887 /* adler32.c */,
				A4772A3314169A8B006A9887 /* crc32.c */,
				A4772A3414169A8B006A9887 /* crc32.h */,
				A4772A3514169A8B006A9887 /* crypt.h */,
				A4772A3614169A8B006A9887 /* deflate.c */,
				A4772A3714169A8B006A9887 /* deflate.h */,
				A4772A3814169A8B006A9887 /* inffast.c */,
				A4772A3914169A8B006A9887 /* inffast.h */,
				A4772A3A14169A8B006A9887 /* inflate.c */,
				A4772A3B14169A8B006A9887 /* inflate.h */,
				A4772A3D14169A8B006A9887 /* ioapi.h */,
				A4772A3F14169A8B006A9887 /* zconf.h */,
				A4772A4014169A8B006A9887 /* zip.c */,
				A4772A4114169A8B006A9887 /* zip.h */,
				A4772A4214169A8B006A9887 /* zlib.h */,
				A4772A4314169A8B006A9887 /* zutil.c */,
				A4772A4414169A8B006A9887 /* zutil.h */,
			);
			path = zlib;
			sourceTree = "<group>";
		};
		A4772A6B14169C19006A9887 /* libpng */ = {
			isa = PBXGroup;
			children = (
				A4EDFF101416B4E100ED0DC0 /* pngpread.c */,
				A4EDFF061416B45400ED0DC0 /* pngrtran.c */,
				A4EDFF001416B3EE00ED0DC0 /* pngget.c */,
				A4EDFEEE1416B32C00ED0DC0 /* pngwio.c */,
				A4EDFEEF1416B32C00ED0DC0 /* pngwrite.c */,
				A4EDFEF01416B32C00ED0DC0 /* pngwtran.c */,
				A4EDFEF11416B32C00ED0DC0 /* pngwutil.c */,
				A4EDFEE01416B28300ED0DC0 /* pngrio.c */,
				A4EDFEDA1416B24900ED0DC0 /* pngtrans.c */,
				A4EDFED41416B20700ED0DC0 /* pngmem.c */,
				A4EDFECE1416B1C300ED0DC0 /* pngset.c */,
				A4EDFEC81416B14B00ED0DC0 /* pngread.c */,
				A4772A6C14169C19006A9887 /* pnglibconf.h */,
				A4772A6E14169C19006A9887 /* png.c */,
				A4772A6F14169C19006A9887 /* png.h */,
				A4772A7014169C19006A9887 /* pngconf.h */,
				A4772A7114169C19006A9887 /* pngdebug.h */,
				A4772A7214169C19006A9887 /* pngerror.c */,
				A4772A7314169C19006A9887 /* pnginfo.h */,
				A4772A7514169C19006A9887 /* pngpriv.h */,
				A4772A7614169C19006A9887 /* pngrutil.c */,
				A4772A7714169C19006A9887 /* pngstruct.h */,
			);
			path = libpng;
			sourceTree = "<group>";
		};
		A4B3157616A49E1C001B6001 /* jpeg */ = {
			isa = PBXGroup;
			children = (
				A4B3157A16A49E1C001B6001 /* jaricom.c */,
				A4B3157B16A49E1C001B6001 /* jcapimin.c */,
				A4B3157C16A49E1C001B6001 /* jcapistd.c */,
				A4B3157D16A49E1C001B6001 /* jcarith.c */,
				A4B3157E16A49E1C001B6001 /* jccoefct.c */,
				A4B3157F16A49E1C001B6001 /* jccolor.c */,
				A4B3158016A49E1C001B6001 /* jcdctmgr.c */,
				A4B3158116A49E1C001B6001 /* jchuff.c */,
				A4B3158216A49E1C001B6001 /* jcinit.c */,
				A4B3158316A49E1C001B6001 /* jcmainct.c */,
				A4B3158416A49E1C001B6001 /* jcmarker.c */,
				A4B3158516A49E1C001B6001 /* jcmaster.c */,
				A4B3158616A49E1C001B6001 /* jcomapi.c */,
				A4B3158716A49E1C001B6001 /* jconfig.h */,
				A4B3158816A49E1C001B6001 /* jcparam.c */,
				A4B3158916A49E1C001B6001 /* jcprepct.c */,
				A4B3158A16A49E1C001B6001 /* jcsample.c */,
				A4B3158B16A49E1C001B6001 /* jctrans.c */,
				A4B3158C16A49E1C001B6001 /* jdapimin.c */,
				A4B3158D16A49E1C001B6001 /* jdapistd.c */,
				A4B3158E16A49E1C001B6001 /* jdarith.c */,
				A4B3158F16A49E1C001B6001 /* jdatadst.c */,
				A4B3159016A49E1C001B6001 /* jdatasrc.c */,
				A4B3159116A49E1C001B6001 /* jdcoefct.c */,
				A4B3159216A49E1C001B6001 /* jdcolor.c */,
				A4B3159316A49E1C001B6001 /* jdct.h */,
				A4B3159416A49E1C001B6001 /* jddctmgr.c */,
				A4B3159516A49E1C001B6001 /* jdhuff.c */,
				A4B3159616A49E1C001B6001 /* jdinput.c */,
				A4B3159716A49E1C001B6001 /* jdmainct.c */,
				A4B3159816A49E1C001B6001 /* jdmarker.c */,
				A4B3159916A49E1C001B6001 /* jdmaster.c */,
				A4B3159A16A49E1C001B6001 /* jdmerge.c */,
				A4B3159B16A49E1C001B6001 /* jdpostct.c */,
				A4B3159C16A49E1C001B6001 /* jdsample.c */,
				A4B3159D16A49E1C001B6001 /* jdtrans.c */,
				A4B3159E16A49E1C001B6001 /* jerror.c */,
				A4B3159F16A49E1C001B6001 /* jerror.h */,
				A4B315A016A49E1C001B6001 /* jfdctflt.c */,
				A4B315A116A49E1C001B6001 /* jfdctfst.c */,
				A4B315A216A49E1C001B6001 /* jfdctint.c */,
				A4B315A316A49E1C001B6001 /* jidctflt.c */,
				A4B315A416A49E1C001B6001 /* jidctfst.c */,
				A4B315A516A49E1C001B6001 /* jidctint.c */,
				A4B315A616A49E1C001B6001 /* jinclude.h */,
				A4B315A716A49E1C001B6001 /* jmemmgr.c */,
				A4B315A816A49E1C001B6001 /* jmemnobs.c */,
				A4B315A916A49E1C001B6001 /* jmemsys.h */,
				A4B315AA16A49E1C001B6001 /* jmorecfg.h */,
				A4B315AB16A49E1C001B6001 /* jpegint.h */,
				A4B315AC16A49E1C001B6001 /* jpeglib.h */,
				A4B315AD16A49E1C001B6001 /* jquant1.c */,
				A4B315AE16A49E1C001B6001 /* jquant2.c */,
				A4B315AF16A49E1C001B6001 /* jutils.c */,
				A4B315B016A49E1C001B6001 /* jversion.h */,
				A4B315B416A49E1C001B6001 /* transupp.c */,
				A4B315B516A49E1C001B6001 /* transupp.h */,
			);
			path = jpeg;
			sourceTree = "<group>";
		};
		A4B3161616A4A00C001B6001 /* pfpl */ = {
			isa = PBXGroup;
			children = (
				A4B3161716A4A00C001B6001 /* pfpl_cache.cpp */,
				A4B3161816A4A00C001B6001 /* pfpl_cache.h */,
				A4B3161916A4A00C001B6001 /* pfpl_render.cpp */,
				A4B3161A16A4A00C001B6001 /* pfpl_render.h */,
				A4B3161B16A4A00C001B6001 /* pfpl_state.cpp */,
				A4B3161C16A4A00C001B6001 /* pfpl_state.h */,
			);
			path = pfpl;
			sourceTree = "<group>";
		};
		A4FAE270161347ED00D7E055 /* cocoa */ = {
			isa = PBXGroup;
			children = (
				A4FAE271161347ED00D7E055 /* ghl_sound_cocoa.cpp */,
				A4FAE272161347ED00D7E055 /* ghl_sound_cocoa.h */,
			);
			path = cocoa;
			sourceTree = "<group>";
		};
/* End PBXGroup section */

/* Begin PBXHeadersBuildPhase section */
		D2AAC07A0554694100DB518D /* Headers */ = {
			isa = PBXHeadersBuildPhase;
			buildActionMask = 2147483647;
			files = (
				A429008A1413948E00429C47 /* ghl_api.h in Headers */,
				A429008B1413948E00429C47 /* ghl_application.h in Headers */,
				A429008C1413948E00429C47 /* ghl_data_stream.h in Headers */,
				A429008D1413948E00429C47 /* ghl_image.h in Headers */,
				A429008E1413948E00429C47 /* ghl_image_decoder.h in Headers */,
				A429008F1413948E00429C47 /* ghl_keys.h in Headers */,
				A42900901413948E00429C47 /* ghl_render.h in Headers */,
				A42900911413948E00429C47 /* ghl_render_target.h in Headers */,
				A42900921413948E00429C47 /* ghl_settings.h in Headers */,
				A42900931413948E00429C47 /* ghl_shader.h in Headers */,
				A42900941413948E00429C47 /* ghl_sound.h in Headers */,
				A42900951413948E00429C47 /* ghl_system.h in Headers */,
				A42900961413948E00429C47 /* ghl_texture.h in Headers */,
				A42900971413948E00429C47 /* ghl_types.h in Headers */,
				A42900981413948E00429C47 /* ghl_vfs.h in Headers */,
				A42900DD1413949B00429C47 /* image_decoders.h in Headers */,
				A42900DE1413949B00429C47 /* image_file_decoder.h in Headers */,
				A42900E01413949B00429C47 /* image_impl.h in Headers */,
				A42900E21413949B00429C47 /* tga_image_decoder.h in Headers */,
				A42900E41413949B00429C47 /* lucida_console_regular_8.h in Headers */,
				A42900ED1413949B00429C47 /* render_opengl_base.h in Headers */,
				A42900EF1413949B00429C47 /* rendertarget_opengl.h in Headers */,
				A42900F11413949B00429C47 /* shader_glsl.h in Headers */,
				A42900F31413949B00429C47 /* texture_opengl.h in Headers */,
				A42900F51413949B00429C47 /* render_impl.h in Headers */,
				A42900F61413949B00429C47 /* rendertarget_impl.h in Headers */,
				A42900FC1413949B00429C47 /* ghl_sound_decoder.h in Headers */,
				A42900FE1413949B00429C47 /* ghl_sound_impl.h in Headers */,
				A42900FF1413949B00429C47 /* ghl_openal.h in Headers */,
				A42901011413949B00429C47 /* ghl_sound_openal.h in Headers */,
				A42901041413949B00429C47 /* wav_decoder.h in Headers */,
				A42901071413949B00429C47 /* memory_stream.h in Headers */,
				A42901081413949B00429C47 /* vfs_cocoa.h in Headers */,
				A4772A4714169A8B006A9887 /* crc32.h in Headers */,
				A4772A4814169A8B006A9887 /* crypt.h in Headers */,
				A4772A4A14169A8B006A9887 /* deflate.h in Headers */,
				A4772A4C14169A8B006A9887 /* inffast.h in Headers */,
				A4772A4E14169A8B006A9887 /* inflate.h in Headers */,
				A4772A5014169A8B006A9887 /* ioapi.h in Headers */,
				A4772A5214169A8B006A9887 /* zconf.h in Headers */,
				A4772A5414169A8B006A9887 /* zip.h in Headers */,
				A4772A5514169A8B006A9887 /* zlib.h in Headers */,
				A4772A5714169A8B006A9887 /* zutil.h in Headers */,
				A4772A6614169B23006A9887 /* inffixed.h in Headers */,
				A4772A6814169B23006A9887 /* inftrees.h in Headers */,
				A4772A7914169C19006A9887 /* pnglibconf.h in Headers */,
				A4772A7B14169C19006A9887 /* png.h in Headers */,
				A4772A7C14169C19006A9887 /* pngconf.h in Headers */,
				A4772A7D14169C19006A9887 /* pngdebug.h in Headers */,
				A4772A7F14169C19006A9887 /* pnginfo.h in Headers */,
				A4772A8114169C19006A9887 /* pngpriv.h in Headers */,
				A4772A8314169C19006A9887 /* pngstruct.h in Headers */,
				A4EDFDC814169DCD00ED0DC0 /* png_image_decoder.h in Headers */,
				A436FC5314AE6D2800D53CE4 /* ghl_log.h in Headers */,
				A436FC5814AE6D3800D53CE4 /* ghl_log_impl.h in Headers */,
				A41D523014DEB75E008B50E8 /* ghl_ref_counter.h in Headers */,
				A41D523314DEB90B008B50E8 /* ghl_ref_counter_impl.h in Headers */,
				A49E9A6815EA3CE90089568B /* ghl_data.h in Headers */,
				A49E9A6C15EA3D040089568B /* ghl_data_impl.h in Headers */,
				A49E9A7415EA3FE20089568B /* pvrtc_image_decoder.h in Headers */,
				A4FAE274161347ED00D7E055 /* ghl_sound_cocoa.h in Headers */,
				A4B315B916A49E1C001B6001 /* ghl_image_config.h in Headers */,
				A4B315C716A49E1C001B6001 /* jconfig.h in Headers */,
				A4B315D316A49E1C001B6001 /* jdct.h in Headers */,
				A4B315DF16A49E1C001B6001 /* jerror.h in Headers */,
				A4B315E616A49E1C001B6001 /* jinclude.h in Headers */,
				A4B315E916A49E1C001B6001 /* jmemsys.h in Headers */,
				A4B315EA16A49E1C001B6001 /* jmorecfg.h in Headers */,
				A4B315EB16A49E1C001B6001 /* jpegint.h in Headers */,
				A4B315EC16A49E1C001B6001 /* jpeglib.h in Headers */,
				A4B315F016A49E1C001B6001 /* jversion.h in Headers */,
				A4B315F216A49E1C001B6001 /* transupp.h in Headers */,
				A4B315F416A49E1C001B6001 /* jpeg_image_decoder.h in Headers */,
				A4B3160616A49F8A001B6001 /* buffer_impl.h in Headers */,
				A4B3160716A49F8A001B6001 /* texture_impl.h in Headers */,
				A4B3160A16A49F8A001B6001 /* shader_impl.h in Headers */,
				A4B3161216A49FAB001B6001 /* buffers_opengl.h in Headers */,
				A4B3161416A49FAB001B6001 /* glsl_generator.h in Headers */,
				A4B3161E16A4A00C001B6001 /* pfpl_cache.h in Headers */,
				A4B3162016A4A00C001B6001 /* pfpl_render.h in Headers */,
				A4B3162216A4A00C001B6001 /* pfpl_state.h in Headers */,
				A48E3C4E16E67CF4009E2EED /* WinLibCocoaTouchContext.h in Headers */,
				A48E3C5216E67F27009E2EED /* WinLibCocoaTouchContext2.h in Headers */,
				A48E3C8916E6A280009E2EED /* render_opengles.h in Headers */,
				A48E3C8D16E6A35A009E2EED /* gles1_api.h in Headers */,
			);
			runOnlyForDeploymentPostprocessing = 0;
		};
/* End PBXHeadersBuildPhase section */

/* Begin PBXNativeTarget section */
		D2AAC07D0554694100DB518D /* GHL */ = {
			isa = PBXNativeTarget;
			buildConfigurationList = 1DEB921E08733DC00010E9CD /* Build configuration list for PBXNativeTarget "GHL" */;
			buildPhases = (
				D2AAC07A0554694100DB518D /* Headers */,
				D2AAC07B0554694100DB518D /* Sources */,
				D2AAC07C0554694100DB518D /* Frameworks */,
			);
			buildRules = (
			);
			dependencies = (
			);
			name = GHL;
			productName = GHL;
			productReference = D2AAC07E0554694100DB518D /* libGHL-Debug-iphonesimulator.a */;
			productType = "com.apple.product-type.library.static";
		};
/* End PBXNativeTarget section */

/* Begin PBXProject section */
		0867D690FE84028FC02AAC07 /* Project object */ = {
			isa = PBXProject;
			attributes = {
				LastUpgradeCheck = 0420;
				ORGANIZATIONNAME = AndryBlack;
			};
			buildConfigurationList = 1DEB922208733DC00010E9CD /* Build configuration list for PBXProject "GHL" */;
			compatibilityVersion = "Xcode 3.2";
			developmentRegion = English;
			hasScannedForEncodings = 1;
			knownRegions = (
				English,
				Japanese,
				French,
				German,
			);
			mainGroup = 0867D691FE84028FC02AAC07 /* GHL */;
			productRefGroup = 034768DFFF38A50411DB9C8B /* Products */;
			projectDirPath = "";
			projectRoot = "";
			targets = (
				D2AAC07D0554694100DB518D /* GHL */,
			);
		};
/* End PBXProject section */

/* Begin PBXSourcesBuildPhase section */
		D2AAC07B0554694100DB518D /* Sources */ = {
			isa = PBXSourcesBuildPhase;
			buildActionMask = 2147483647;
			files = (
				A42900DC1413949B00429C47 /* image_decoders.cpp in Sources */,
				A42900DF1413949B00429C47 /* image_impl.cpp in Sources */,
				A42900E11413949B00429C47 /* tga_image_decoder.cpp in Sources */,
				A42900E31413949B00429C47 /* lucida_console_regular_8.cpp in Sources */,
				A42900EC1413949B00429C47 /* render_opengl_base.cpp in Sources */,
				A42900EE1413949B00429C47 /* rendertarget_opengl.cpp in Sources */,
				A42900F01413949B00429C47 /* shader_glsl.cpp in Sources */,
				A42900F21413949B00429C47 /* texture_opengl.cpp in Sources */,
				A42900F41413949B00429C47 /* render_impl.cpp in Sources */,
				A42901001413949B00429C47 /* ghl_sound_openal.cpp in Sources */,
				A42901021413949B00429C47 /* sound_decoders.cpp in Sources */,
				A42901031413949B00429C47 /* wav_decoder.cpp in Sources */,
				A42901051413949B00429C47 /* ghl_vfs_factory.cpp in Sources */,
				A42901061413949B00429C47 /* memory_stream.cpp in Sources */,
				A42901091413949B00429C47 /* vfs_cocoa.mm in Sources */,
				A42901101413949B00429C47 /* winlib_cocoatouch.mm in Sources */,
				A4772A4514169A8B006A9887 /* adler32.c in Sources */,
				A4772A4614169A8B006A9887 /* crc32.c in Sources */,
				A4772A4914169A8B006A9887 /* deflate.c in Sources */,
				A4772A4B14169A8B006A9887 /* inffast.c in Sources */,
				A4772A4D14169A8B006A9887 /* inflate.c in Sources */,
				A4772A5314169A8B006A9887 /* zip.c in Sources */,
				A4772A5614169A8B006A9887 /* zutil.c in Sources */,
				A4772A6714169B23006A9887 /* inftrees.c in Sources */,
				A4772A7A14169C19006A9887 /* png.c in Sources */,
				A4772A7E14169C19006A9887 /* pngerror.c in Sources */,
				A4772A8214169C19006A9887 /* pngrutil.c in Sources */,
				A4EDFDC714169DCD00ED0DC0 /* png_image_decoder.cpp in Sources */,
				A4EDFEC91416B14B00ED0DC0 /* pngread.c in Sources */,
				A4EDFECF1416B1C300ED0DC0 /* pngset.c in Sources */,
				A4EDFED51416B20700ED0DC0 /* pngmem.c in Sources */,
				A4EDFEDB1416B24900ED0DC0 /* pngtrans.c in Sources */,
				A4EDFEE21416B28300ED0DC0 /* pngrio.c in Sources */,
				A4EDFEF21416B32C00ED0DC0 /* pngwio.c in Sources */,
				A4EDFEF31416B32C00ED0DC0 /* pngwrite.c in Sources */,
				A4EDFEF41416B32C00ED0DC0 /* pngwtran.c in Sources */,
				A4EDFEF51416B32C00ED0DC0 /* pngwutil.c in Sources */,
				A4EDFF011416B3EE00ED0DC0 /* pngget.c in Sources */,
				A4EDFF071416B45400ED0DC0 /* pngrtran.c in Sources */,
				A4EDFF111416B4E100ED0DC0 /* pngpread.c in Sources */,
				A436FC5714AE6D3800D53CE4 /* ghl_log_impl.cpp in Sources */,
				A49E9A6B15EA3D040089568B /* ghl_data_impl.cpp in Sources */,
				A49E9A7315EA3FE20089568B /* pvrtc_image_decoder.cpp in Sources */,
				A4FAE273161347ED00D7E055 /* ghl_sound_cocoa.cpp in Sources */,
				A4B315B816A49E1C001B6001 /* image_file_decoder.cpp in Sources */,
				A4B315BA16A49E1C001B6001 /* jaricom.c in Sources */,
				A4B315BB16A49E1C001B6001 /* jcapimin.c in Sources */,
				A4B315BC16A49E1C001B6001 /* jcapistd.c in Sources */,
				A4B315BD16A49E1C001B6001 /* jcarith.c in Sources */,
				A4B315BE16A49E1C001B6001 /* jccoefct.c in Sources */,
				A4B315BF16A49E1C001B6001 /* jccolor.c in Sources */,
				A4B315C016A49E1C001B6001 /* jcdctmgr.c in Sources */,
				A4B315C116A49E1C001B6001 /* jchuff.c in Sources */,
				A4B315C216A49E1C001B6001 /* jcinit.c in Sources */,
				A4B315C316A49E1C001B6001 /* jcmainct.c in Sources */,
				A4B315C416A49E1C001B6001 /* jcmarker.c in Sources */,
				A4B315C516A49E1C001B6001 /* jcmaster.c in Sources */,
				A4B315C616A49E1C001B6001 /* jcomapi.c in Sources */,
				A4B315C816A49E1C001B6001 /* jcparam.c in Sources */,
				A4B315C916A49E1C001B6001 /* jcprepct.c in Sources */,
				A4B315CA16A49E1C001B6001 /* jcsample.c in Sources */,
				A4B315CB16A49E1C001B6001 /* jctrans.c in Sources */,
				A4B315CC16A49E1C001B6001 /* jdapimin.c in Sources */,
				A4B315CD16A49E1C001B6001 /* jdapistd.c in Sources */,
				A4B315CE16A49E1C001B6001 /* jdarith.c in Sources */,
				A4B315CF16A49E1C001B6001 /* jdatadst.c in Sources */,
				A4B315D016A49E1C001B6001 /* jdatasrc.c in Sources */,
				A4B315D116A49E1C001B6001 /* jdcoefct.c in Sources */,
				A4B315D216A49E1C001B6001 /* jdcolor.c in Sources */,
				A4B315D416A49E1C001B6001 /* jddctmgr.c in Sources */,
				A4B315D516A49E1C001B6001 /* jdhuff.c in Sources */,
				A4B315D616A49E1C001B6001 /* jdinput.c in Sources */,
				A4B315D716A49E1C001B6001 /* jdmainct.c in Sources */,
				A4B315D816A49E1C001B6001 /* jdmarker.c in Sources */,
				A4B315D916A49E1C001B6001 /* jdmaster.c in Sources */,
				A4B315DA16A49E1C001B6001 /* jdmerge.c in Sources */,
				A4B315DB16A49E1C001B6001 /* jdpostct.c in Sources */,
				A4B315DC16A49E1C001B6001 /* jdsample.c in Sources */,
				A4B315DD16A49E1C001B6001 /* jdtrans.c in Sources */,
				A4B315DE16A49E1C001B6001 /* jerror.c in Sources */,
				A4B315E016A49E1C001B6001 /* jfdctflt.c in Sources */,
				A4B315E116A49E1C001B6001 /* jfdctfst.c in Sources */,
				A4B315E216A49E1C001B6001 /* jfdctint.c in Sources */,
				A4B315E316A49E1C001B6001 /* jidctflt.c in Sources */,
				A4B315E416A49E1C001B6001 /* jidctfst.c in Sources */,
				A4B315E516A49E1C001B6001 /* jidctint.c in Sources */,
				A4B315E716A49E1C001B6001 /* jmemmgr.c in Sources */,
				A4B315E816A49E1C001B6001 /* jmemnobs.c in Sources */,
				A4B315ED16A49E1C001B6001 /* jquant1.c in Sources */,
				A4B315EE16A49E1C001B6001 /* jquant2.c in Sources */,
				A4B315EF16A49E1C001B6001 /* jutils.c in Sources */,
				A4B315F116A49E1C001B6001 /* transupp.c in Sources */,
				A4B315F316A49E1C001B6001 /* jpeg_image_decoder.cpp in Sources */,
				A4B3160516A49F8A001B6001 /* buffer_impl.cpp in Sources */,
				A4B3160816A49F8A001B6001 /* rendertarget_impl.cpp in Sources */,
				A4B3160916A49F8A001B6001 /* shader_impl.cpp in Sources */,
				A4B3160B16A49F8A001B6001 /* texture_impl.cpp in Sources */,
				A4B3161116A49FAB001B6001 /* buffers_opengl.cpp in Sources */,
				A4B3161316A49FAB001B6001 /* glsl_generator.cpp in Sources */,
				A4B3161D16A4A00C001B6001 /* pfpl_cache.cpp in Sources */,
				A4B3161F16A4A00C001B6001 /* pfpl_render.cpp in Sources */,
				A4B3162116A4A00C001B6001 /* pfpl_state.cpp in Sources */,
				A48E3C4F16E67CF4009E2EED /* WinLibCocoaTouchContext.m in Sources */,
				A48E3C5316E67F27009E2EED /* WinLibCocoaTouchContext2.m in Sources */,
				A48E3C8816E6A280009E2EED /* render_opengles.cpp in Sources */,
				A48E3C8C16E6A35A009E2EED /* gles1_api.cpp in Sources */,
			);
			runOnlyForDeploymentPostprocessing = 0;
		};
/* End PBXSourcesBuildPhase section */

/* Begin XCBuildConfiguration section */
		1DEB921F08733DC00010E9CD /* Debug */ = {
			isa = XCBuildConfiguration;
			buildSettings = {
				ALWAYS_SEARCH_USER_PATHS = NO;
				ARCHS = "$(ARCHS_STANDARD_32_BIT)";
				COPY_PHASE_STRIP = NO;
				DSTROOT = /tmp/GHL.dst;
				GCC_DYNAMIC_NO_PIC = NO;
				GCC_MODEL_TUNING = G5;
				GCC_OPTIMIZATION_LEVEL = 0;
				GCC_PRECOMPILE_PREFIX_HEADER = NO;
				GCC_PREFIX_HEADER = "";
				INSTALL_PATH = /usr/local/lib;
				PRODUCT_NAME = "GHL-$(CONFIGURATION)$(EFFECTIVE_PLATFORM_NAME)";
			};
			name = Debug;
		};
		1DEB922008733DC00010E9CD /* Release */ = {
			isa = XCBuildConfiguration;
			buildSettings = {
				ALWAYS_SEARCH_USER_PATHS = NO;
				ARCHS = "$(ARCHS_STANDARD_32_BIT)";
				DSTROOT = /tmp/GHL.dst;
				GCC_MODEL_TUNING = G5;
				GCC_PRECOMPILE_PREFIX_HEADER = NO;
				GCC_PREFIX_HEADER = "";
				INSTALL_PATH = /usr/local/lib;
				PRODUCT_NAME = "GHL-$(CONFIGURATION)$(EFFECTIVE_PLATFORM_NAME)";
			};
			name = Release;
		};
		1DEB922308733DC00010E9CD /* Debug */ = {
			isa = XCBuildConfiguration;
			buildSettings = {
				ARCHS = "$(ARCHS_STANDARD_32_BIT)";
				CONFIGURATION_BUILD_DIR = "$(BUILD_DIR)/";
				GCC_C_LANGUAGE_STANDARD = c99;
				GCC_ENABLE_CPP_EXCEPTIONS = NO;
				GCC_ENABLE_CPP_RTTI = NO;
				GCC_OPTIMIZATION_LEVEL = 0;
				GCC_PREPROCESSOR_DEFINITIONS = (
					GHL_DEBUG,
					GHL_PLATFORM_IOS,
				);
				GCC_SYMBOLS_PRIVATE_EXTERN = YES;
				GCC_WARN_ABOUT_RETURN_TYPE = YES;
				GCC_WARN_UNUSED_VARIABLE = YES;
				OBJROOT = build;
				OTHER_LDFLAGS = "-ObjC";
				SDKROOT = iphoneos;
				SYMROOT = ../../lib;
				TARGETED_DEVICE_FAMILY = "1,2";
			};
			name = Debug;
		};
		1DEB922408733DC00010E9CD /* Release */ = {
			isa = XCBuildConfiguration;
			buildSettings = {
				ARCHS = "$(ARCHS_STANDARD_32_BIT)";
				CONFIGURATION_BUILD_DIR = "$(BUILD_DIR)/";
				GCC_C_LANGUAGE_STANDARD = c99;
				GCC_ENABLE_CPP_EXCEPTIONS = NO;
				GCC_ENABLE_CPP_RTTI = NO;
				GCC_PREPROCESSOR_DEFINITIONS = GHL_PLATFORM_IOS;
				GCC_SYMBOLS_PRIVATE_EXTERN = YES;
				GCC_WARN_ABOUT_RETURN_TYPE = YES;
				GCC_WARN_UNUSED_VARIABLE = YES;
				OBJROOT = build;
				OTHER_LDFLAGS = "-ObjC";
				SDKROOT = iphoneos;
				SYMROOT = ../../lib;
				TARGETED_DEVICE_FAMILY = "1,2";
			};
			name = Release;
		};
/* End XCBuildConfiguration section */

/* Begin XCConfigurationList section */
		1DEB921E08733DC00010E9CD /* Build configuration list for PBXNativeTarget "GHL" */ = {
			isa = XCConfigurationList;
			buildConfigurations = (
				1DEB921F08733DC00010E9CD /* Debug */,
				1DEB922008733DC00010E9CD /* Release */,
			);
			defaultConfigurationIsVisible = 0;
			defaultConfigurationName = Release;
		};
		1DEB922208733DC00010E9CD /* Build configuration list for PBXProject "GHL" */ = {
			isa = XCConfigurationList;
			buildConfigurations = (
				1DEB922308733DC00010E9CD /* Debug */,
				1DEB922408733DC00010E9CD /* Release */,
			);
			defaultConfigurationIsVisible = 0;
			defaultConfigurationName = Release;
		};
/* End XCConfigurationList section */
	};
	rootObject = 0867D690FE84028FC02AAC07 /* Project object */;
}
