// !$*UTF8*$!
{
	archiveVersion = 1;
	classes = {
	};
	objectVersion = 46;
	objects = {

/* Begin PBXBuildFile section */
		A41D523014DEB75E008B50E8 /* ghl_ref_counter.h in Headers */ = {isa = PBXBuildFile; fileRef = A41D522F14DEB75E008B50E8 /* ghl_ref_counter.h */; };
		A41D523314DEB90B008B50E8 /* ghl_ref_counter_impl.h in Headers */ = {isa = PBXBuildFile; fileRef = A41D523214DEB90B008B50E8 /* ghl_ref_counter_impl.h */; };
		A41D524814DF0468008B50E8 /* sound_iphone.cpp in Sources */ = {isa = PBXBuildFile; fileRef = A41D524014DF0468008B50E8 /* sound_iphone.cpp */; };
		A41D524914DF0468008B50E8 /* sound_iphone.h in Headers */ = {isa = PBXBuildFile; fileRef = A41D524114DF0468008B50E8 /* sound_iphone.h */; };
		A41D524A14DF0468008B50E8 /* SoundEngine.cpp in Sources */ = {isa = PBXBuildFile; fileRef = A41D524214DF0468008B50E8 /* SoundEngine.cpp */; };
		A41D524B14DF0468008B50E8 /* SoundEngine.h in Headers */ = {isa = PBXBuildFile; fileRef = A41D524314DF0468008B50E8 /* SoundEngine.h */; };
		A429008A1413948E00429C47 /* ghl_api.h in Headers */ = {isa = PBXBuildFile; fileRef = A429007B1413948E00429C47 /* ghl_api.h */; };
		A429008B1413948E00429C47 /* ghl_application.h in Headers */ = {isa = PBXBuildFile; fileRef = A429007C1413948E00429C47 /* ghl_application.h */; };
		A429008C1413948E00429C47 /* ghl_data_stream.h in Headers */ = {isa = PBXBuildFile; fileRef = A429007D1413948E00429C47 /* ghl_data_stream.h */; };
		A429008D1413948E00429C47 /* ghl_image.h in Headers */ = {isa = PBXBuildFile; fileRef = A429007E1413948E00429C47 /* ghl_image.h */; };
		A429008E1413948E00429C47 /* ghl_image_decoder.h in Headers */ = {isa = PBXBuildFile; fileRef = A429007F1413948E00429C47 /* ghl_image_decoder.h */; };
		A429008F1413948E00429C47 /* ghl_keys.h in Headers */ = {isa = PBXBuildFile; fileRef = A42900801413948E00429C47 /* ghl_keys.h */; };
		A42900901413948E00429C47 /* ghl_render.h in Headers */ = {isa = PBXBuildFile; fileRef = A42900811413948E00429C47 /* ghl_render.h */; };
		A42900911413948E00429C47 /* ghl_render_target.h in Headers */ = {isa = PBXBuildFile; fileRef = A42900821413948E00429C47 /* ghl_render_target.h */; };
		A42900921413948E00429C47 /* ghl_settings.h in Headers */ = {isa = PBXBuildFile; fileRef = A42900831413948E00429C47 /* ghl_settings.h */; };
		A42900931413948E00429C47 /* ghl_shader.h in Headers */ = {isa = PBXBuildFile; fileRef = A42900841413948E00429C47 /* ghl_shader.h */; };
		A42900941413948E00429C47 /* ghl_sound.h in Headers */ = {isa = PBXBuildFile; fileRef = A42900851413948E00429C47 /* ghl_sound.h */; };
		A42900951413948E00429C47 /* ghl_system.h in Headers */ = {isa = PBXBuildFile; fileRef = A42900861413948E00429C47 /* ghl_system.h */; };
		A42900961413948E00429C47 /* ghl_texture.h in Headers */ = {isa = PBXBuildFile; fileRef = A42900871413948E00429C47 /* ghl_texture.h */; };
		A42900971413948E00429C47 /* ghl_types.h in Headers */ = {isa = PBXBuildFile; fileRef = A42900881413948E00429C47 /* ghl_types.h */; };
		A42900981413948E00429C47 /* ghl_vfs.h in Headers */ = {isa = PBXBuildFile; fileRef = A42900891413948E00429C47 /* ghl_vfs.h */; };
		A42900DB1413949B00429C47 /* image_config.h in Headers */ = {isa = PBXBuildFile; fileRef = A429009B1413949B00429C47 /* image_config.h */; };
		A42900DC1413949B00429C47 /* image_decoders.cpp in Sources */ = {isa = PBXBuildFile; fileRef = A429009C1413949B00429C47 /* image_decoders.cpp */; };
		A42900DD1413949B00429C47 /* image_decoders.h in Headers */ = {isa = PBXBuildFile; fileRef = A429009D1413949B00429C47 /* image_decoders.h */; };
		A42900DE1413949B00429C47 /* image_file_decoder.h in Headers */ = {isa = PBXBuildFile; fileRef = A429009E1413949B00429C47 /* image_file_decoder.h */; };
		A42900DF1413949B00429C47 /* image_impl.cpp in Sources */ = {isa = PBXBuildFile; fileRef = A429009F1413949B00429C47 /* image_impl.cpp */; };
		A42900E01413949B00429C47 /* image_impl.h in Headers */ = {isa = PBXBuildFile; fileRef = A42900A01413949B00429C47 /* image_impl.h */; };
		A42900E11413949B00429C47 /* tga_image_decoder.cpp in Sources */ = {isa = PBXBuildFile; fileRef = A42900A11413949B00429C47 /* tga_image_decoder.cpp */; };
		A42900E21413949B00429C47 /* tga_image_decoder.h in Headers */ = {isa = PBXBuildFile; fileRef = A42900A21413949B00429C47 /* tga_image_decoder.h */; };
		A42900E31413949B00429C47 /* lucida_console_regular_8.cpp in Sources */ = {isa = PBXBuildFile; fileRef = A42900A41413949B00429C47 /* lucida_console_regular_8.cpp */; };
		A42900E41413949B00429C47 /* lucida_console_regular_8.h in Headers */ = {isa = PBXBuildFile; fileRef = A42900A51413949B00429C47 /* lucida_console_regular_8.h */; };
		A42900EA1413949B00429C47 /* ghl_opengl.h in Headers */ = {isa = PBXBuildFile; fileRef = A42900AD1413949B00429C47 /* ghl_opengl.h */; };
		A42900EB1413949B00429C47 /* refcount_opengl.h in Headers */ = {isa = PBXBuildFile; fileRef = A42900AE1413949B00429C47 /* refcount_opengl.h */; };
		A42900EC1413949B00429C47 /* render_opengl.cpp in Sources */ = {isa = PBXBuildFile; fileRef = A42900AF1413949B00429C47 /* render_opengl.cpp */; };
		A42900ED1413949B00429C47 /* render_opengl.h in Headers */ = {isa = PBXBuildFile; fileRef = A42900B01413949B00429C47 /* render_opengl.h */; };
		A42900EE1413949B00429C47 /* rendertarget_opengl.cpp in Sources */ = {isa = PBXBuildFile; fileRef = A42900B11413949B00429C47 /* rendertarget_opengl.cpp */; };
		A42900EF1413949B00429C47 /* rendertarget_opengl.h in Headers */ = {isa = PBXBuildFile; fileRef = A42900B21413949B00429C47 /* rendertarget_opengl.h */; };
		A42900F01413949B00429C47 /* shader_glsl.cpp in Sources */ = {isa = PBXBuildFile; fileRef = A42900B31413949B00429C47 /* shader_glsl.cpp */; };
		A42900F11413949B00429C47 /* shader_glsl.h in Headers */ = {isa = PBXBuildFile; fileRef = A42900B41413949B00429C47 /* shader_glsl.h */; };
		A42900F21413949B00429C47 /* texture_opengl.cpp in Sources */ = {isa = PBXBuildFile; fileRef = A42900B51413949B00429C47 /* texture_opengl.cpp */; };
		A42900F31413949B00429C47 /* texture_opengl.h in Headers */ = {isa = PBXBuildFile; fileRef = A42900B61413949B00429C47 /* texture_opengl.h */; };
		A42900F41413949B00429C47 /* render_impl.cpp in Sources */ = {isa = PBXBuildFile; fileRef = A42900B71413949B00429C47 /* render_impl.cpp */; };
		A42900F51413949B00429C47 /* render_impl.h in Headers */ = {isa = PBXBuildFile; fileRef = A42900B81413949B00429C47 /* render_impl.h */; };
		A42900F61413949B00429C47 /* rendertarget_impl.h in Headers */ = {isa = PBXBuildFile; fileRef = A42900B91413949B00429C47 /* rendertarget_impl.h */; };
		A42901051413949B00429C47 /* ghl_vfs_factory.cpp in Sources */ = {isa = PBXBuildFile; fileRef = A42900CC1413949B00429C47 /* ghl_vfs_factory.cpp */; };
		A42901061413949B00429C47 /* memory_stream.cpp in Sources */ = {isa = PBXBuildFile; fileRef = A42900CD1413949B00429C47 /* memory_stream.cpp */; };
		A42901071413949B00429C47 /* memory_stream.h in Headers */ = {isa = PBXBuildFile; fileRef = A42900CE1413949B00429C47 /* memory_stream.h */; };
		A42901081413949B00429C47 /* vfs_cocoa.h in Headers */ = {isa = PBXBuildFile; fileRef = A42900CF1413949B00429C47 /* vfs_cocoa.h */; };
		A42901091413949B00429C47 /* vfs_cocoa.mm in Sources */ = {isa = PBXBuildFile; fileRef = A42900D01413949B00429C47 /* vfs_cocoa.mm */; };
		A436FC5314AE6D2800D53CE4 /* ghl_log.h in Headers */ = {isa = PBXBuildFile; fileRef = A436FC5214AE6D2800D53CE4 /* ghl_log.h */; };
		A436FC5714AE6D3800D53CE4 /* ghl_log_impl.cpp in Sources */ = {isa = PBXBuildFile; fileRef = A436FC5514AE6D3800D53CE4 /* ghl_log_impl.cpp */; };
		A436FC5814AE6D3800D53CE4 /* ghl_log_impl.h in Headers */ = {isa = PBXBuildFile; fileRef = A436FC5614AE6D3800D53CE4 /* ghl_log_impl.h */; };
		A4772A4514169A8B006A9887 /* adler32.c in Sources */ = {isa = PBXBuildFile; fileRef = A4772A3214169A8B006A9887 /* adler32.c */; };
		A4772A4614169A8B006A9887 /* crc32.c in Sources */ = {isa = PBXBuildFile; fileRef = A4772A3314169A8B006A9887 /* crc32.c */; };
		A4772A4714169A8B006A9887 /* crc32.h in Headers */ = {isa = PBXBuildFile; fileRef = A4772A3414169A8B006A9887 /* crc32.h */; };
		A4772A4814169A8B006A9887 /* crypt.h in Headers */ = {isa = PBXBuildFile; fileRef = A4772A3514169A8B006A9887 /* crypt.h */; };
		A4772A4914169A8B006A9887 /* deflate.c in Sources */ = {isa = PBXBuildFile; fileRef = A4772A3614169A8B006A9887 /* deflate.c */; };
		A4772A4A14169A8B006A9887 /* deflate.h in Headers */ = {isa = PBXBuildFile; fileRef = A4772A3714169A8B006A9887 /* deflate.h */; };
		A4772A4B14169A8B006A9887 /* inffast.c in Sources */ = {isa = PBXBuildFile; fileRef = A4772A3814169A8B006A9887 /* inffast.c */; };
		A4772A4C14169A8B006A9887 /* inffast.h in Headers */ = {isa = PBXBuildFile; fileRef = A4772A3914169A8B006A9887 /* inffast.h */; };
		A4772A4D14169A8B006A9887 /* inflate.c in Sources */ = {isa = PBXBuildFile; fileRef = A4772A3A14169A8B006A9887 /* inflate.c */; };
		A4772A4E14169A8B006A9887 /* inflate.h in Headers */ = {isa = PBXBuildFile; fileRef = A4772A3B14169A8B006A9887 /* inflate.h */; };
		A4772A5014169A8B006A9887 /* ioapi.h in Headers */ = {isa = PBXBuildFile; fileRef = A4772A3D14169A8B006A9887 /* ioapi.h */; };
		A4772A5214169A8B006A9887 /* zconf.h in Headers */ = {isa = PBXBuildFile; fileRef = A4772A3F14169A8B006A9887 /* zconf.h */; };
		A4772A5314169A8B006A9887 /* zip.c in Sources */ = {isa = PBXBuildFile; fileRef = A4772A4014169A8B006A9887 /* zip.c */; };
		A4772A5414169A8B006A9887 /* zip.h in Headers */ = {isa = PBXBuildFile; fileRef = A4772A4114169A8B006A9887 /* zip.h */; };
		A4772A5514169A8B006A9887 /* zlib.h in Headers */ = {isa = PBXBuildFile; fileRef = A4772A4214169A8B006A9887 /* zlib.h */; };
		A4772A5614169A8B006A9887 /* zutil.c in Sources */ = {isa = PBXBuildFile; fileRef = A4772A4314169A8B006A9887 /* zutil.c */; };
		A4772A5714169A8B006A9887 /* zutil.h in Headers */ = {isa = PBXBuildFile; fileRef = A4772A4414169A8B006A9887 /* zutil.h */; };
		A4772A6614169B23006A9887 /* inffixed.h in Headers */ = {isa = PBXBuildFile; fileRef = A4772A6314169B23006A9887 /* inffixed.h */; };
		A4772A6714169B23006A9887 /* inftrees.c in Sources */ = {isa = PBXBuildFile; fileRef = A4772A6414169B23006A9887 /* inftrees.c */; };
		A4772A6814169B23006A9887 /* inftrees.h in Headers */ = {isa = PBXBuildFile; fileRef = A4772A6514169B23006A9887 /* inftrees.h */; };
		A4772A7914169C19006A9887 /* pnglibconf.h in Headers */ = {isa = PBXBuildFile; fileRef = A4772A6C14169C19006A9887 /* pnglibconf.h */; };
		A4772A7A14169C19006A9887 /* png.c in Sources */ = {isa = PBXBuildFile; fileRef = A4772A6E14169C19006A9887 /* png.c */; };
		A4772A7B14169C19006A9887 /* png.h in Headers */ = {isa = PBXBuildFile; fileRef = A4772A6F14169C19006A9887 /* png.h */; };
		A4772A7C14169C19006A9887 /* pngconf.h in Headers */ = {isa = PBXBuildFile; fileRef = A4772A7014169C19006A9887 /* pngconf.h */; };
		A4772A7D14169C19006A9887 /* pngdebug.h in Headers */ = {isa = PBXBuildFile; fileRef = A4772A7114169C19006A9887 /* pngdebug.h */; };
		A4772A7E14169C19006A9887 /* pngerror.c in Sources */ = {isa = PBXBuildFile; fileRef = A4772A7214169C19006A9887 /* pngerror.c */; };
		A4772A7F14169C19006A9887 /* pnginfo.h in Headers */ = {isa = PBXBuildFile; fileRef = A4772A7314169C19006A9887 /* pnginfo.h */; };
		A4772A8114169C19006A9887 /* pngpriv.h in Headers */ = {isa = PBXBuildFile; fileRef = A4772A7514169C19006A9887 /* pngpriv.h */; };
		A4772A8214169C19006A9887 /* pngrutil.c in Sources */ = {isa = PBXBuildFile; fileRef = A4772A7614169C19006A9887 /* pngrutil.c */; };
		A4772A8314169C19006A9887 /* pngstruct.h in Headers */ = {isa = PBXBuildFile; fileRef = A4772A7714169C19006A9887 /* pngstruct.h */; };
		A47F7EBE14E6CE99006B37E2 /* winlib_cocoa.h in Headers */ = {isa = PBXBuildFile; fileRef = A47F7EBC14E6CE99006B37E2 /* winlib_cocoa.h */; };
		A47F7EBF14E6CE99006B37E2 /* winlib_cocoa.mm in Sources */ = {isa = PBXBuildFile; fileRef = A47F7EBD14E6CE99006B37E2 /* winlib_cocoa.mm */; };
		A47F7EEA14E6D127006B37E2 /* jpeg_image_decoder.cpp in Sources */ = {isa = PBXBuildFile; fileRef = A47F7EE814E6D127006B37E2 /* jpeg_image_decoder.cpp */; };
		A47F7EEB14E6D127006B37E2 /* jpeg_image_decoder.h in Headers */ = {isa = PBXBuildFile; fileRef = A47F7EE914E6D127006B37E2 /* jpeg_image_decoder.h */; };
		A47F7F2414E6D175006B37E2 /* jaricom.c in Sources */ = {isa = PBXBuildFile; fileRef = A47F7EEE14E6D175006B37E2 /* jaricom.c */; };
		A47F7F2514E6D175006B37E2 /* jcapimin.c in Sources */ = {isa = PBXBuildFile; fileRef = A47F7EEF14E6D175006B37E2 /* jcapimin.c */; };
		A47F7F2614E6D175006B37E2 /* jcapistd.c in Sources */ = {isa = PBXBuildFile; fileRef = A47F7EF014E6D175006B37E2 /* jcapistd.c */; };
		A47F7F2714E6D175006B37E2 /* jcarith.c in Sources */ = {isa = PBXBuildFile; fileRef = A47F7EF114E6D175006B37E2 /* jcarith.c */; };
		A47F7F2814E6D175006B37E2 /* jccoefct.c in Sources */ = {isa = PBXBuildFile; fileRef = A47F7EF214E6D175006B37E2 /* jccoefct.c */; };
		A47F7F2914E6D175006B37E2 /* jccolor.c in Sources */ = {isa = PBXBuildFile; fileRef = A47F7EF314E6D175006B37E2 /* jccolor.c */; };
		A47F7F2A14E6D175006B37E2 /* jcdctmgr.c in Sources */ = {isa = PBXBuildFile; fileRef = A47F7EF414E6D175006B37E2 /* jcdctmgr.c */; };
		A47F7F2B14E6D175006B37E2 /* jchuff.c in Sources */ = {isa = PBXBuildFile; fileRef = A47F7EF514E6D175006B37E2 /* jchuff.c */; };
		A47F7F2C14E6D175006B37E2 /* jcinit.c in Sources */ = {isa = PBXBuildFile; fileRef = A47F7EF614E6D175006B37E2 /* jcinit.c */; };
		A47F7F2D14E6D175006B37E2 /* jcmainct.c in Sources */ = {isa = PBXBuildFile; fileRef = A47F7EF714E6D175006B37E2 /* jcmainct.c */; };
		A47F7F2E14E6D175006B37E2 /* jcmarker.c in Sources */ = {isa = PBXBuildFile; fileRef = A47F7EF814E6D175006B37E2 /* jcmarker.c */; };
		A47F7F2F14E6D175006B37E2 /* jcmaster.c in Sources */ = {isa = PBXBuildFile; fileRef = A47F7EF914E6D175006B37E2 /* jcmaster.c */; };
		A47F7F3014E6D175006B37E2 /* jcomapi.c in Sources */ = {isa = PBXBuildFile; fileRef = A47F7EFA14E6D175006B37E2 /* jcomapi.c */; };
		A47F7F3114E6D175006B37E2 /* jconfig.h in Headers */ = {isa = PBXBuildFile; fileRef = A47F7EFB14E6D175006B37E2 /* jconfig.h */; };
		A47F7F3214E6D175006B37E2 /* jcparam.c in Sources */ = {isa = PBXBuildFile; fileRef = A47F7EFC14E6D175006B37E2 /* jcparam.c */; };
		A47F7F3314E6D175006B37E2 /* jcprepct.c in Sources */ = {isa = PBXBuildFile; fileRef = A47F7EFD14E6D175006B37E2 /* jcprepct.c */; };
		A47F7F3414E6D175006B37E2 /* jcsample.c in Sources */ = {isa = PBXBuildFile; fileRef = A47F7EFE14E6D175006B37E2 /* jcsample.c */; };
		A47F7F3514E6D175006B37E2 /* jctrans.c in Sources */ = {isa = PBXBuildFile; fileRef = A47F7EFF14E6D175006B37E2 /* jctrans.c */; };
		A47F7F3614E6D175006B37E2 /* jdapimin.c in Sources */ = {isa = PBXBuildFile; fileRef = A47F7F0014E6D175006B37E2 /* jdapimin.c */; };
		A47F7F3714E6D175006B37E2 /* jdapistd.c in Sources */ = {isa = PBXBuildFile; fileRef = A47F7F0114E6D175006B37E2 /* jdapistd.c */; };
		A47F7F3814E6D175006B37E2 /* jdarith.c in Sources */ = {isa = PBXBuildFile; fileRef = A47F7F0214E6D175006B37E2 /* jdarith.c */; };
		A47F7F3914E6D175006B37E2 /* jdatadst.c in Sources */ = {isa = PBXBuildFile; fileRef = A47F7F0314E6D175006B37E2 /* jdatadst.c */; };
		A47F7F3A14E6D175006B37E2 /* jdatasrc.c in Sources */ = {isa = PBXBuildFile; fileRef = A47F7F0414E6D175006B37E2 /* jdatasrc.c */; };
		A47F7F3B14E6D175006B37E2 /* jdcoefct.c in Sources */ = {isa = PBXBuildFile; fileRef = A47F7F0514E6D175006B37E2 /* jdcoefct.c */; };
		A47F7F3C14E6D175006B37E2 /* jdcolor.c in Sources */ = {isa = PBXBuildFile; fileRef = A47F7F0614E6D175006B37E2 /* jdcolor.c */; };
		A47F7F3D14E6D175006B37E2 /* jddctmgr.c in Sources */ = {isa = PBXBuildFile; fileRef = A47F7F0714E6D175006B37E2 /* jddctmgr.c */; };
		A47F7F3E14E6D175006B37E2 /* jdhuff.c in Sources */ = {isa = PBXBuildFile; fileRef = A47F7F0814E6D175006B37E2 /* jdhuff.c */; };
		A47F7F3F14E6D175006B37E2 /* jdinput.c in Sources */ = {isa = PBXBuildFile; fileRef = A47F7F0914E6D175006B37E2 /* jdinput.c */; };
		A47F7F4014E6D175006B37E2 /* jdmainct.c in Sources */ = {isa = PBXBuildFile; fileRef = A47F7F0A14E6D175006B37E2 /* jdmainct.c */; };
		A47F7F4114E6D175006B37E2 /* jdmarker.c in Sources */ = {isa = PBXBuildFile; fileRef = A47F7F0B14E6D175006B37E2 /* jdmarker.c */; };
		A47F7F4214E6D175006B37E2 /* jdmaster.c in Sources */ = {isa = PBXBuildFile; fileRef = A47F7F0C14E6D175006B37E2 /* jdmaster.c */; };
		A47F7F4314E6D175006B37E2 /* jdmerge.c in Sources */ = {isa = PBXBuildFile; fileRef = A47F7F0D14E6D175006B37E2 /* jdmerge.c */; };
		A47F7F4414E6D175006B37E2 /* jdpostct.c in Sources */ = {isa = PBXBuildFile; fileRef = A47F7F0E14E6D175006B37E2 /* jdpostct.c */; };
		A47F7F4514E6D175006B37E2 /* jdsample.c in Sources */ = {isa = PBXBuildFile; fileRef = A47F7F0F14E6D175006B37E2 /* jdsample.c */; };
		A47F7F4614E6D175006B37E2 /* jdtrans.c in Sources */ = {isa = PBXBuildFile; fileRef = A47F7F1014E6D175006B37E2 /* jdtrans.c */; };
		A47F7F4714E6D175006B37E2 /* jerror.c in Sources */ = {isa = PBXBuildFile; fileRef = A47F7F1114E6D175006B37E2 /* jerror.c */; };
		A47F7F4814E6D175006B37E2 /* jerror.h in Headers */ = {isa = PBXBuildFile; fileRef = A47F7F1214E6D175006B37E2 /* jerror.h */; };
		A47F7F4914E6D175006B37E2 /* jfdctflt.c in Sources */ = {isa = PBXBuildFile; fileRef = A47F7F1314E6D175006B37E2 /* jfdctflt.c */; };
		A47F7F4A14E6D175006B37E2 /* jfdctfst.c in Sources */ = {isa = PBXBuildFile; fileRef = A47F7F1414E6D175006B37E2 /* jfdctfst.c */; };
		A47F7F4B14E6D175006B37E2 /* jfdctint.c in Sources */ = {isa = PBXBuildFile; fileRef = A47F7F1514E6D175006B37E2 /* jfdctint.c */; };
		A47F7F4C14E6D175006B37E2 /* jidctflt.c in Sources */ = {isa = PBXBuildFile; fileRef = A47F7F1614E6D175006B37E2 /* jidctflt.c */; };
		A47F7F4D14E6D175006B37E2 /* jidctfst.c in Sources */ = {isa = PBXBuildFile; fileRef = A47F7F1714E6D175006B37E2 /* jidctfst.c */; };
		A47F7F4E14E6D175006B37E2 /* jidctint.c in Sources */ = {isa = PBXBuildFile; fileRef = A47F7F1814E6D175006B37E2 /* jidctint.c */; };
		A47F7F4F14E6D175006B37E2 /* jinclude.h in Headers */ = {isa = PBXBuildFile; fileRef = A47F7F1914E6D175006B37E2 /* jinclude.h */; };
		A47F7F5014E6D175006B37E2 /* jmemmgr.c in Sources */ = {isa = PBXBuildFile; fileRef = A47F7F1A14E6D175006B37E2 /* jmemmgr.c */; };
		A47F7F5114E6D175006B37E2 /* jmorecfg.h in Headers */ = {isa = PBXBuildFile; fileRef = A47F7F1B14E6D175006B37E2 /* jmorecfg.h */; };
		A47F7F5214E6D175006B37E2 /* jpegint.h in Headers */ = {isa = PBXBuildFile; fileRef = A47F7F1C14E6D175006B37E2 /* jpegint.h */; };
		A47F7F5314E6D175006B37E2 /* jpeglib.h in Headers */ = {isa = PBXBuildFile; fileRef = A47F7F1D14E6D175006B37E2 /* jpeglib.h */; };
		A47F7F5414E6D175006B37E2 /* jquant1.c in Sources */ = {isa = PBXBuildFile; fileRef = A47F7F1E14E6D175006B37E2 /* jquant1.c */; };
		A47F7F5514E6D175006B37E2 /* jquant2.c in Sources */ = {isa = PBXBuildFile; fileRef = A47F7F1F14E6D175006B37E2 /* jquant2.c */; };
		A47F7F5614E6D175006B37E2 /* jutils.c in Sources */ = {isa = PBXBuildFile; fileRef = A47F7F2014E6D175006B37E2 /* jutils.c */; };
		A47F7F5714E6D175006B37E2 /* jversion.h in Headers */ = {isa = PBXBuildFile; fileRef = A47F7F2114E6D175006B37E2 /* jversion.h */; };
		A47F7F5814E6D175006B37E2 /* transupp.c in Sources */ = {isa = PBXBuildFile; fileRef = A47F7F2214E6D175006B37E2 /* transupp.c */; };
		A47F7F5914E6D175006B37E2 /* transupp.h in Headers */ = {isa = PBXBuildFile; fileRef = A47F7F2314E6D175006B37E2 /* transupp.h */; };
		A47F7F6014E6D1BB006B37E2 /* dynamic_gl.cpp in Sources */ = {isa = PBXBuildFile; fileRef = A47F7F5B14E6D1BB006B37E2 /* dynamic_gl.cpp */; };
		A47F7F6114E6D1BB006B37E2 /* dynamic_gl.h in Headers */ = {isa = PBXBuildFile; fileRef = A47F7F5C14E6D1BB006B37E2 /* dynamic_gl.h */; };
		A47F7F6414E6D1BB006B37E2 /* dynamic_gl_subset.h in Headers */ = {isa = PBXBuildFile; fileRef = A47F7F5F14E6D1BB006B37E2 /* dynamic_gl_subset.h */; };
		A47F7F6D14E6D253006B37E2 /* jdct.h in Headers */ = {isa = PBXBuildFile; fileRef = A47F7F6A14E6D253006B37E2 /* jdct.h */; };
		A47F7F6E14E6D253006B37E2 /* jmemnobs.c in Sources */ = {isa = PBXBuildFile; fileRef = A47F7F6B14E6D253006B37E2 /* jmemnobs.c */; };
		A47F7F6F14E6D253006B37E2 /* jmemsys.h in Headers */ = {isa = PBXBuildFile; fileRef = A47F7F6C14E6D253006B37E2 /* jmemsys.h */; };
		A4EDFDC714169DCD00ED0DC0 /* png_image_decoder.cpp in Sources */ = {isa = PBXBuildFile; fileRef = A4EDFDC514169DCD00ED0DC0 /* png_image_decoder.cpp */; };
		A4EDFDC814169DCD00ED0DC0 /* png_image_decoder.h in Headers */ = {isa = PBXBuildFile; fileRef = A4EDFDC614169DCD00ED0DC0 /* png_image_decoder.h */; };
		A4EDFEC91416B14B00ED0DC0 /* pngread.c in Sources */ = {isa = PBXBuildFile; fileRef = A4EDFEC81416B14B00ED0DC0 /* pngread.c */; };
		A4EDFECF1416B1C300ED0DC0 /* pngset.c in Sources */ = {isa = PBXBuildFile; fileRef = A4EDFECE1416B1C300ED0DC0 /* pngset.c */; };
		A4EDFED51416B20700ED0DC0 /* pngmem.c in Sources */ = {isa = PBXBuildFile; fileRef = A4EDFED41416B20700ED0DC0 /* pngmem.c */; };
		A4EDFEDB1416B24900ED0DC0 /* pngtrans.c in Sources */ = {isa = PBXBuildFile; fileRef = A4EDFEDA1416B24900ED0DC0 /* pngtrans.c */; };
		A4EDFEE21416B28300ED0DC0 /* pngrio.c in Sources */ = {isa = PBXBuildFile; fileRef = A4EDFEE01416B28300ED0DC0 /* pngrio.c */; };
		A4EDFEF21416B32C00ED0DC0 /* pngwio.c in Sources */ = {isa = PBXBuildFile; fileRef = A4EDFEEE1416B32C00ED0DC0 /* pngwio.c */; };
		A4EDFEF31416B32C00ED0DC0 /* pngwrite.c in Sources */ = {isa = PBXBuildFile; fileRef = A4EDFEEF1416B32C00ED0DC0 /* pngwrite.c */; };
		A4EDFEF41416B32C00ED0DC0 /* pngwtran.c in Sources */ = {isa = PBXBuildFile; fileRef = A4EDFEF01416B32C00ED0DC0 /* pngwtran.c */; };
		A4EDFEF51416B32C00ED0DC0 /* pngwutil.c in Sources */ = {isa = PBXBuildFile; fileRef = A4EDFEF11416B32C00ED0DC0 /* pngwutil.c */; };
		A4EDFF011416B3EE00ED0DC0 /* pngget.c in Sources */ = {isa = PBXBuildFile; fileRef = A4EDFF001416B3EE00ED0DC0 /* pngget.c */; };
		A4EDFF071416B45400ED0DC0 /* pngrtran.c in Sources */ = {isa = PBXBuildFile; fileRef = A4EDFF061416B45400ED0DC0 /* pngrtran.c */; };
		A4EDFF111416B4E100ED0DC0 /* pngpread.c in Sources */ = {isa = PBXBuildFile; fileRef = A4EDFF101416B4E100ED0DC0 /* pngpread.c */; };
		AACBBE4A0F95108600F1A2B1 /* Foundation.framework in Frameworks */ = {isa = PBXBuildFile; fileRef = AACBBE490F95108600F1A2B1 /* Foundation.framework */; };
/* End PBXBuildFile section */

/* Begin PBXFileReference section */
		A41D522F14DEB75E008B50E8 /* ghl_ref_counter.h */ = {isa = PBXFileReference; fileEncoding = 4; lastKnownFileType = sourcecode.c.h; path = ghl_ref_counter.h; sourceTree = "<group>"; };
		A41D523214DEB90B008B50E8 /* ghl_ref_counter_impl.h */ = {isa = PBXFileReference; fileEncoding = 4; lastKnownFileType = sourcecode.c.h; path = ghl_ref_counter_impl.h; sourceTree = "<group>"; };
		A41D524014DF0468008B50E8 /* sound_iphone.cpp */ = {isa = PBXFileReference; fileEncoding = 4; lastKnownFileType = sourcecode.cpp.cpp; path = sound_iphone.cpp; sourceTree = "<group>"; };
		A41D524114DF0468008B50E8 /* sound_iphone.h */ = {isa = PBXFileReference; fileEncoding = 4; lastKnownFileType = sourcecode.c.h; path = sound_iphone.h; sourceTree = "<group>"; };
		A41D524214DF0468008B50E8 /* SoundEngine.cpp */ = {isa = PBXFileReference; fileEncoding = 4; lastKnownFileType = sourcecode.cpp.cpp; path = SoundEngine.cpp; sourceTree = "<group>"; };
		A41D524314DF0468008B50E8 /* SoundEngine.h */ = {isa = PBXFileReference; fileEncoding = 4; lastKnownFileType = sourcecode.c.h; path = SoundEngine.h; sourceTree = "<group>"; };
		A429007B1413948E00429C47 /* ghl_api.h */ = {isa = PBXFileReference; fileEncoding = 4; lastKnownFileType = sourcecode.c.h; path = ghl_api.h; sourceTree = "<group>"; };
		A429007C1413948E00429C47 /* ghl_application.h */ = {isa = PBXFileReference; fileEncoding = 4; lastKnownFileType = sourcecode.c.h; path = ghl_application.h; sourceTree = "<group>"; };
		A429007D1413948E00429C47 /* ghl_data_stream.h */ = {isa = PBXFileReference; fileEncoding = 4; lastKnownFileType = sourcecode.c.h; path = ghl_data_stream.h; sourceTree = "<group>"; };
		A429007E1413948E00429C47 /* ghl_image.h */ = {isa = PBXFileReference; fileEncoding = 4; lastKnownFileType = sourcecode.c.h; path = ghl_image.h; sourceTree = "<group>"; };
		A429007F1413948E00429C47 /* ghl_image_decoder.h */ = {isa = PBXFileReference; fileEncoding = 4; lastKnownFileType = sourcecode.c.h; path = ghl_image_decoder.h; sourceTree = "<group>"; };
		A42900801413948E00429C47 /* ghl_keys.h */ = {isa = PBXFileReference; fileEncoding = 4; lastKnownFileType = sourcecode.c.h; path = ghl_keys.h; sourceTree = "<group>"; };
		A42900811413948E00429C47 /* ghl_render.h */ = {isa = PBXFileReference; fileEncoding = 4; lastKnownFileType = sourcecode.c.h; path = ghl_render.h; sourceTree = "<group>"; };
		A42900821413948E00429C47 /* ghl_render_target.h */ = {isa = PBXFileReference; fileEncoding = 4; lastKnownFileType = sourcecode.c.h; path = ghl_render_target.h; sourceTree = "<group>"; };
		A42900831413948E00429C47 /* ghl_settings.h */ = {isa = PBXFileReference; fileEncoding = 4; lastKnownFileType = sourcecode.c.h; path = ghl_settings.h; sourceTree = "<group>"; };
		A42900841413948E00429C47 /* ghl_shader.h */ = {isa = PBXFileReference; fileEncoding = 4; lastKnownFileType = sourcecode.c.h; path = ghl_shader.h; sourceTree = "<group>"; };
		A42900851413948E00429C47 /* ghl_sound.h */ = {isa = PBXFileReference; fileEncoding = 4; lastKnownFileType = sourcecode.c.h; path = ghl_sound.h; sourceTree = "<group>"; };
		A42900861413948E00429C47 /* ghl_system.h */ = {isa = PBXFileReference; fileEncoding = 4; lastKnownFileType = sourcecode.c.h; path = ghl_system.h; sourceTree = "<group>"; };
		A42900871413948E00429C47 /* ghl_texture.h */ = {isa = PBXFileReference; fileEncoding = 4; lastKnownFileType = sourcecode.c.h; path = ghl_texture.h; sourceTree = "<group>"; };
		A42900881413948E00429C47 /* ghl_types.h */ = {isa = PBXFileReference; fileEncoding = 4; lastKnownFileType = sourcecode.c.h; path = ghl_types.h; sourceTree = "<group>"; };
		A42900891413948E00429C47 /* ghl_vfs.h */ = {isa = PBXFileReference; fileEncoding = 4; lastKnownFileType = sourcecode.c.h; path = ghl_vfs.h; sourceTree = "<group>"; };
		A429009B1413949B00429C47 /* image_config.h */ = {isa = PBXFileReference; fileEncoding = 4; lastKnownFileType = sourcecode.c.h; path = image_config.h; sourceTree = "<group>"; };
		A429009C1413949B00429C47 /* image_decoders.cpp */ = {isa = PBXFileReference; fileEncoding = 4; lastKnownFileType = sourcecode.cpp.cpp; path = image_decoders.cpp; sourceTree = "<group>"; };
		A429009D1413949B00429C47 /* image_decoders.h */ = {isa = PBXFileReference; fileEncoding = 4; lastKnownFileType = sourcecode.c.h; path = image_decoders.h; sourceTree = "<group>"; };
		A429009E1413949B00429C47 /* image_file_decoder.h */ = {isa = PBXFileReference; fileEncoding = 4; lastKnownFileType = sourcecode.c.h; path = image_file_decoder.h; sourceTree = "<group>"; };
		A429009F1413949B00429C47 /* image_impl.cpp */ = {isa = PBXFileReference; fileEncoding = 4; lastKnownFileType = sourcecode.cpp.cpp; path = image_impl.cpp; sourceTree = "<group>"; };
		A42900A01413949B00429C47 /* image_impl.h */ = {isa = PBXFileReference; fileEncoding = 4; lastKnownFileType = sourcecode.c.h; path = image_impl.h; sourceTree = "<group>"; };
		A42900A11413949B00429C47 /* tga_image_decoder.cpp */ = {isa = PBXFileReference; fileEncoding = 4; lastKnownFileType = sourcecode.cpp.cpp; path = tga_image_decoder.cpp; sourceTree = "<group>"; };
		A42900A21413949B00429C47 /* tga_image_decoder.h */ = {isa = PBXFileReference; fileEncoding = 4; lastKnownFileType = sourcecode.c.h; path = tga_image_decoder.h; sourceTree = "<group>"; };
		A42900A41413949B00429C47 /* lucida_console_regular_8.cpp */ = {isa = PBXFileReference; fileEncoding = 4; lastKnownFileType = sourcecode.cpp.cpp; path = lucida_console_regular_8.cpp; sourceTree = "<group>"; };
		A42900A51413949B00429C47 /* lucida_console_regular_8.h */ = {isa = PBXFileReference; fileEncoding = 4; lastKnownFileType = sourcecode.c.h; path = lucida_console_regular_8.h; sourceTree = "<group>"; };
		A42900AD1413949B00429C47 /* ghl_opengl.h */ = {isa = PBXFileReference; fileEncoding = 4; lastKnownFileType = sourcecode.c.h; path = ghl_opengl.h; sourceTree = "<group>"; };
		A42900AE1413949B00429C47 /* refcount_opengl.h */ = {isa = PBXFileReference; fileEncoding = 4; lastKnownFileType = sourcecode.c.h; path = refcount_opengl.h; sourceTree = "<group>"; };
		A42900AF1413949B00429C47 /* render_opengl.cpp */ = {isa = PBXFileReference; fileEncoding = 4; lastKnownFileType = sourcecode.cpp.cpp; path = render_opengl.cpp; sourceTree = "<group>"; };
		A42900B01413949B00429C47 /* render_opengl.h */ = {isa = PBXFileReference; fileEncoding = 4; lastKnownFileType = sourcecode.c.h; path = render_opengl.h; sourceTree = "<group>"; };
		A42900B11413949B00429C47 /* rendertarget_opengl.cpp */ = {isa = PBXFileReference; fileEncoding = 4; lastKnownFileType = sourcecode.cpp.cpp; path = rendertarget_opengl.cpp; sourceTree = "<group>"; };
		A42900B21413949B00429C47 /* rendertarget_opengl.h */ = {isa = PBXFileReference; fileEncoding = 4; lastKnownFileType = sourcecode.c.h; path = rendertarget_opengl.h; sourceTree = "<group>"; };
		A42900B31413949B00429C47 /* shader_glsl.cpp */ = {isa = PBXFileReference; fileEncoding = 4; lastKnownFileType = sourcecode.cpp.cpp; path = shader_glsl.cpp; sourceTree = "<group>"; };
		A42900B41413949B00429C47 /* shader_glsl.h */ = {isa = PBXFileReference; fileEncoding = 4; lastKnownFileType = sourcecode.c.h; path = shader_glsl.h; sourceTree = "<group>"; };
		A42900B51413949B00429C47 /* texture_opengl.cpp */ = {isa = PBXFileReference; fileEncoding = 4; lastKnownFileType = sourcecode.cpp.cpp; path = texture_opengl.cpp; sourceTree = "<group>"; };
		A42900B61413949B00429C47 /* texture_opengl.h */ = {isa = PBXFileReference; fileEncoding = 4; lastKnownFileType = sourcecode.c.h; path = texture_opengl.h; sourceTree = "<group>"; };
		A42900B71413949B00429C47 /* render_impl.cpp */ = {isa = PBXFileReference; fileEncoding = 4; lastKnownFileType = sourcecode.cpp.cpp; path = render_impl.cpp; sourceTree = "<group>"; };
		A42900B81413949B00429C47 /* render_impl.h */ = {isa = PBXFileReference; fileEncoding = 4; lastKnownFileType = sourcecode.c.h; path = render_impl.h; sourceTree = "<group>"; };
		A42900B91413949B00429C47 /* rendertarget_impl.h */ = {isa = PBXFileReference; fileEncoding = 4; lastKnownFileType = sourcecode.c.h; path = rendertarget_impl.h; sourceTree = "<group>"; };
		A42900CC1413949B00429C47 /* ghl_vfs_factory.cpp */ = {isa = PBXFileReference; fileEncoding = 4; lastKnownFileType = sourcecode.cpp.cpp; path = ghl_vfs_factory.cpp; sourceTree = "<group>"; };
		A42900CD1413949B00429C47 /* memory_stream.cpp */ = {isa = PBXFileReference; fileEncoding = 4; lastKnownFileType = sourcecode.cpp.cpp; path = memory_stream.cpp; sourceTree = "<group>"; };
		A42900CE1413949B00429C47 /* memory_stream.h */ = {isa = PBXFileReference; fileEncoding = 4; lastKnownFileType = sourcecode.c.h; path = memory_stream.h; sourceTree = "<group>"; };
		A42900CF1413949B00429C47 /* vfs_cocoa.h */ = {isa = PBXFileReference; fileEncoding = 4; lastKnownFileType = sourcecode.c.h; path = vfs_cocoa.h; sourceTree = "<group>"; };
		A42900D01413949B00429C47 /* vfs_cocoa.mm */ = {isa = PBXFileReference; fileEncoding = 4; lastKnownFileType = sourcecode.cpp.objcpp; path = vfs_cocoa.mm; sourceTree = "<group>"; };
		A436FC5214AE6D2800D53CE4 /* ghl_log.h */ = {isa = PBXFileReference; fileEncoding = 4; lastKnownFileType = sourcecode.c.h; path = ghl_log.h; sourceTree = "<group>"; };
		A436FC5514AE6D3800D53CE4 /* ghl_log_impl.cpp */ = {isa = PBXFileReference; fileEncoding = 4; lastKnownFileType = sourcecode.cpp.cpp; path = ghl_log_impl.cpp; sourceTree = "<group>"; };
		A436FC5614AE6D3800D53CE4 /* ghl_log_impl.h */ = {isa = PBXFileReference; fileEncoding = 4; lastKnownFileType = sourcecode.c.h; path = ghl_log_impl.h; sourceTree = "<group>"; };
		A4772A3214169A8B006A9887 /* adler32.c */ = {isa = PBXFileReference; fileEncoding = 4; lastKnownFileType = sourcecode.c.c; path = adler32.c; sourceTree = "<group>"; };
		A4772A3314169A8B006A9887 /* crc32.c */ = {isa = PBXFileReference; fileEncoding = 4; lastKnownFileType = sourcecode.c.c; path = crc32.c; sourceTree = "<group>"; };
		A4772A3414169A8B006A9887 /* crc32.h */ = {isa = PBXFileReference; fileEncoding = 4; lastKnownFileType = sourcecode.c.h; path = crc32.h; sourceTree = "<group>"; };
		A4772A3514169A8B006A9887 /* crypt.h */ = {isa = PBXFileReference; fileEncoding = 4; lastKnownFileType = sourcecode.c.h; path = crypt.h; sourceTree = "<group>"; };
		A4772A3614169A8B006A9887 /* deflate.c */ = {isa = PBXFileReference; fileEncoding = 4; lastKnownFileType = sourcecode.c.c; path = deflate.c; sourceTree = "<group>"; };
		A4772A3714169A8B006A9887 /* deflate.h */ = {isa = PBXFileReference; fileEncoding = 4; lastKnownFileType = sourcecode.c.h; path = deflate.h; sourceTree = "<group>"; };
		A4772A3814169A8B006A9887 /* inffast.c */ = {isa = PBXFileReference; fileEncoding = 4; lastKnownFileType = sourcecode.c.c; path = inffast.c; sourceTree = "<group>"; };
		A4772A3914169A8B006A9887 /* inffast.h */ = {isa = PBXFileReference; fileEncoding = 4; lastKnownFileType = sourcecode.c.h; path = inffast.h; sourceTree = "<group>"; };
		A4772A3A14169A8B006A9887 /* inflate.c */ = {isa = PBXFileReference; fileEncoding = 4; lastKnownFileType = sourcecode.c.c; path = inflate.c; sourceTree = "<group>"; };
		A4772A3B14169A8B006A9887 /* inflate.h */ = {isa = PBXFileReference; fileEncoding = 4; lastKnownFileType = sourcecode.c.h; path = inflate.h; sourceTree = "<group>"; };
		A4772A3D14169A8B006A9887 /* ioapi.h */ = {isa = PBXFileReference; fileEncoding = 4; lastKnownFileType = sourcecode.c.h; path = ioapi.h; sourceTree = "<group>"; };
		A4772A3F14169A8B006A9887 /* zconf.h */ = {isa = PBXFileReference; fileEncoding = 4; lastKnownFileType = sourcecode.c.h; path = zconf.h; sourceTree = "<group>"; };
		A4772A4014169A8B006A9887 /* zip.c */ = {isa = PBXFileReference; fileEncoding = 4; lastKnownFileType = sourcecode.c.c; path = zip.c; sourceTree = "<group>"; };
		A4772A4114169A8B006A9887 /* zip.h */ = {isa = PBXFileReference; fileEncoding = 4; lastKnownFileType = sourcecode.c.h; path = zip.h; sourceTree = "<group>"; };
		A4772A4214169A8B006A9887 /* zlib.h */ = {isa = PBXFileReference; fileEncoding = 4; lastKnownFileType = sourcecode.c.h; path = zlib.h; sourceTree = "<group>"; };
		A4772A4314169A8B006A9887 /* zutil.c */ = {isa = PBXFileReference; fileEncoding = 4; lastKnownFileType = sourcecode.c.c; path = zutil.c; sourceTree = "<group>"; };
		A4772A4414169A8B006A9887 /* zutil.h */ = {isa = PBXFileReference; fileEncoding = 4; lastKnownFileType = sourcecode.c.h; path = zutil.h; sourceTree = "<group>"; };
		A4772A6314169B23006A9887 /* inffixed.h */ = {isa = PBXFileReference; fileEncoding = 4; lastKnownFileType = sourcecode.c.h; path = inffixed.h; sourceTree = "<group>"; };
		A4772A6414169B23006A9887 /* inftrees.c */ = {isa = PBXFileReference; fileEncoding = 4; lastKnownFileType = sourcecode.c.c; path = inftrees.c; sourceTree = "<group>"; };
		A4772A6514169B23006A9887 /* inftrees.h */ = {isa = PBXFileReference; fileEncoding = 4; lastKnownFileType = sourcecode.c.h; path = inftrees.h; sourceTree = "<group>"; };
		A4772A6C14169C19006A9887 /* pnglibconf.h */ = {isa = PBXFileReference; fileEncoding = 4; lastKnownFileType = sourcecode.c.h; path = pnglibconf.h; sourceTree = "<group>"; };
		A4772A6E14169C19006A9887 /* png.c */ = {isa = PBXFileReference; fileEncoding = 4; lastKnownFileType = sourcecode.c.c; path = png.c; sourceTree = "<group>"; };
		A4772A6F14169C19006A9887 /* png.h */ = {isa = PBXFileReference; fileEncoding = 4; lastKnownFileType = sourcecode.c.h; path = png.h; sourceTree = "<group>"; };
		A4772A7014169C19006A9887 /* pngconf.h */ = {isa = PBXFileReference; fileEncoding = 4; lastKnownFileType = sourcecode.c.h; path = pngconf.h; sourceTree = "<group>"; };
		A4772A7114169C19006A9887 /* pngdebug.h */ = {isa = PBXFileReference; fileEncoding = 4; lastKnownFileType = sourcecode.c.h; path = pngdebug.h; sourceTree = "<group>"; };
		A4772A7214169C19006A9887 /* pngerror.c */ = {isa = PBXFileReference; fileEncoding = 4; lastKnownFileType = sourcecode.c.c; path = pngerror.c; sourceTree = "<group>"; };
		A4772A7314169C19006A9887 /* pnginfo.h */ = {isa = PBXFileReference; fileEncoding = 4; lastKnownFileType = sourcecode.c.h; path = pnginfo.h; sourceTree = "<group>"; };
		A4772A7514169C19006A9887 /* pngpriv.h */ = {isa = PBXFileReference; fileEncoding = 4; lastKnownFileType = sourcecode.c.h; path = pngpriv.h; sourceTree = "<group>"; };
		A4772A7614169C19006A9887 /* pngrutil.c */ = {isa = PBXFileReference; fileEncoding = 4; lastKnownFileType = sourcecode.c.c; path = pngrutil.c; sourceTree = "<group>"; };
		A4772A7714169C19006A9887 /* pngstruct.h */ = {isa = PBXFileReference; fileEncoding = 4; lastKnownFileType = sourcecode.c.h; path = pngstruct.h; sourceTree = "<group>"; };
		A47F7EBC14E6CE99006B37E2 /* winlib_cocoa.h */ = {isa = PBXFileReference; fileEncoding = 4; lastKnownFileType = sourcecode.c.h; path = winlib_cocoa.h; sourceTree = "<group>"; };
		A47F7EBD14E6CE99006B37E2 /* winlib_cocoa.mm */ = {isa = PBXFileReference; fileEncoding = 4; lastKnownFileType = sourcecode.cpp.objcpp; path = winlib_cocoa.mm; sourceTree = "<group>"; };
		A47F7EE814E6D127006B37E2 /* jpeg_image_decoder.cpp */ = {isa = PBXFileReference; fileEncoding = 4; lastKnownFileType = sourcecode.cpp.cpp; path = jpeg_image_decoder.cpp; sourceTree = "<group>"; };
		A47F7EE914E6D127006B37E2 /* jpeg_image_decoder.h */ = {isa = PBXFileReference; fileEncoding = 4; lastKnownFileType = sourcecode.c.h; path = jpeg_image_decoder.h; sourceTree = "<group>"; };
		A47F7EEE14E6D175006B37E2 /* jaricom.c */ = {isa = PBXFileReference; fileEncoding = 4; lastKnownFileType = sourcecode.c.c; name = jaricom.c; path = jpeg/jaricom.c; sourceTree = "<group>"; };
		A47F7EEF14E6D175006B37E2 /* jcapimin.c */ = {isa = PBXFileReference; fileEncoding = 4; lastKnownFileType = sourcecode.c.c; name = jcapimin.c; path = jpeg/jcapimin.c; sourceTree = "<group>"; };
		A47F7EF014E6D175006B37E2 /* jcapistd.c */ = {isa = PBXFileReference; fileEncoding = 4; lastKnownFileType = sourcecode.c.c; name = jcapistd.c; path = jpeg/jcapistd.c; sourceTree = "<group>"; };
		A47F7EF114E6D175006B37E2 /* jcarith.c */ = {isa = PBXFileReference; fileEncoding = 4; lastKnownFileType = sourcecode.c.c; name = jcarith.c; path = jpeg/jcarith.c; sourceTree = "<group>"; };
		A47F7EF214E6D175006B37E2 /* jccoefct.c */ = {isa = PBXFileReference; fileEncoding = 4; lastKnownFileType = sourcecode.c.c; name = jccoefct.c; path = jpeg/jccoefct.c; sourceTree = "<group>"; };
		A47F7EF314E6D175006B37E2 /* jccolor.c */ = {isa = PBXFileReference; fileEncoding = 4; lastKnownFileType = sourcecode.c.c; name = jccolor.c; path = jpeg/jccolor.c; sourceTree = "<group>"; };
		A47F7EF414E6D175006B37E2 /* jcdctmgr.c */ = {isa = PBXFileReference; fileEncoding = 4; lastKnownFileType = sourcecode.c.c; name = jcdctmgr.c; path = jpeg/jcdctmgr.c; sourceTree = "<group>"; };
		A47F7EF514E6D175006B37E2 /* jchuff.c */ = {isa = PBXFileReference; fileEncoding = 4; lastKnownFileType = sourcecode.c.c; name = jchuff.c; path = jpeg/jchuff.c; sourceTree = "<group>"; };
		A47F7EF614E6D175006B37E2 /* jcinit.c */ = {isa = PBXFileReference; fileEncoding = 4; lastKnownFileType = sourcecode.c.c; name = jcinit.c; path = jpeg/jcinit.c; sourceTree = "<group>"; };
		A47F7EF714E6D175006B37E2 /* jcmainct.c */ = {isa = PBXFileReference; fileEncoding = 4; lastKnownFileType = sourcecode.c.c; name = jcmainct.c; path = jpeg/jcmainct.c; sourceTree = "<group>"; };
		A47F7EF814E6D175006B37E2 /* jcmarker.c */ = {isa = PBXFileReference; fileEncoding = 4; lastKnownFileType = sourcecode.c.c; name = jcmarker.c; path = jpeg/jcmarker.c; sourceTree = "<group>"; };
		A47F7EF914E6D175006B37E2 /* jcmaster.c */ = {isa = PBXFileReference; fileEncoding = 4; lastKnownFileType = sourcecode.c.c; name = jcmaster.c; path = jpeg/jcmaster.c; sourceTree = "<group>"; };
		A47F7EFA14E6D175006B37E2 /* jcomapi.c */ = {isa = PBXFileReference; fileEncoding = 4; lastKnownFileType = sourcecode.c.c; name = jcomapi.c; path = jpeg/jcomapi.c; sourceTree = "<group>"; };
		A47F7EFB14E6D175006B37E2 /* jconfig.h */ = {isa = PBXFileReference; fileEncoding = 4; lastKnownFileType = sourcecode.c.h; name = jconfig.h; path = jpeg/jconfig.h; sourceTree = "<group>"; };
		A47F7EFC14E6D175006B37E2 /* jcparam.c */ = {isa = PBXFileReference; fileEncoding = 4; lastKnownFileType = sourcecode.c.c; name = jcparam.c; path = jpeg/jcparam.c; sourceTree = "<group>"; };
		A47F7EFD14E6D175006B37E2 /* jcprepct.c */ = {isa = PBXFileReference; fileEncoding = 4; lastKnownFileType = sourcecode.c.c; name = jcprepct.c; path = jpeg/jcprepct.c; sourceTree = "<group>"; };
		A47F7EFE14E6D175006B37E2 /* jcsample.c */ = {isa = PBXFileReference; fileEncoding = 4; lastKnownFileType = sourcecode.c.c; name = jcsample.c; path = jpeg/jcsample.c; sourceTree = "<group>"; };
		A47F7EFF14E6D175006B37E2 /* jctrans.c */ = {isa = PBXFileReference; fileEncoding = 4; lastKnownFileType = sourcecode.c.c; name = jctrans.c; path = jpeg/jctrans.c; sourceTree = "<group>"; };
		A47F7F0014E6D175006B37E2 /* jdapimin.c */ = {isa = PBXFileReference; fileEncoding = 4; lastKnownFileType = sourcecode.c.c; name = jdapimin.c; path = jpeg/jdapimin.c; sourceTree = "<group>"; };
		A47F7F0114E6D175006B37E2 /* jdapistd.c */ = {isa = PBXFileReference; fileEncoding = 4; lastKnownFileType = sourcecode.c.c; name = jdapistd.c; path = jpeg/jdapistd.c; sourceTree = "<group>"; };
		A47F7F0214E6D175006B37E2 /* jdarith.c */ = {isa = PBXFileReference; fileEncoding = 4; lastKnownFileType = sourcecode.c.c; name = jdarith.c; path = jpeg/jdarith.c; sourceTree = "<group>"; };
		A47F7F0314E6D175006B37E2 /* jdatadst.c */ = {isa = PBXFileReference; fileEncoding = 4; lastKnownFileType = sourcecode.c.c; name = jdatadst.c; path = jpeg/jdatadst.c; sourceTree = "<group>"; };
		A47F7F0414E6D175006B37E2 /* jdatasrc.c */ = {isa = PBXFileReference; fileEncoding = 4; lastKnownFileType = sourcecode.c.c; name = jdatasrc.c; path = jpeg/jdatasrc.c; sourceTree = "<group>"; };
		A47F7F0514E6D175006B37E2 /* jdcoefct.c */ = {isa = PBXFileReference; fileEncoding = 4; lastKnownFileType = sourcecode.c.c; name = jdcoefct.c; path = jpeg/jdcoefct.c; sourceTree = "<group>"; };
		A47F7F0614E6D175006B37E2 /* jdcolor.c */ = {isa = PBXFileReference; fileEncoding = 4; lastKnownFileType = sourcecode.c.c; name = jdcolor.c; path = jpeg/jdcolor.c; sourceTree = "<group>"; };
		A47F7F0714E6D175006B37E2 /* jddctmgr.c */ = {isa = PBXFileReference; fileEncoding = 4; lastKnownFileType = sourcecode.c.c; name = jddctmgr.c; path = jpeg/jddctmgr.c; sourceTree = "<group>"; };
		A47F7F0814E6D175006B37E2 /* jdhuff.c */ = {isa = PBXFileReference; fileEncoding = 4; lastKnownFileType = sourcecode.c.c; name = jdhuff.c; path = jpeg/jdhuff.c; sourceTree = "<group>"; };
		A47F7F0914E6D175006B37E2 /* jdinput.c */ = {isa = PBXFileReference; fileEncoding = 4; lastKnownFileType = sourcecode.c.c; name = jdinput.c; path = jpeg/jdinput.c; sourceTree = "<group>"; };
		A47F7F0A14E6D175006B37E2 /* jdmainct.c */ = {isa = PBXFileReference; fileEncoding = 4; lastKnownFileType = sourcecode.c.c; name = jdmainct.c; path = jpeg/jdmainct.c; sourceTree = "<group>"; };
		A47F7F0B14E6D175006B37E2 /* jdmarker.c */ = {isa = PBXFileReference; fileEncoding = 4; lastKnownFileType = sourcecode.c.c; name = jdmarker.c; path = jpeg/jdmarker.c; sourceTree = "<group>"; };
		A47F7F0C14E6D175006B37E2 /* jdmaster.c */ = {isa = PBXFileReference; fileEncoding = 4; lastKnownFileType = sourcecode.c.c; name = jdmaster.c; path = jpeg/jdmaster.c; sourceTree = "<group>"; };
		A47F7F0D14E6D175006B37E2 /* jdmerge.c */ = {isa = PBXFileReference; fileEncoding = 4; lastKnownFileType = sourcecode.c.c; name = jdmerge.c; path = jpeg/jdmerge.c; sourceTree = "<group>"; };
		A47F7F0E14E6D175006B37E2 /* jdpostct.c */ = {isa = PBXFileReference; fileEncoding = 4; lastKnownFileType = sourcecode.c.c; name = jdpostct.c; path = jpeg/jdpostct.c; sourceTree = "<group>"; };
		A47F7F0F14E6D175006B37E2 /* jdsample.c */ = {isa = PBXFileReference; fileEncoding = 4; lastKnownFileType = sourcecode.c.c; name = jdsample.c; path = jpeg/jdsample.c; sourceTree = "<group>"; };
		A47F7F1014E6D175006B37E2 /* jdtrans.c */ = {isa = PBXFileReference; fileEncoding = 4; lastKnownFileType = sourcecode.c.c; name = jdtrans.c; path = jpeg/jdtrans.c; sourceTree = "<group>"; };
		A47F7F1114E6D175006B37E2 /* jerror.c */ = {isa = PBXFileReference; fileEncoding = 4; lastKnownFileType = sourcecode.c.c; name = jerror.c; path = jpeg/jerror.c; sourceTree = "<group>"; };
		A47F7F1214E6D175006B37E2 /* jerror.h */ = {isa = PBXFileReference; fileEncoding = 4; lastKnownFileType = sourcecode.c.h; name = jerror.h; path = jpeg/jerror.h; sourceTree = "<group>"; };
		A47F7F1314E6D175006B37E2 /* jfdctflt.c */ = {isa = PBXFileReference; fileEncoding = 4; lastKnownFileType = sourcecode.c.c; name = jfdctflt.c; path = jpeg/jfdctflt.c; sourceTree = "<group>"; };
		A47F7F1414E6D175006B37E2 /* jfdctfst.c */ = {isa = PBXFileReference; fileEncoding = 4; lastKnownFileType = sourcecode.c.c; name = jfdctfst.c; path = jpeg/jfdctfst.c; sourceTree = "<group>"; };
		A47F7F1514E6D175006B37E2 /* jfdctint.c */ = {isa = PBXFileReference; fileEncoding = 4; lastKnownFileType = sourcecode.c.c; name = jfdctint.c; path = jpeg/jfdctint.c; sourceTree = "<group>"; };
		A47F7F1614E6D175006B37E2 /* jidctflt.c */ = {isa = PBXFileReference; fileEncoding = 4; lastKnownFileType = sourcecode.c.c; name = jidctflt.c; path = jpeg/jidctflt.c; sourceTree = "<group>"; };
		A47F7F1714E6D175006B37E2 /* jidctfst.c */ = {isa = PBXFileReference; fileEncoding = 4; lastKnownFileType = sourcecode.c.c; name = jidctfst.c; path = jpeg/jidctfst.c; sourceTree = "<group>"; };
		A47F7F1814E6D175006B37E2 /* jidctint.c */ = {isa = PBXFileReference; fileEncoding = 4; lastKnownFileType = sourcecode.c.c; name = jidctint.c; path = jpeg/jidctint.c; sourceTree = "<group>"; };
		A47F7F1914E6D175006B37E2 /* jinclude.h */ = {isa = PBXFileReference; fileEncoding = 4; lastKnownFileType = sourcecode.c.h; name = jinclude.h; path = jpeg/jinclude.h; sourceTree = "<group>"; };
		A47F7F1A14E6D175006B37E2 /* jmemmgr.c */ = {isa = PBXFileReference; fileEncoding = 4; lastKnownFileType = sourcecode.c.c; name = jmemmgr.c; path = jpeg/jmemmgr.c; sourceTree = "<group>"; };
		A47F7F1B14E6D175006B37E2 /* jmorecfg.h */ = {isa = PBXFileReference; fileEncoding = 4; lastKnownFileType = sourcecode.c.h; name = jmorecfg.h; path = jpeg/jmorecfg.h; sourceTree = "<group>"; };
		A47F7F1C14E6D175006B37E2 /* jpegint.h */ = {isa = PBXFileReference; fileEncoding = 4; lastKnownFileType = sourcecode.c.h; name = jpegint.h; path = jpeg/jpegint.h; sourceTree = "<group>"; };
		A47F7F1D14E6D175006B37E2 /* jpeglib.h */ = {isa = PBXFileReference; fileEncoding = 4; lastKnownFileType = sourcecode.c.h; name = jpeglib.h; path = jpeg/jpeglib.h; sourceTree = "<group>"; };
		A47F7F1E14E6D175006B37E2 /* jquant1.c */ = {isa = PBXFileReference; fileEncoding = 4; lastKnownFileType = sourcecode.c.c; name = jquant1.c; path = jpeg/jquant1.c; sourceTree = "<group>"; };
		A47F7F1F14E6D175006B37E2 /* jquant2.c */ = {isa = PBXFileReference; fileEncoding = 4; lastKnownFileType = sourcecode.c.c; name = jquant2.c; path = jpeg/jquant2.c; sourceTree = "<group>"; };
		A47F7F2014E6D175006B37E2 /* jutils.c */ = {isa = PBXFileReference; fileEncoding = 4; lastKnownFileType = sourcecode.c.c; name = jutils.c; path = jpeg/jutils.c; sourceTree = "<group>"; };
		A47F7F2114E6D175006B37E2 /* jversion.h */ = {isa = PBXFileReference; fileEncoding = 4; lastKnownFileType = sourcecode.c.h; name = jversion.h; path = jpeg/jversion.h; sourceTree = "<group>"; };
		A47F7F2214E6D175006B37E2 /* transupp.c */ = {isa = PBXFileReference; fileEncoding = 4; lastKnownFileType = sourcecode.c.c; name = transupp.c; path = jpeg/transupp.c; sourceTree = "<group>"; };
		A47F7F2314E6D175006B37E2 /* transupp.h */ = {isa = PBXFileReference; fileEncoding = 4; lastKnownFileType = sourcecode.c.h; name = transupp.h; path = jpeg/transupp.h; sourceTree = "<group>"; };
		A47F7F5B14E6D1BB006B37E2 /* dynamic_gl.cpp */ = {isa = PBXFileReference; fileEncoding = 4; lastKnownFileType = sourcecode.cpp.cpp; path = dynamic_gl.cpp; sourceTree = "<group>"; };
		A47F7F5C14E6D1BB006B37E2 /* dynamic_gl.h */ = {isa = PBXFileReference; fileEncoding = 4; lastKnownFileType = sourcecode.c.h; path = dynamic_gl.h; sourceTree = "<group>"; };
		A47F7F5D14E6D1BB006B37E2 /* dynamic_gl_cpp.inc */ = {isa = PBXFileReference; fileEncoding = 4; lastKnownFileType = sourcecode.pascal; path = dynamic_gl_cpp.inc; sourceTree = "<group>"; };
		A47F7F5E14E6D1BB006B37E2 /* dynamic_gl_h.inc */ = {isa = PBXFileReference; fileEncoding = 4; lastKnownFileType = sourcecode.pascal; path = dynamic_gl_h.inc; sourceTree = "<group>"; };
		A47F7F5F14E6D1BB006B37E2 /* dynamic_gl_subset.h */ = {isa = PBXFileReference; fileEncoding = 4; lastKnownFileType = sourcecode.c.h; path = dynamic_gl_subset.h; sourceTree = "<group>"; };
		A47F7F6A14E6D253006B37E2 /* jdct.h */ = {isa = PBXFileReference; fileEncoding = 4; lastKnownFileType = sourcecode.c.h; name = jdct.h; path = jpeg/jdct.h; sourceTree = "<group>"; };
		A47F7F6B14E6D253006B37E2 /* jmemnobs.c */ = {isa = PBXFileReference; fileEncoding = 4; lastKnownFileType = sourcecode.c.c; name = jmemnobs.c; path = jpeg/jmemnobs.c; sourceTree = "<group>"; };
		A47F7F6C14E6D253006B37E2 /* jmemsys.h */ = {isa = PBXFileReference; fileEncoding = 4; lastKnownFileType = sourcecode.c.h; name = jmemsys.h; path = jpeg/jmemsys.h; sourceTree = "<group>"; };
		A4EDFDC514169DCD00ED0DC0 /* png_image_decoder.cpp */ = {isa = PBXFileReference; fileEncoding = 4; lastKnownFileType = sourcecode.cpp.cpp; path = png_image_decoder.cpp; sourceTree = "<group>"; };
		A4EDFDC614169DCD00ED0DC0 /* png_image_decoder.h */ = {isa = PBXFileReference; fileEncoding = 4; lastKnownFileType = sourcecode.c.h; path = png_image_decoder.h; sourceTree = "<group>"; };
		A4EDFEC81416B14B00ED0DC0 /* pngread.c */ = {isa = PBXFileReference; fileEncoding = 4; lastKnownFileType = sourcecode.c.c; path = pngread.c; sourceTree = "<group>"; };
		A4EDFECE1416B1C300ED0DC0 /* pngset.c */ = {isa = PBXFileReference; fileEncoding = 4; lastKnownFileType = sourcecode.c.c; path = pngset.c; sourceTree = "<group>"; };
		A4EDFED41416B20700ED0DC0 /* pngmem.c */ = {isa = PBXFileReference; fileEncoding = 4; lastKnownFileType = sourcecode.c.c; path = pngmem.c; sourceTree = "<group>"; };
		A4EDFEDA1416B24900ED0DC0 /* pngtrans.c */ = {isa = PBXFileReference; fileEncoding = 4; lastKnownFileType = sourcecode.c.c; path = pngtrans.c; sourceTree = "<group>"; };
		A4EDFEE01416B28300ED0DC0 /* pngrio.c */ = {isa = PBXFileReference; fileEncoding = 4; lastKnownFileType = sourcecode.c.c; path = pngrio.c; sourceTree = "<group>"; };
		A4EDFEEE1416B32C00ED0DC0 /* pngwio.c */ = {isa = PBXFileReference; fileEncoding = 4; lastKnownFileType = sourcecode.c.c; path = pngwio.c; sourceTree = "<group>"; };
		A4EDFEEF1416B32C00ED0DC0 /* pngwrite.c */ = {isa = PBXFileReference; fileEncoding = 4; lastKnownFileType = sourcecode.c.c; path = pngwrite.c; sourceTree = "<group>"; };
		A4EDFEF01416B32C00ED0DC0 /* pngwtran.c */ = {isa = PBXFileReference; fileEncoding = 4; lastKnownFileType = sourcecode.c.c; path = pngwtran.c; sourceTree = "<group>"; };
		A4EDFEF11416B32C00ED0DC0 /* pngwutil.c */ = {isa = PBXFileReference; fileEncoding = 4; lastKnownFileType = sourcecode.c.c; path = pngwutil.c; sourceTree = "<group>"; };
		A4EDFF001416B3EE00ED0DC0 /* pngget.c */ = {isa = PBXFileReference; fileEncoding = 4; lastKnownFileType = sourcecode.c.c; path = pngget.c; sourceTree = "<group>"; };
		A4EDFF061416B45400ED0DC0 /* pngrtran.c */ = {isa = PBXFileReference; fileEncoding = 4; lastKnownFileType = sourcecode.c.c; path = pngrtran.c; sourceTree = "<group>"; };
		A4EDFF101416B4E100ED0DC0 /* pngpread.c */ = {isa = PBXFileReference; fileEncoding = 4; lastKnownFileType = sourcecode.c.c; path = pngpread.c; sourceTree = "<group>"; };
		AACBBE490F95108600F1A2B1 /* Foundation.framework */ = {isa = PBXFileReference; lastKnownFileType = wrapper.framework; name = Foundation.framework; path = System/Library/Frameworks/Foundation.framework; sourceTree = SDKROOT; };
		D2AAC07E0554694100DB518D /* libGHL-OSX_d.a */ = {isa = PBXFileReference; explicitFileType = archive.ar; includeInIndex = 0; path = "libGHL-OSX_d.a"; sourceTree = BUILT_PRODUCTS_DIR; };
/* End PBXFileReference section */

/* Begin PBXFrameworksBuildPhase section */
		D2AAC07C0554694100DB518D /* Frameworks */ = {
			isa = PBXFrameworksBuildPhase;
			buildActionMask = 2147483647;
			files = (
				AACBBE4A0F95108600F1A2B1 /* Foundation.framework in Frameworks */,
			);
			runOnlyForDeploymentPostprocessing = 0;
		};
/* End PBXFrameworksBuildPhase section */

/* Begin PBXGroup section */
		034768DFFF38A50411DB9C8B /* Products */ = {
			isa = PBXGroup;
			children = (
				D2AAC07E0554694100DB518D /* libGHL-OSX_d.a */,
			);
			name = Products;
			sourceTree = "<group>";
		};
		0867D691FE84028FC02AAC07 /* GHL */ = {
			isa = PBXGroup;
			children = (
				A42900991413949B00429C47 /* src */,
				A429007A1413948E00429C47 /* include */,
				0867D69AFE84028FC02AAC07 /* Frameworks */,
				034768DFFF38A50411DB9C8B /* Products */,
			);
			name = GHL;
			sourceTree = "<group>";
		};
		0867D69AFE84028FC02AAC07 /* Frameworks */ = {
			isa = PBXGroup;
			children = (
				AACBBE490F95108600F1A2B1 /* Foundation.framework */,
			);
			name = Frameworks;
			sourceTree = "<group>";
		};
		A41D523B14DF0468008B50E8 /* iOS */ = {
			isa = PBXGroup;
			children = (
				A41D524014DF0468008B50E8 /* sound_iphone.cpp */,
				A41D524114DF0468008B50E8 /* sound_iphone.h */,
				A41D524214DF0468008B50E8 /* SoundEngine.cpp */,
				A41D524314DF0468008B50E8 /* SoundEngine.h */,
			);
			path = iOS;
			sourceTree = "<group>";
		};
		A429007A1413948E00429C47 /* include */ = {
			isa = PBXGroup;
			children = (
				A436FC5214AE6D2800D53CE4 /* ghl_log.h */,
				A429007B1413948E00429C47 /* ghl_api.h */,
				A429007C1413948E00429C47 /* ghl_application.h */,
				A429007D1413948E00429C47 /* ghl_data_stream.h */,
				A429007E1413948E00429C47 /* ghl_image.h */,
				A429007F1413948E00429C47 /* ghl_image_decoder.h */,
				A42900801413948E00429C47 /* ghl_keys.h */,
				A42900811413948E00429C47 /* ghl_render.h */,
				A42900821413948E00429C47 /* ghl_render_target.h */,
				A42900831413948E00429C47 /* ghl_settings.h */,
				A42900841413948E00429C47 /* ghl_shader.h */,
				A42900851413948E00429C47 /* ghl_sound.h */,
				A42900861413948E00429C47 /* ghl_system.h */,
				A42900871413948E00429C47 /* ghl_texture.h */,
				A42900881413948E00429C47 /* ghl_types.h */,
				A42900891413948E00429C47 /* ghl_vfs.h */,
				A41D522F14DEB75E008B50E8 /* ghl_ref_counter.h */,
			);
			name = include;
			path = ../../include;
			sourceTree = SOURCE_ROOT;
		};
		A42900991413949B00429C47 /* src */ = {
			isa = PBXGroup;
			children = (
				A436FC5514AE6D3800D53CE4 /* ghl_log_impl.cpp */,
				A436FC5614AE6D3800D53CE4 /* ghl_log_impl.h */,
				A41D523214DEB90B008B50E8 /* ghl_ref_counter_impl.h */,
				A4772A3114169A8B006A9887 /* zlib */,
				A429009A1413949B00429C47 /* image */,
				A42900A31413949B00429C47 /* render */,
				A42900BA1413949B00429C47 /* sound */,
				A42900CB1413949B00429C47 /* vfs */,
				A42900D51413949B00429C47 /* winlib */,
			);
			name = src;
			path = ../../src;
			sourceTree = SOURCE_ROOT;
		};
		A429009A1413949B00429C47 /* image */ = {
			isa = PBXGroup;
			children = (
				A47F7EED14E6D12F006B37E2 /* libjpeg */,
				A47F7EE814E6D127006B37E2 /* jpeg_image_decoder.cpp */,
				A47F7EE914E6D127006B37E2 /* jpeg_image_decoder.h */,
				A4EDFDC514169DCD00ED0DC0 /* png_image_decoder.cpp */,
				A4EDFDC614169DCD00ED0DC0 /* png_image_decoder.h */,
				A4772A6B14169C19006A9887 /* libpng */,
				A429009B1413949B00429C47 /* image_config.h */,
				A429009C1413949B00429C47 /* image_decoders.cpp */,
				A429009D1413949B00429C47 /* image_decoders.h */,
				A429009E1413949B00429C47 /* image_file_decoder.h */,
				A429009F1413949B00429C47 /* image_impl.cpp */,
				A42900A01413949B00429C47 /* image_impl.h */,
				A42900A11413949B00429C47 /* tga_image_decoder.cpp */,
				A42900A21413949B00429C47 /* tga_image_decoder.h */,
			);
			path = image;
			sourceTree = "<group>";
		};
		A42900A31413949B00429C47 /* render */ = {
			isa = PBXGroup;
			children = (
				A42900A41413949B00429C47 /* lucida_console_regular_8.cpp */,
				A42900A51413949B00429C47 /* lucida_console_regular_8.h */,
				A42900A61413949B00429C47 /* opengl */,
				A42900B71413949B00429C47 /* render_impl.cpp */,
				A42900B81413949B00429C47 /* render_impl.h */,
				A42900B91413949B00429C47 /* rendertarget_impl.h */,
			);
			path = render;
			sourceTree = "<group>";
		};
		A42900A61413949B00429C47 /* opengl */ = {
			isa = PBXGroup;
			children = (
				A47F7F5A14E6D1BB006B37E2 /* dynamic */,
				A42900AD1413949B00429C47 /* ghl_opengl.h */,
				A42900AE1413949B00429C47 /* refcount_opengl.h */,
				A42900AF1413949B00429C47 /* render_opengl.cpp */,
				A42900B01413949B00429C47 /* render_opengl.h */,
				A42900B11413949B00429C47 /* rendertarget_opengl.cpp */,
				A42900B21413949B00429C47 /* rendertarget_opengl.h */,
				A42900B31413949B00429C47 /* shader_glsl.cpp */,
				A42900B41413949B00429C47 /* shader_glsl.h */,
				A42900B51413949B00429C47 /* texture_opengl.cpp */,
				A42900B61413949B00429C47 /* texture_opengl.h */,
			);
			path = opengl;
			sourceTree = "<group>";
		};
		A42900BA1413949B00429C47 /* sound */ = {
			isa = PBXGroup;
			children = (
				A41D523B14DF0468008B50E8 /* iOS */,
			);
			path = sound;
			sourceTree = "<group>";
		};
		A42900CB1413949B00429C47 /* vfs */ = {
			isa = PBXGroup;
			children = (
				A42900CC1413949B00429C47 /* ghl_vfs_factory.cpp */,
				A42900CD1413949B00429C47 /* memory_stream.cpp */,
				A42900CE1413949B00429C47 /* memory_stream.h */,
				A42900CF1413949B00429C47 /* vfs_cocoa.h */,
				A42900D01413949B00429C47 /* vfs_cocoa.mm */,
			);
			path = vfs;
			sourceTree = "<group>";
		};
		A42900D51413949B00429C47 /* winlib */ = {
			isa = PBXGroup;
			children = (
				A47F7EBC14E6CE99006B37E2 /* winlib_cocoa.h */,
				A47F7EBD14E6CE99006B37E2 /* winlib_cocoa.mm */,
			);
			path = winlib;
			sourceTree = "<group>";
		};
		A4772A3114169A8B006A9887 /* zlib */ = {
			isa = PBXGroup;
			children = (
				A4772A6314169B23006A9887 /* inffixed.h */,
				A4772A6414169B23006A9887 /* inftrees.c */,
				A4772A6514169B23006A9887 /* inftrees.h */,
				A4772A3214169A8B006A9887 /* adler32.c */,
				A4772A3314169A8B006A9887 /* crc32.c */,
				A4772A3414169A8B006A9887 /* crc32.h */,
				A4772A3514169A8B006A9887 /* crypt.h */,
				A4772A3614169A8B006A9887 /* deflate.c */,
				A4772A3714169A8B006A9887 /* deflate.h */,
				A4772A3814169A8B006A9887 /* inffast.c */,
				A4772A3914169A8B006A9887 /* inffast.h */,
				A4772A3A14169A8B006A9887 /* inflate.c */,
				A4772A3B14169A8B006A9887 /* inflate.h */,
				A4772A3D14169A8B006A9887 /* ioapi.h */,
				A4772A3F14169A8B006A9887 /* zconf.h */,
				A4772A4014169A8B006A9887 /* zip.c */,
				A4772A4114169A8B006A9887 /* zip.h */,
				A4772A4214169A8B006A9887 /* zlib.h */,
				A4772A4314169A8B006A9887 /* zutil.c */,
				A4772A4414169A8B006A9887 /* zutil.h */,
			);
			path = zlib;
			sourceTree = "<group>";
		};
		A4772A6B14169C19006A9887 /* libpng */ = {
			isa = PBXGroup;
			children = (
				A4EDFF101416B4E100ED0DC0 /* pngpread.c */,
				A4EDFF061416B45400ED0DC0 /* pngrtran.c */,
				A4EDFF001416B3EE00ED0DC0 /* pngget.c */,
				A4EDFEEE1416B32C00ED0DC0 /* pngwio.c */,
				A4EDFEEF1416B32C00ED0DC0 /* pngwrite.c */,
				A4EDFEF01416B32C00ED0DC0 /* pngwtran.c */,
				A4EDFEF11416B32C00ED0DC0 /* pngwutil.c */,
				A4EDFEE01416B28300ED0DC0 /* pngrio.c */,
				A4EDFEDA1416B24900ED0DC0 /* pngtrans.c */,
				A4EDFED41416B20700ED0DC0 /* pngmem.c */,
				A4EDFECE1416B1C300ED0DC0 /* pngset.c */,
				A4EDFEC81416B14B00ED0DC0 /* pngread.c */,
				A4772A6C14169C19006A9887 /* pnglibconf.h */,
				A4772A6E14169C19006A9887 /* png.c */,
				A4772A6F14169C19006A9887 /* png.h */,
				A4772A7014169C19006A9887 /* pngconf.h */,
				A4772A7114169C19006A9887 /* pngdebug.h */,
				A4772A7214169C19006A9887 /* pngerror.c */,
				A4772A7314169C19006A9887 /* pnginfo.h */,
				A4772A7514169C19006A9887 /* pngpriv.h */,
				A4772A7614169C19006A9887 /* pngrutil.c */,
				A4772A7714169C19006A9887 /* pngstruct.h */,
			);
			path = libpng;
			sourceTree = "<group>";
		};
		A47F7EED14E6D12F006B37E2 /* libjpeg */ = {
			isa = PBXGroup;
			children = (
				A47F7F6A14E6D253006B37E2 /* jdct.h */,
				A47F7F6B14E6D253006B37E2 /* jmemnobs.c */,
				A47F7F6C14E6D253006B37E2 /* jmemsys.h */,
				A47F7EEE14E6D175006B37E2 /* jaricom.c */,
				A47F7EEF14E6D175006B37E2 /* jcapimin.c */,
				A47F7EF014E6D175006B37E2 /* jcapistd.c */,
				A47F7EF114E6D175006B37E2 /* jcarith.c */,
				A47F7EF214E6D175006B37E2 /* jccoefct.c */,
				A47F7EF314E6D175006B37E2 /* jccolor.c */,
				A47F7EF414E6D175006B37E2 /* jcdctmgr.c */,
				A47F7EF514E6D175006B37E2 /* jchuff.c */,
				A47F7EF614E6D175006B37E2 /* jcinit.c */,
				A47F7EF714E6D175006B37E2 /* jcmainct.c */,
				A47F7EF814E6D175006B37E2 /* jcmarker.c */,
				A47F7EF914E6D175006B37E2 /* jcmaster.c */,
				A47F7EFA14E6D175006B37E2 /* jcomapi.c */,
				A47F7EFB14E6D175006B37E2 /* jconfig.h */,
				A47F7EFC14E6D175006B37E2 /* jcparam.c */,
				A47F7EFD14E6D175006B37E2 /* jcprepct.c */,
				A47F7EFE14E6D175006B37E2 /* jcsample.c */,
				A47F7EFF14E6D175006B37E2 /* jctrans.c */,
				A47F7F0014E6D175006B37E2 /* jdapimin.c */,
				A47F7F0114E6D175006B37E2 /* jdapistd.c */,
				A47F7F0214E6D175006B37E2 /* jdarith.c */,
				A47F7F0314E6D175006B37E2 /* jdatadst.c */,
				A47F7F0414E6D175006B37E2 /* jdatasrc.c */,
				A47F7F0514E6D175006B37E2 /* jdcoefct.c */,
				A47F7F0614E6D175006B37E2 /* jdcolor.c */,
				A47F7F0714E6D175006B37E2 /* jddctmgr.c */,
				A47F7F0814E6D175006B37E2 /* jdhuff.c */,
				A47F7F0914E6D175006B37E2 /* jdinput.c */,
				A47F7F0A14E6D175006B37E2 /* jdmainct.c */,
				A47F7F0B14E6D175006B37E2 /* jdmarker.c */,
				A47F7F0C14E6D175006B37E2 /* jdmaster.c */,
				A47F7F0D14E6D175006B37E2 /* jdmerge.c */,
				A47F7F0E14E6D175006B37E2 /* jdpostct.c */,
				A47F7F0F14E6D175006B37E2 /* jdsample.c */,
				A47F7F1014E6D175006B37E2 /* jdtrans.c */,
				A47F7F1114E6D175006B37E2 /* jerror.c */,
				A47F7F1214E6D175006B37E2 /* jerror.h */,
				A47F7F1314E6D175006B37E2 /* jfdctflt.c */,
				A47F7F1414E6D175006B37E2 /* jfdctfst.c */,
				A47F7F1514E6D175006B37E2 /* jfdctint.c */,
				A47F7F1614E6D175006B37E2 /* jidctflt.c */,
				A47F7F1714E6D175006B37E2 /* jidctfst.c */,
				A47F7F1814E6D175006B37E2 /* jidctint.c */,
				A47F7F1914E6D175006B37E2 /* jinclude.h */,
				A47F7F1A14E6D175006B37E2 /* jmemmgr.c */,
				A47F7F1B14E6D175006B37E2 /* jmorecfg.h */,
				A47F7F1C14E6D175006B37E2 /* jpegint.h */,
				A47F7F1D14E6D175006B37E2 /* jpeglib.h */,
				A47F7F1E14E6D175006B37E2 /* jquant1.c */,
				A47F7F1F14E6D175006B37E2 /* jquant2.c */,
				A47F7F2014E6D175006B37E2 /* jutils.c */,
				A47F7F2114E6D175006B37E2 /* jversion.h */,
				A47F7F2214E6D175006B37E2 /* transupp.c */,
				A47F7F2314E6D175006B37E2 /* transupp.h */,
			);
			name = libjpeg;
			sourceTree = "<group>";
		};
		A47F7F5A14E6D1BB006B37E2 /* dynamic */ = {
			isa = PBXGroup;
			children = (
				A47F7F5B14E6D1BB006B37E2 /* dynamic_gl.cpp */,
				A47F7F5C14E6D1BB006B37E2 /* dynamic_gl.h */,
				A47F7F5D14E6D1BB006B37E2 /* dynamic_gl_cpp.inc */,
				A47F7F5E14E6D1BB006B37E2 /* dynamic_gl_h.inc */,
				A47F7F5F14E6D1BB006B37E2 /* dynamic_gl_subset.h */,
			);
			path = dynamic;
			sourceTree = "<group>";
		};
/* End PBXGroup section */

/* Begin PBXHeadersBuildPhase section */
		D2AAC07A0554694100DB518D /* Headers */ = {
			isa = PBXHeadersBuildPhase;
			buildActionMask = 2147483647;
			files = (
				A429008A1413948E00429C47 /* ghl_api.h in Headers */,
				A429008B1413948E00429C47 /* ghl_application.h in Headers */,
				A429008C1413948E00429C47 /* ghl_data_stream.h in Headers */,
				A429008D1413948E00429C47 /* ghl_image.h in Headers */,
				A429008E1413948E00429C47 /* ghl_image_decoder.h in Headers */,
				A429008F1413948E00429C47 /* ghl_keys.h in Headers */,
				A42900901413948E00429C47 /* ghl_render.h in Headers */,
				A42900911413948E00429C47 /* ghl_render_target.h in Headers */,
				A42900921413948E00429C47 /* ghl_settings.h in Headers */,
				A42900931413948E00429C47 /* ghl_shader.h in Headers */,
				A42900941413948E00429C47 /* ghl_sound.h in Headers */,
				A42900951413948E00429C47 /* ghl_system.h in Headers */,
				A42900961413948E00429C47 /* ghl_texture.h in Headers */,
				A42900971413948E00429C47 /* ghl_types.h in Headers */,
				A42900981413948E00429C47 /* ghl_vfs.h in Headers */,
				A42900DB1413949B00429C47 /* image_config.h in Headers */,
				A42900DD1413949B00429C47 /* image_decoders.h in Headers */,
				A42900DE1413949B00429C47 /* image_file_decoder.h in Headers */,
				A42900E01413949B00429C47 /* image_impl.h in Headers */,
				A42900E21413949B00429C47 /* tga_image_decoder.h in Headers */,
				A42900E41413949B00429C47 /* lucida_console_regular_8.h in Headers */,
				A42900EA1413949B00429C47 /* ghl_opengl.h in Headers */,
				A42900EB1413949B00429C47 /* refcount_opengl.h in Headers */,
				A42900ED1413949B00429C47 /* render_opengl.h in Headers */,
				A42900EF1413949B00429C47 /* rendertarget_opengl.h in Headers */,
				A42900F11413949B00429C47 /* shader_glsl.h in Headers */,
				A42900F31413949B00429C47 /* texture_opengl.h in Headers */,
				A42900F51413949B00429C47 /* render_impl.h in Headers */,
				A42900F61413949B00429C47 /* rendertarget_impl.h in Headers */,
				A42901071413949B00429C47 /* memory_stream.h in Headers */,
				A42901081413949B00429C47 /* vfs_cocoa.h in Headers */,
				A4772A4714169A8B006A9887 /* crc32.h in Headers */,
				A4772A4814169A8B006A9887 /* crypt.h in Headers */,
				A4772A4A14169A8B006A9887 /* deflate.h in Headers */,
				A4772A4C14169A8B006A9887 /* inffast.h in Headers */,
				A4772A4E14169A8B006A9887 /* inflate.h in Headers */,
				A4772A5014169A8B006A9887 /* ioapi.h in Headers */,
				A4772A5214169A8B006A9887 /* zconf.h in Headers */,
				A4772A5414169A8B006A9887 /* zip.h in Headers */,
				A4772A5514169A8B006A9887 /* zlib.h in Headers */,
				A4772A5714169A8B006A9887 /* zutil.h in Headers */,
				A4772A6614169B23006A9887 /* inffixed.h in Headers */,
				A4772A6814169B23006A9887 /* inftrees.h in Headers */,
				A4772A7914169C19006A9887 /* pnglibconf.h in Headers */,
				A4772A7B14169C19006A9887 /* png.h in Headers */,
				A4772A7C14169C19006A9887 /* pngconf.h in Headers */,
				A4772A7D14169C19006A9887 /* pngdebug.h in Headers */,
				A4772A7F14169C19006A9887 /* pnginfo.h in Headers */,
				A4772A8114169C19006A9887 /* pngpriv.h in Headers */,
				A4772A8314169C19006A9887 /* pngstruct.h in Headers */,
				A4EDFDC814169DCD00ED0DC0 /* png_image_decoder.h in Headers */,
				A436FC5314AE6D2800D53CE4 /* ghl_log.h in Headers */,
				A436FC5814AE6D3800D53CE4 /* ghl_log_impl.h in Headers */,
				A41D523014DEB75E008B50E8 /* ghl_ref_counter.h in Headers */,
				A41D523314DEB90B008B50E8 /* ghl_ref_counter_impl.h in Headers */,
				A41D524914DF0468008B50E8 /* sound_iphone.h in Headers */,
				A41D524B14DF0468008B50E8 /* SoundEngine.h in Headers */,
				A47F7EBE14E6CE99006B37E2 /* winlib_cocoa.h in Headers */,
				A47F7EEB14E6D127006B37E2 /* jpeg_image_decoder.h in Headers */,
				A47F7F3114E6D175006B37E2 /* jconfig.h in Headers */,
				A47F7F4814E6D175006B37E2 /* jerror.h in Headers */,
				A47F7F4F14E6D175006B37E2 /* jinclude.h in Headers */,
				A47F7F5114E6D175006B37E2 /* jmorecfg.h in Headers */,
				A47F7F5214E6D175006B37E2 /* jpegint.h in Headers */,
				A47F7F5314E6D175006B37E2 /* jpeglib.h in Headers */,
				A47F7F5714E6D175006B37E2 /* jversion.h in Headers */,
				A47F7F5914E6D175006B37E2 /* transupp.h in Headers */,
				A47F7F6114E6D1BB006B37E2 /* dynamic_gl.h in Headers */,
				A47F7F6414E6D1BB006B37E2 /* dynamic_gl_subset.h in Headers */,
				A47F7F6D14E6D253006B37E2 /* jdct.h in Headers */,
				A47F7F6F14E6D253006B37E2 /* jmemsys.h in Headers */,
			);
			runOnlyForDeploymentPostprocessing = 0;
		};
/* End PBXHeadersBuildPhase section */

/* Begin PBXNativeTarget section */
		D2AAC07D0554694100DB518D /* GHL */ = {
			isa = PBXNativeTarget;
			buildConfigurationList = 1DEB921E08733DC00010E9CD /* Build configuration list for PBXNativeTarget "GHL" */;
			buildPhases = (
				D2AAC07A0554694100DB518D /* Headers */,
				D2AAC07B0554694100DB518D /* Sources */,
				D2AAC07C0554694100DB518D /* Frameworks */,
			);
			buildRules = (
			);
			dependencies = (
			);
			name = GHL;
			productName = GHL;
			productReference = D2AAC07E0554694100DB518D /* libGHL-OSX_d.a */;
			productType = "com.apple.product-type.library.static";
		};
/* End PBXNativeTarget section */

/* Begin PBXProject section */
		0867D690FE84028FC02AAC07 /* Project object */ = {
			isa = PBXProject;
			attributes = {
				LastUpgradeCheck = 0420;
				ORGANIZATIONNAME = AndryBlack;
			};
			buildConfigurationList = 1DEB922208733DC00010E9CD /* Build configuration list for PBXProject "GHL" */;
			compatibilityVersion = "Xcode 3.2";
			developmentRegion = English;
			hasScannedForEncodings = 1;
			knownRegions = (
				English,
				Japanese,
				French,
				German,
			);
			mainGroup = 0867D691FE84028FC02AAC07 /* GHL */;
			productRefGroup = 034768DFFF38A50411DB9C8B /* Products */;
			projectDirPath = "";
			projectRoot = "";
			targets = (
				D2AAC07D0554694100DB518D /* GHL */,
			);
		};
/* End PBXProject section */

/* Begin PBXSourcesBuildPhase section */
		D2AAC07B0554694100DB518D /* Sources */ = {
			isa = PBXSourcesBuildPhase;
			buildActionMask = 2147483647;
			files = (
				A42900DC1413949B00429C47 /* image_decoders.cpp in Sources */,
				A42900DF1413949B00429C47 /* image_impl.cpp in Sources */,
				A42900E11413949B00429C47 /* tga_image_decoder.cpp in Sources */,
				A42900E31413949B00429C47 /* lucida_console_regular_8.cpp in Sources */,
				A42900EC1413949B00429C47 /* render_opengl.cpp in Sources */,
				A42900EE1413949B00429C47 /* rendertarget_opengl.cpp in Sources */,
				A42900F01413949B00429C47 /* shader_glsl.cpp in Sources */,
				A42900F21413949B00429C47 /* texture_opengl.cpp in Sources */,
				A42900F41413949B00429C47 /* render_impl.cpp in Sources */,
				A42901051413949B00429C47 /* ghl_vfs_factory.cpp in Sources */,
				A42901061413949B00429C47 /* memory_stream.cpp in Sources */,
				A42901091413949B00429C47 /* vfs_cocoa.mm in Sources */,
				A4772A4514169A8B006A9887 /* adler32.c in Sources */,
				A4772A4614169A8B006A9887 /* crc32.c in Sources */,
				A4772A4914169A8B006A9887 /* deflate.c in Sources */,
				A4772A4B14169A8B006A9887 /* inffast.c in Sources */,
				A4772A4D14169A8B006A9887 /* inflate.c in Sources */,
				A4772A5314169A8B006A9887 /* zip.c in Sources */,
				A4772A5614169A8B006A9887 /* zutil.c in Sources */,
				A4772A6714169B23006A9887 /* inftrees.c in Sources */,
				A4772A7A14169C19006A9887 /* png.c in Sources */,
				A4772A7E14169C19006A9887 /* pngerror.c in Sources */,
				A4772A8214169C19006A9887 /* pngrutil.c in Sources */,
				A4EDFDC714169DCD00ED0DC0 /* png_image_decoder.cpp in Sources */,
				A4EDFEC91416B14B00ED0DC0 /* pngread.c in Sources */,
				A4EDFECF1416B1C300ED0DC0 /* pngset.c in Sources */,
				A4EDFED51416B20700ED0DC0 /* pngmem.c in Sources */,
				A4EDFEDB1416B24900ED0DC0 /* pngtrans.c in Sources */,
				A4EDFEE21416B28300ED0DC0 /* pngrio.c in Sources */,
				A4EDFEF21416B32C00ED0DC0 /* pngwio.c in Sources */,
				A4EDFEF31416B32C00ED0DC0 /* pngwrite.c in Sources */,
				A4EDFEF41416B32C00ED0DC0 /* pngwtran.c in Sources */,
				A4EDFEF51416B32C00ED0DC0 /* pngwutil.c in Sources */,
				A4EDFF011416B3EE00ED0DC0 /* pngget.c in Sources */,
				A4EDFF071416B45400ED0DC0 /* pngrtran.c in Sources */,
				A4EDFF111416B4E100ED0DC0 /* pngpread.c in Sources */,
				A436FC5714AE6D3800D53CE4 /* ghl_log_impl.cpp in Sources */,
				A41D524814DF0468008B50E8 /* sound_iphone.cpp in Sources */,
				A41D524A14DF0468008B50E8 /* SoundEngine.cpp in Sources */,
				A47F7EBF14E6CE99006B37E2 /* winlib_cocoa.mm in Sources */,
				A47F7EEA14E6D127006B37E2 /* jpeg_image_decoder.cpp in Sources */,
				A47F7F2414E6D175006B37E2 /* jaricom.c in Sources */,
				A47F7F2514E6D175006B37E2 /* jcapimin.c in Sources */,
				A47F7F2614E6D175006B37E2 /* jcapistd.c in Sources */,
				A47F7F2714E6D175006B37E2 /* jcarith.c in Sources */,
				A47F7F2814E6D175006B37E2 /* jccoefct.c in Sources */,
				A47F7F2914E6D175006B37E2 /* jccolor.c in Sources */,
				A47F7F2A14E6D175006B37E2 /* jcdctmgr.c in Sources */,
				A47F7F2B14E6D175006B37E2 /* jchuff.c in Sources */,
				A47F7F2C14E6D175006B37E2 /* jcinit.c in Sources */,
				A47F7F2D14E6D175006B37E2 /* jcmainct.c in Sources */,
				A47F7F2E14E6D175006B37E2 /* jcmarker.c in Sources */,
				A47F7F2F14E6D175006B37E2 /* jcmaster.c in Sources */,
				A47F7F3014E6D175006B37E2 /* jcomapi.c in Sources */,
				A47F7F3214E6D175006B37E2 /* jcparam.c in Sources */,
				A47F7F3314E6D175006B37E2 /* jcprepct.c in Sources */,
				A47F7F3414E6D175006B37E2 /* jcsample.c in Sources */,
				A47F7F3514E6D175006B37E2 /* jctrans.c in Sources */,
				A47F7F3614E6D175006B37E2 /* jdapimin.c in Sources */,
				A47F7F3714E6D175006B37E2 /* jdapistd.c in Sources */,
				A47F7F3814E6D175006B37E2 /* jdarith.c in Sources */,
				A47F7F3914E6D175006B37E2 /* jdatadst.c in Sources */,
				A47F7F3A14E6D175006B37E2 /* jdatasrc.c in Sources */,
				A47F7F3B14E6D175006B37E2 /* jdcoefct.c in Sources */,
				A47F7F3C14E6D175006B37E2 /* jdcolor.c in Sources */,
				A47F7F3D14E6D175006B37E2 /* jddctmgr.c in Sources */,
				A47F7F3E14E6D175006B37E2 /* jdhuff.c in Sources */,
				A47F7F3F14E6D175006B37E2 /* jdinput.c in Sources */,
				A47F7F4014E6D175006B37E2 /* jdmainct.c in Sources */,
				A47F7F4114E6D175006B37E2 /* jdmarker.c in Sources */,
				A47F7F4214E6D175006B37E2 /* jdmaster.c in Sources */,
				A47F7F4314E6D175006B37E2 /* jdmerge.c in Sources */,
				A47F7F4414E6D175006B37E2 /* jdpostct.c in Sources */,
				A47F7F4514E6D175006B37E2 /* jdsample.c in Sources */,
				A47F7F4614E6D175006B37E2 /* jdtrans.c in Sources */,
				A47F7F4714E6D175006B37E2 /* jerror.c in Sources */,
				A47F7F4914E6D175006B37E2 /* jfdctflt.c in Sources */,
				A47F7F4A14E6D175006B37E2 /* jfdctfst.c in Sources */,
				A47F7F4B14E6D175006B37E2 /* jfdctint.c in Sources */,
				A47F7F4C14E6D175006B37E2 /* jidctflt.c in Sources */,
				A47F7F4D14E6D175006B37E2 /* jidctfst.c in Sources */,
				A47F7F4E14E6D175006B37E2 /* jidctint.c in Sources */,
				A47F7F5014E6D175006B37E2 /* jmemmgr.c in Sources */,
				A47F7F5414E6D175006B37E2 /* jquant1.c in Sources */,
				A47F7F5514E6D175006B37E2 /* jquant2.c in Sources */,
				A47F7F5614E6D175006B37E2 /* jutils.c in Sources */,
				A47F7F5814E6D175006B37E2 /* transupp.c in Sources */,
				A47F7F6014E6D1BB006B37E2 /* dynamic_gl.cpp in Sources */,
				A47F7F6E14E6D253006B37E2 /* jmemnobs.c in Sources */,
			);
			runOnlyForDeploymentPostprocessing = 0;
		};
/* End PBXSourcesBuildPhase section */

/* Begin XCBuildConfiguration section */
		1DEB921F08733DC00010E9CD /* Debug */ = {
			isa = XCBuildConfiguration;
			buildSettings = {
				ALWAYS_SEARCH_USER_PATHS = NO;
				COPY_PHASE_STRIP = NO;
				DSTROOT = /tmp/GHL.dst;
				GCC_DYNAMIC_NO_PIC = NO;
				GCC_MODEL_TUNING = G5;
				GCC_OPTIMIZATION_LEVEL = 0;
				GCC_PRECOMPILE_PREFIX_HEADER = NO;
				GCC_PREFIX_HEADER = "";
				INSTALL_PATH = /usr/local/lib;
				PRODUCT_NAME = "GHL-OSX_d";
			};
			name = Debug;
		};
		1DEB922008733DC00010E9CD /* Release */ = {
			isa = XCBuildConfiguration;
			buildSettings = {
				ALWAYS_SEARCH_USER_PATHS = NO;
				DSTROOT = /tmp/GHL.dst;
				GCC_MODEL_TUNING = G5;
				GCC_PRECOMPILE_PREFIX_HEADER = NO;
				GCC_PREFIX_HEADER = "";
				INSTALL_PATH = /usr/local/lib;
				PRODUCT_NAME = "GHL-OSX";
			};
			name = Release;
		};
		1DEB922308733DC00010E9CD /* Debug */ = {
			isa = XCBuildConfiguration;
			buildSettings = {
				ARCHS = (
					armv6,
					armv7,
					"$(ARCHS_STANDARD_32_BIT)",
				);
				CONFIGURATION_BUILD_DIR = "$(BUILD_DIR)/";
				GCC_C_LANGUAGE_STANDARD = c99;
				GCC_ENABLE_CPP_EXCEPTIONS = NO;
				GCC_ENABLE_CPP_RTTI = NO;
				GCC_OPTIMIZATION_LEVEL = 0;
				GCC_PREPROCESSOR_DEFINITIONS = (
					GHL_DEBUG,
					GHL_PLATFORM_MAC,
				);
				GCC_SYMBOLS_PRIVATE_EXTERN = YES;
				GCC_WARN_ABOUT_RETURN_TYPE = YES;
				GCC_WARN_UNUSED_VARIABLE = YES;
				OBJROOT = build;
				OTHER_LDFLAGS = "-ObjC";
				SDKROOT = macosx;
				SYMROOT = ../../lib;
				TARGETED_DEVICE_FAMILY = "1,2";
			};
			name = Debug;
		};
		1DEB922408733DC00010E9CD /* Release */ = {
			isa = XCBuildConfiguration;
			buildSettings = {
				ARCHS = (
					armv6,
					armv7,
					"$(ARCHS_STANDARD_32_BIT)",
				);
				CONFIGURATION_BUILD_DIR = "$(BUILD_DIR)/";
				GCC_C_LANGUAGE_STANDARD = c99;
				GCC_ENABLE_CPP_EXCEPTIONS = NO;
				GCC_ENABLE_CPP_RTTI = NO;
				GCC_PREPROCESSOR_DEFINITIONS = GHL_PLATFORM_MAC;
				GCC_SYMBOLS_PRIVATE_EXTERN = YES;
				GCC_WARN_ABOUT_RETURN_TYPE = YES;
				GCC_WARN_UNUSED_VARIABLE = YES;
				OBJROOT = build;
				OTHER_LDFLAGS = "-ObjC";
				SDKROOT = macosx;
				SYMROOT = ../../lib;
				TARGETED_DEVICE_FAMILY = "1,2";
			};
			name = Release;
		};
/* End XCBuildConfiguration section */

/* Begin XCConfigurationList section */
		1DEB921E08733DC00010E9CD /* Build configuration list for PBXNativeTarget "GHL" */ = {
			isa = XCConfigurationList;
			buildConfigurations = (
				1DEB921F08733DC00010E9CD /* Debug */,
				1DEB922008733DC00010E9CD /* Release */,
			);
			defaultConfigurationIsVisible = 0;
			defaultConfigurationName = Release;
		};
		1DEB922208733DC00010E9CD /* Build configuration list for PBXProject "GHL" */ = {
			isa = XCConfigurationList;
			buildConfigurations = (
				1DEB922308733DC00010E9CD /* Debug */,
				1DEB922408733DC00010E9CD /* Release */,
			);
			defaultConfigurationIsVisible = 0;
			defaultConfigurationName = Release;
		};
/* End XCConfigurationList section */
	};
	rootObject = 0867D690FE84028FC02AAC07 /* Project object */;
}
